
Microsoft Visual Studio Solution File, Format Version 12.00
# Visual Studio Version 16
VisualStudioVersion = 16.0.28803.352
MinimumVisualStudioVersion = 10.0.40219.1
Project("{FAE04EC0-301F-11D3-BF4B-00C04F79EFBC}") = "XF3014", "XF3014\XF3014\XF3014.csproj", "{CB2CA734-2734-47CC-AD50-8B43CEF28C21}"
EndProject
Project("{FAE04EC0-301F-11D3-BF4B-00C04F79EFBC}") = "XF3014.Android", "XF3014\XF3014.Android\XF3014.Android.csproj", "{8B725229-37F5-407E-A2E5-7C8F7670BCDD}"
EndProject
Project("{FAE04EC0-301F-11D3-BF4B-00C04F79EFBC}") = "XF3014.iOS", "XF3014\XF3014.iOS\XF3014.iOS.csproj", "{36C6E98E-0415-478D-AD4B-E82079957E53}"
EndProject
Project("{FAE04EC0-301F-11D3-BF4B-00C04F79EFBC}") = "XF3014.UWP", "XF3014\XF3014.UWP\XF3014.UWP.csproj", "{E882CCDD-1764-442C-9F97-BFE6CEB3112B}"
EndProject
Global
	GlobalSection(SolutionConfigurationPlatforms) = preSolution
		Ad-Hoc|Any CPU = Ad-Hoc|Any CPU
		Ad-Hoc|ARM = Ad-Hoc|ARM
		Ad-Hoc|iPhone = Ad-Hoc|iPhone
		Ad-Hoc|iPhoneSimulator = Ad-Hoc|iPhoneSimulator
		Ad-Hoc|x64 = Ad-Hoc|x64
		Ad-Hoc|x86 = Ad-Hoc|x86
		AppStore|Any CPU = AppStore|Any CPU
		AppStore|ARM = AppStore|ARM
		AppStore|iPhone = AppStore|iPhone
		AppStore|iPhoneSimulator = AppStore|iPhoneSimulator
		AppStore|x64 = AppStore|x64
		AppStore|x86 = AppStore|x86
		Debug|Any CPU = Debug|Any CPU
		Debug|ARM = Debug|ARM
		Debug|iPhone = Debug|iPhone
		Debug|iPhoneSimulator = Debug|iPhoneSimulator
		Debug|x64 = Debug|x64
		Debug|x86 = Debug|x86
		Release|Any CPU = Release|Any CPU
		Release|ARM = Release|ARM
		Release|iPhone = Release|iPhone
		Release|iPhoneSimulator = Release|iPhoneSimulator
		Release|x64 = Release|x64
		Release|x86 = Release|x86
	EndGlobalSection
	GlobalSection(ProjectConfigurationPlatforms) = postSolution
		{CB2CA734-2734-47CC-AD50-8B43CEF28C21}.Ad-Hoc|Any CPU.ActiveCfg = Debug|Any CPU
		{CB2CA734-2734-47CC-AD50-8B43CEF28C21}.Ad-Hoc|Any CPU.Build.0 = Debug|Any CPU
		{CB2CA734-2734-47CC-AD50-8B43CEF28C21}.Ad-Hoc|ARM.ActiveCfg = Debug|Any CPU
		{CB2CA734-2734-47CC-AD50-8B43CEF28C21}.Ad-Hoc|ARM.Build.0 = Debug|Any CPU
		{CB2CA734-2734-47CC-AD50-8B43CEF28C21}.Ad-Hoc|iPhone.ActiveCfg = Debug|Any CPU
		{CB2CA734-2734-47CC-AD50-8B43CEF28C21}.Ad-Hoc|iPhone.Build.0 = Debug|Any CPU
		{CB2CA734-2734-47CC-AD50-8B43CEF28C21}.Ad-Hoc|iPhoneSimulator.ActiveCfg = Debug|Any CPU
		{CB2CA734-2734-47CC-AD50-8B43CEF28C21}.Ad-Hoc|iPhoneSimulator.Build.0 = Debug|Any CPU
		{CB2CA734-2734-47CC-AD50-8B43CEF28C21}.Ad-Hoc|x64.ActiveCfg = Debug|Any CPU
		{CB2CA734-2734-47CC-AD50-8B43CEF28C21}.Ad-Hoc|x64.Build.0 = Debug|Any CPU
		{CB2CA734-2734-47CC-AD50-8B43CEF28C21}.Ad-Hoc|x86.ActiveCfg = Debug|Any CPU
		{CB2CA734-2734-47CC-AD50-8B43CEF28C21}.Ad-Hoc|x86.Build.0 = Debug|Any CPU
		{CB2CA734-2734-47CC-AD50-8B43CEF28C21}.AppStore|Any CPU.ActiveCfg = Debug|Any CPU
		{CB2CA734-2734-47CC-AD50-8B43CEF28C21}.AppStore|Any CPU.Build.0 = Debug|Any CPU
		{CB2CA734-2734-47CC-AD50-8B43CEF28C21}.AppStore|ARM.ActiveCfg = Debug|Any CPU
		{CB2CA734-2734-47CC-AD50-8B43CEF28C21}.AppStore|ARM.Build.0 = Debug|Any CPU
		{CB2CA734-2734-47CC-AD50-8B43CEF28C21}.AppStore|iPhone.ActiveCfg = Debug|Any CPU
		{CB2CA734-2734-47CC-AD50-8B43CEF28C21}.AppStore|iPhone.Build.0 = Debug|Any CPU
		{CB2CA734-2734-47CC-AD50-8B43CEF28C21}.AppStore|iPhoneSimulator.ActiveCfg = Debug|Any CPU
		{CB2CA734-2734-47CC-AD50-8B43CEF28C21}.AppStore|iPhoneSimulator.Build.0 = Debug|Any CPU
		{CB2CA734-2734-47CC-AD50-8B43CEF28C21}.AppStore|x64.ActiveCfg = Debug|Any CPU
		{CB2CA734-2734-47CC-AD50-8B43CEF28C21}.AppStore|x64.Build.0 = Debug|Any CPU
		{CB2CA734-2734-47CC-AD50-8B43CEF28C21}.AppStore|x86.ActiveCfg = Debug|Any CPU
		{CB2CA734-2734-47CC-AD50-8B43CEF28C21}.AppStore|x86.Build.0 = Debug|Any CPU
		{CB2CA734-2734-47CC-AD50-8B43CEF28C21}.Debug|Any CPU.ActiveCfg = Debug|Any CPU
		{CB2CA734-2734-47CC-AD50-8B43CEF28C21}.Debug|Any CPU.Build.0 = Debug|Any CPU
		{CB2CA734-2734-47CC-AD50-8B43CEF28C21}.Debug|ARM.ActiveCfg = Debug|Any CPU
		{CB2CA734-2734-47CC-AD50-8B43CEF28C21}.Debug|ARM.Build.0 = Debug|Any CPU
		{CB2CA734-2734-47CC-AD50-8B43CEF28C21}.Debug|iPhone.ActiveCfg = Debug|Any CPU
		{CB2CA734-2734-47CC-AD50-8B43CEF28C21}.Debug|iPhone.Build.0 = Debug|Any CPU
		{CB2CA734-2734-47CC-AD50-8B43CEF28C21}.Debug|iPhoneSimulator.ActiveCfg = Debug|Any CPU
		{CB2CA734-2734-47CC-AD50-8B43CEF28C21}.Debug|iPhoneSimulator.Build.0 = Debug|Any CPU
		{CB2CA734-2734-47CC-AD50-8B43CEF28C21}.Debug|x64.ActiveCfg = Debug|Any CPU
		{CB2CA734-2734-47CC-AD50-8B43CEF28C21}.Debug|x64.Build.0 = Debug|Any CPU
		{CB2CA734-2734-47CC-AD50-8B43CEF28C21}.Debug|x86.ActiveCfg = Debug|Any CPU
		{CB2CA734-2734-47CC-AD50-8B43CEF28C21}.Debug|x86.Build.0 = Debug|Any CPU
		{CB2CA734-2734-47CC-AD50-8B43CEF28C21}.Release|Any CPU.ActiveCfg = Release|Any CPU
		{CB2CA734-2734-47CC-AD50-8B43CEF28C21}.Release|Any CPU.Build.0 = Release|Any CPU
		{CB2CA734-2734-47CC-AD50-8B43CEF28C21}.Release|ARM.ActiveCfg = Release|Any CPU
		{CB2CA734-2734-47CC-AD50-8B43CEF28C21}.Release|ARM.Build.0 = Release|Any CPU
		{CB2CA734-2734-47CC-AD50-8B43CEF28C21}.Release|iPhone.ActiveCfg = Release|Any CPU
		{CB2CA734-2734-47CC-AD50-8B43CEF28C21}.Release|iPhone.Build.0 = Release|Any CPU
		{CB2CA734-2734-47CC-AD50-8B43CEF28C21}.Release|iPhoneSimulator.ActiveCfg = Release|Any CPU
		{CB2CA734-2734-47CC-AD50-8B43CEF28C21}.Release|iPhoneSimulator.Build.0 = Release|Any CPU
		{CB2CA734-2734-47CC-AD50-8B43CEF28C21}.Release|x64.ActiveCfg = Release|Any CPU
		{CB2CA734-2734-47CC-AD50-8B43CEF28C21}.Release|x64.Build.0 = Release|Any CPU
		{CB2CA734-2734-47CC-AD50-8B43CEF28C21}.Release|x86.ActiveCfg = Release|Any CPU
		{CB2CA734-2734-47CC-AD50-8B43CEF28C21}.Release|x86.Build.0 = Release|Any CPU
		{8B725229-37F5-407E-A2E5-7C8F7670BCDD}.Ad-Hoc|Any CPU.ActiveCfg = Release|Any CPU
		{8B725229-37F5-407E-A2E5-7C8F7670BCDD}.Ad-Hoc|Any CPU.Build.0 = Release|Any CPU
		{8B725229-37F5-407E-A2E5-7C8F7670BCDD}.Ad-Hoc|Any CPU.Deploy.0 = Release|Any CPU
		{8B725229-37F5-407E-A2E5-7C8F7670BCDD}.Ad-Hoc|ARM.ActiveCfg = Release|Any CPU
		{8B725229-37F5-407E-A2E5-7C8F7670BCDD}.Ad-Hoc|ARM.Build.0 = Release|Any CPU
		{8B725229-37F5-407E-A2E5-7C8F7670BCDD}.Ad-Hoc|ARM.Deploy.0 = Release|Any CPU
		{8B725229-37F5-407E-A2E5-7C8F7670BCDD}.Ad-Hoc|iPhone.ActiveCfg = Release|Any CPU
		{8B725229-37F5-407E-A2E5-7C8F7670BCDD}.Ad-Hoc|iPhone.Build.0 = Release|Any CPU
		{8B725229-37F5-407E-A2E5-7C8F7670BCDD}.Ad-Hoc|iPhone.Deploy.0 = Release|Any CPU
		{8B725229-37F5-407E-A2E5-7C8F7670BCDD}.Ad-Hoc|iPhoneSimulator.ActiveCfg = Release|Any CPU
		{8B725229-37F5-407E-A2E5-7C8F7670BCDD}.Ad-Hoc|iPhoneSimulator.Build.0 = Release|Any CPU
		{8B725229-37F5-407E-A2E5-7C8F7670BCDD}.Ad-Hoc|iPhoneSimulator.Deploy.0 = Release|Any CPU
		{8B725229-37F5-407E-A2E5-7C8F7670BCDD}.Ad-Hoc|x64.ActiveCfg = Release|Any CPU
		{8B725229-37F5-407E-A2E5-7C8F7670BCDD}.Ad-Hoc|x64.Build.0 = Release|Any CPU
		{8B725229-37F5-407E-A2E5-7C8F7670BCDD}.Ad-Hoc|x64.Deploy.0 = Release|Any CPU
		{8B725229-37F5-407E-A2E5-7C8F7670BCDD}.Ad-Hoc|x86.ActiveCfg = Release|Any CPU
		{8B725229-37F5-407E-A2E5-7C8F7670BCDD}.Ad-Hoc|x86.Build.0 = Release|Any CPU
		{8B725229-37F5-407E-A2E5-7C8F7670BCDD}.Ad-Hoc|x86.Deploy.0 = Release|Any CPU
		{8B725229-37F5-407E-A2E5-7C8F7670BCDD}.AppStore|Any CPU.ActiveCfg = Release|Any CPU
		{8B725229-37F5-407E-A2E5-7C8F7670BCDD}.AppStore|Any CPU.Build.0 = Release|Any CPU
		{8B725229-37F5-407E-A2E5-7C8F7670BCDD}.AppStore|Any CPU.Deploy.0 = Release|Any CPU
		{8B725229-37F5-407E-A2E5-7C8F7670BCDD}.AppStore|ARM.ActiveCfg = Release|Any CPU
		{8B725229-37F5-407E-A2E5-7C8F7670BCDD}.AppStore|ARM.Build.0 = Release|Any CPU
		{8B725229-37F5-407E-A2E5-7C8F7670BCDD}.AppStore|ARM.Deploy.0 = Release|Any CPU
		{8B725229-37F5-407E-A2E5-7C8F7670BCDD}.AppStore|iPhone.ActiveCfg = Release|Any CPU
		{8B725229-37F5-407E-A2E5-7C8F7670BCDD}.AppStore|iPhone.Build.0 = Release|Any CPU
		{8B725229-37F5-407E-A2E5-7C8F7670BCDD}.AppStore|iPhone.Deploy.0 = Release|Any CPU
		{8B725229-37F5-407E-A2E5-7C8F7670BCDD}.AppStore|iPhoneSimulator.ActiveCfg = Release|Any CPU
		{8B725229-37F5-407E-A2E5-7C8F7670BCDD}.AppStore|iPhoneSimulator.Build.0 = Release|Any CPU
		{8B725229-37F5-407E-A2E5-7C8F7670BCDD}.AppStore|iPhoneSimulator.Deploy.0 = Release|Any CPU
		{8B725229-37F5-407E-A2E5-7C8F7670BCDD}.AppStore|x64.ActiveCfg = Release|Any CPU
		{8B725229-37F5-407E-A2E5-7C8F7670BCDD}.AppStore|x64.Build.0 = Release|Any CPU
		{8B725229-37F5-407E-A2E5-7C8F7670BCDD}.AppStore|x64.Deploy.0 = Release|Any CPU
		{8B725229-37F5-407E-A2E5-7C8F7670BCDD}.AppStore|x86.ActiveCfg = Release|Any CPU
		{8B725229-37F5-407E-A2E5-7C8F7670BCDD}.AppStore|x86.Build.0 = Release|Any CPU
		{8B725229-37F5-407E-A2E5-7C8F7670BCDD}.AppStore|x86.Deploy.0 = Release|Any CPU
		{8B725229-37F5-407E-A2E5-7C8F7670BCDD}.Debug|Any CPU.ActiveCfg = Debug|Any CPU
		{8B725229-37F5-407E-A2E5-7C8F7670BCDD}.Debug|Any CPU.Build.0 = Debug|Any CPU
		{8B725229-37F5-407E-A2E5-7C8F7670BCDD}.Debug|Any CPU.Deploy.0 = Debug|Any CPU
		{8B725229-37F5-407E-A2E5-7C8F7670BCDD}.Debug|ARM.ActiveCfg = Debug|Any CPU
		{8B725229-37F5-407E-A2E5-7C8F7670BCDD}.Debug|ARM.Build.0 = Debug|Any CPU
		{8B725229-37F5-407E-A2E5-7C8F7670BCDD}.Debug|ARM.Deploy.0 = Debug|Any CPU
		{8B725229-37F5-407E-A2E5-7C8F7670BCDD}.Debug|iPhone.ActiveCfg = Debug|Any CPU
		{8B725229-37F5-407E-A2E5-7C8F7670BCDD}.Debug|iPhone.Build.0 = Debug|Any CPU
		{8B725229-37F5-407E-A2E5-7C8F7670BCDD}.Debug|iPhone.Deploy.0 = Debug|Any CPU
		{8B725229-37F5-407E-A2E5-7C8F7670BCDD}.Debug|iPhoneSimulator.ActiveCfg = Debug|Any CPU
		{8B725229-37F5-407E-A2E5-7C8F7670BCDD}.Debug|iPhoneSimulator.Build.0 = Debug|Any CPU
		{8B725229-37F5-407E-A2E5-7C8F7670BCDD}.Debug|iPhoneSimulator.Deploy.0 = Debug|Any CPU
		{8B725229-37F5-407E-A2E5-7C8F7670BCDD}.Debug|x64.ActiveCfg = Debug|Any CPU
		{8B725229-37F5-407E-A2E5-7C8F7670BCDD}.Debug|x64.Build.0 = Debug|Any CPU
		{8B725229-37F5-407E-A2E5-7C8F7670BCDD}.Debug|x64.Deploy.0 = Debug|Any CPU
		{8B725229-37F5-407E-A2E5-7C8F7670BCDD}.Debug|x86.ActiveCfg = Debug|Any CPU
		{8B725229-37F5-407E-A2E5-7C8F7670BCDD}.Debug|x86.Build.0 = Debug|Any CPU
		{8B725229-37F5-407E-A2E5-7C8F7670BCDD}.Debug|x86.Deploy.0 = Debug|Any CPU
		{8B725229-37F5-407E-A2E5-7C8F7670BCDD}.Release|Any CPU.ActiveCfg = Release|Any CPU
		{8B725229-37F5-407E-A2E5-7C8F7670BCDD}.Release|Any CPU.Build.0 = Release|Any CPU
		{8B725229-37F5-407E-A2E5-7C8F7670BCDD}.Release|Any CPU.Deploy.0 = Release|Any CPU
		{8B725229-37F5-407E-A2E5-7C8F7670BCDD}.Release|ARM.ActiveCfg = Release|Any CPU
		{8B725229-37F5-407E-A2E5-7C8F7670BCDD}.Release|ARM.Build.0 = Release|Any CPU
		{8B725229-37F5-407E-A2E5-7C8F7670BCDD}.Release|ARM.Deploy.0 = Release|Any CPU
		{8B725229-37F5-407E-A2E5-7C8F7670BCDD}.Release|iPhone.ActiveCfg = Release|Any CPU
		{8B725229-37F5-407E-A2E5-7C8F7670BCDD}.Release|iPhone.Build.0 = Release|Any CPU
		{8B725229-37F5-407E-A2E5-7C8F7670BCDD}.Release|iPhone.Deploy.0 = Release|Any CPU
		{8B725229-37F5-407E-A2E5-7C8F7670BCDD}.Release|iPhoneSimulator.ActiveCfg = Release|Any CPU
		{8B725229-37F5-407E-A2E5-7C8F7670BCDD}.Release|iPhoneSimulator.Build.0 = Release|Any CPU
		{8B725229-37F5-407E-A2E5-7C8F7670BCDD}.Release|iPhoneSimulator.Deploy.0 = Release|Any CPU
		{8B725229-37F5-407E-A2E5-7C8F7670BCDD}.Release|x64.ActiveCfg = Release|Any CPU
		{8B725229-37F5-407E-A2E5-7C8F7670BCDD}.Release|x64.Build.0 = Release|Any CPU
		{8B725229-37F5-407E-A2E5-7C8F7670BCDD}.Release|x64.Deploy.0 = Release|Any CPU
		{8B725229-37F5-407E-A2E5-7C8F7670BCDD}.Release|x86.ActiveCfg = Release|Any CPU
		{8B725229-37F5-407E-A2E5-7C8F7670BCDD}.Release|x86.Build.0 = Release|Any CPU
		{8B725229-37F5-407E-A2E5-7C8F7670BCDD}.Release|x86.Deploy.0 = Release|Any CPU
		{36C6E98E-0415-478D-AD4B-E82079957E53}.Ad-Hoc|Any CPU.ActiveCfg = Ad-Hoc|iPhone
		{36C6E98E-0415-478D-AD4B-E82079957E53}.Ad-Hoc|ARM.ActiveCfg = Ad-Hoc|iPhone
		{36C6E98E-0415-478D-AD4B-E82079957E53}.Ad-Hoc|iPhone.ActiveCfg = Ad-Hoc|iPhone
		{36C6E98E-0415-478D-AD4B-E82079957E53}.Ad-Hoc|iPhone.Build.0 = Ad-Hoc|iPhone
		{36C6E98E-0415-478D-AD4B-E82079957E53}.Ad-Hoc|iPhoneSimulator.ActiveCfg = Ad-Hoc|iPhoneSimulator
		{36C6E98E-0415-478D-AD4B-E82079957E53}.Ad-Hoc|iPhoneSimulator.Build.0 = Ad-Hoc|iPhoneSimulator
		{36C6E98E-0415-478D-AD4B-E82079957E53}.Ad-Hoc|x64.ActiveCfg = Ad-Hoc|iPhone
		{36C6E98E-0415-478D-AD4B-E82079957E53}.Ad-Hoc|x86.ActiveCfg = Ad-Hoc|iPhone
		{36C6E98E-0415-478D-AD4B-E82079957E53}.AppStore|Any CPU.ActiveCfg = AppStore|iPhone
		{36C6E98E-0415-478D-AD4B-E82079957E53}.AppStore|ARM.ActiveCfg = AppStore|iPhone
		{36C6E98E-0415-478D-AD4B-E82079957E53}.AppStore|iPhone.ActiveCfg = AppStore|iPhone
		{36C6E98E-0415-478D-AD4B-E82079957E53}.AppStore|iPhone.Build.0 = AppStore|iPhone
		{36C6E98E-0415-478D-AD4B-E82079957E53}.AppStore|iPhoneSimulator.ActiveCfg = AppStore|iPhoneSimulator
		{36C6E98E-0415-478D-AD4B-E82079957E53}.AppStore|iPhoneSimulator.Build.0 = AppStore|iPhoneSimulator
		{36C6E98E-0415-478D-AD4B-E82079957E53}.AppStore|x64.ActiveCfg = AppStore|iPhone
		{36C6E98E-0415-478D-AD4B-E82079957E53}.AppStore|x86.ActiveCfg = AppStore|iPhone
		{36C6E98E-0415-478D-AD4B-E82079957E53}.Debug|Any CPU.ActiveCfg = Debug|iPhone
		{36C6E98E-0415-478D-AD4B-E82079957E53}.Debug|ARM.ActiveCfg = Debug|iPhone
		{36C6E98E-0415-478D-AD4B-E82079957E53}.Debug|iPhone.ActiveCfg = Debug|iPhone
		{36C6E98E-0415-478D-AD4B-E82079957E53}.Debug|iPhone.Build.0 = Debug|iPhone
		{36C6E98E-0415-478D-AD4B-E82079957E53}.Debug|iPhoneSimulator.ActiveCfg = Debug|iPhoneSimulator
		{36C6E98E-0415-478D-AD4B-E82079957E53}.Debug|iPhoneSimulator.Build.0 = Debug|iPhoneSimulator
		{36C6E98E-0415-478D-AD4B-E82079957E53}.Debug|x64.ActiveCfg = Debug|iPhone
		{36C6E98E-0415-478D-AD4B-E82079957E53}.Debug|x86.ActiveCfg = Debug|iPhone
		{36C6E98E-0415-478D-AD4B-E82079957E53}.Release|Any CPU.ActiveCfg = Release|iPhone
		{36C6E98E-0415-478D-AD4B-E82079957E53}.Release|ARM.ActiveCfg = Release|iPhone
		{36C6E98E-0415-478D-AD4B-E82079957E53}.Release|iPhone.ActiveCfg = Release|iPhone
		{36C6E98E-0415-478D-AD4B-E82079957E53}.Release|iPhone.Build.0 = Release|iPhone
		{36C6E98E-0415-478D-AD4B-E82079957E53}.Release|iPhoneSimulator.ActiveCfg = Release|iPhoneSimulator
		{36C6E98E-0415-478D-AD4B-E82079957E53}.Release|iPhoneSimulator.Build.0 = Release|iPhoneSimulator
		{36C6E98E-0415-478D-AD4B-E82079957E53}.Release|x64.ActiveCfg = Release|iPhone
		{36C6E98E-0415-478D-AD4B-E82079957E53}.Release|x86.ActiveCfg = Release|iPhone
		{E882CCDD-1764-442C-9F97-BFE6CEB3112B}.Ad-Hoc|Any CPU.ActiveCfg = Release|x86
		{E882CCDD-1764-442C-9F97-BFE6CEB3112B}.Ad-Hoc|Any CPU.Build.0 = Release|x86
		{E882CCDD-1764-442C-9F97-BFE6CEB3112B}.Ad-Hoc|Any CPU.Deploy.0 = Release|x86
		{E882CCDD-1764-442C-9F97-BFE6CEB3112B}.Ad-Hoc|ARM.ActiveCfg = Release|ARM
		{E882CCDD-1764-442C-9F97-BFE6CEB3112B}.Ad-Hoc|ARM.Build.0 = Release|ARM
		{E882CCDD-1764-442C-9F97-BFE6CEB3112B}.Ad-Hoc|ARM.Deploy.0 = Release|ARM
		{E882CCDD-1764-442C-9F97-BFE6CEB3112B}.Ad-Hoc|iPhone.ActiveCfg = Release|x86
		{E882CCDD-1764-442C-9F97-BFE6CEB3112B}.Ad-Hoc|iPhone.Build.0 = Release|x86
		{E882CCDD-1764-442C-9F97-BFE6CEB3112B}.Ad-Hoc|iPhone.Deploy.0 = Release|x86
		{E882CCDD-1764-442C-9F97-BFE6CEB3112B}.Ad-Hoc|iPhoneSimulator.ActiveCfg = Release|x86
		{E882CCDD-1764-442C-9F97-BFE6CEB3112B}.Ad-Hoc|iPhoneSimulator.Build.0 = Release|x86
		{E882CCDD-1764-442C-9F97-BFE6CEB3112B}.Ad-Hoc|iPhoneSimulator.Deploy.0 = Release|x86
		{E882CCDD-1764-442C-9F97-BFE6CEB3112B}.Ad-Hoc|x64.ActiveCfg = Release|x64
		{E882CCDD-1764-442C-9F97-BFE6CEB3112B}.Ad-Hoc|x64.Build.0 = Release|x64
		{E882CCDD-1764-442C-9F97-BFE6CEB3112B}.Ad-Hoc|x64.Deploy.0 = Release|x64
		{E882CCDD-1764-442C-9F97-BFE6CEB3112B}.Ad-Hoc|x86.ActiveCfg = Release|x86
		{E882CCDD-1764-442C-9F97-BFE6CEB3112B}.Ad-Hoc|x86.Build.0 = Release|x86
		{E882CCDD-1764-442C-9F97-BFE6CEB3112B}.Ad-Hoc|x86.Deploy.0 = Release|x86
		{E882CCDD-1764-442C-9F97-BFE6CEB3112B}.AppStore|Any CPU.ActiveCfg = Release|x86
		{E882CCDD-1764-442C-9F97-BFE6CEB3112B}.AppStore|Any CPU.Build.0 = Release|x86
		{E882CCDD-1764-442C-9F97-BFE6CEB3112B}.AppStore|Any CPU.Deploy.0 = Release|x86
		{E882CCDD-1764-442C-9F97-BFE6CEB3112B}.AppStore|ARM.ActiveCfg = Release|ARM
		{E882CCDD-1764-442C-9F97-BFE6CEB3112B}.AppStore|ARM.Build.0 = Release|ARM
		{E882CCDD-1764-442C-9F97-BFE6CEB3112B}.AppStore|ARM.Deploy.0 = Release|ARM
		{E882CCDD-1764-442C-9F97-BFE6CEB3112B}.AppStore|iPhone.ActiveCfg = Release|x86
		{E882CCDD-1764-442C-9F97-BFE6CEB3112B}.AppStore|iPhone.Build.0 = Release|x86
		{E882CCDD-1764-442C-9F97-BFE6CEB3112B}.AppStore|iPhone.Deploy.0 = Release|x86
		{E882CCDD-1764-442C-9F97-BFE6CEB3112B}.AppStore|iPhoneSimulator.ActiveCfg = Release|x86
		{E882CCDD-1764-442C-9F97-BFE6CEB3112B}.AppStore|iPhoneSimulator.Build.0 = Release|x86
		{E882CCDD-1764-442C-9F97-BFE6CEB3112B}.AppStore|iPhoneSimulator.Deploy.0 = Release|x86
		{E882CCDD-1764-442C-9F97-BFE6CEB3112B}.AppStore|x64.ActiveCfg = Release|x64
		{E882CCDD-1764-442C-9F97-BFE6CEB3112B}.AppStore|x64.Build.0 = Release|x64
		{E882CCDD-1764-442C-9F97-BFE6CEB3112B}.AppStore|x64.Deploy.0 = Release|x64
		{E882CCDD-1764-442C-9F97-BFE6CEB3112B}.AppStore|x86.ActiveCfg = Release|x86
		{E882CCDD-1764-442C-9F97-BFE6CEB3112B}.AppStore|x86.Build.0 = Release|x86
		{E882CCDD-1764-442C-9F97-BFE6CEB3112B}.AppStore|x86.Deploy.0 = Release|x86
		{E882CCDD-1764-442C-9F97-BFE6CEB3112B}.Debug|Any CPU.ActiveCfg = Debug|x86
		{E882CCDD-1764-442C-9F97-BFE6CEB3112B}.Debug|ARM.ActiveCfg = Debug|ARM
		{E882CCDD-1764-442C-9F97-BFE6CEB3112B}.Debug|ARM.Build.0 = Debug|ARM
		{E882CCDD-1764-442C-9F97-BFE6CEB3112B}.Debug|ARM.Deploy.0 = Debug|ARM
		{E882CCDD-1764-442C-9F97-BFE6CEB3112B}.Debug|iPhone.ActiveCfg = Debug|x86
		{E882CCDD-1764-442C-9F97-BFE6CEB3112B}.Debug|iPhoneSimulator.ActiveCfg = Debug|x86
		{E882CCDD-1764-442C-9F97-BFE6CEB3112B}.Debug|x64.ActiveCfg = Debug|x64
		{E882CCDD-1764-442C-9F97-BFE6CEB3112B}.Debug|x64.Build.0 = Debug|x64
		{E882CCDD-1764-442C-9F97-BFE6CEB3112B}.Debug|x64.Deploy.0 = Debug|x64
		{E882CCDD-1764-442C-9F97-BFE6CEB3112B}.Debug|x86.ActiveCfg = Debug|x86
		{E882CCDD-1764-442C-9F97-BFE6CEB3112B}.Debug|x86.Build.0 = Debug|x86
		{E882CCDD-1764-442C-9F97-BFE6CEB3112B}.Debug|x86.Deploy.0 = Debug|x86
		{E882CCDD-1764-442C-9F97-BFE6CEB3112B}.Release|Any CPU.ActiveCfg = Release|x86
		{E882CCDD-1764-442C-9F97-BFE6CEB3112B}.Release|ARM.ActiveCfg = Release|ARM
		{E882CCDD-1764-442C-9F97-BFE6CEB3112B}.Release|ARM.Build.0 = Release|ARM
		{E882CCDD-1764-442C-9F97-BFE6CEB3112B}.Release|ARM.Deploy.0 = Release|ARM
		{E882CCDD-1764-442C-9F97-BFE6CEB3112B}.Release|iPhone.ActiveCfg = Release|x86
		{E882CCDD-1764-442C-9F97-BFE6CEB3112B}.Release|iPhoneSimulator.ActiveCfg = Release|x86
		{E882CCDD-1764-442C-9F97-BFE6CEB3112B}.Release|x64.ActiveCfg = Release|x64
		{E882CCDD-1764-442C-9F97-BFE6CEB3112B}.Release|x64.Build.0 = Release|x64
		{E882CCDD-1764-442C-9F97-BFE6CEB3112B}.Release|x64.Deploy.0 = Release|x64
		{E882CCDD-1764-442C-9F97-BFE6CEB3112B}.Release|x86.ActiveCfg = Release|x86
		{E882CCDD-1764-442C-9F97-BFE6CEB3112B}.Release|x86.Build.0 = Release|x86
		{E882CCDD-1764-442C-9F97-BFE6CEB3112B}.Release|x86.Deploy.0 = Release|x86
	EndGlobalSection
	GlobalSection(SolutionProperties) = preSolution
		HideSolutionNode = FALSE
	EndGlobalSection
	GlobalSection(ExtensibilityGlobals) = postSolution
		SolutionGuid = {80184B14-89FF-48CB-8C3E-845EB3BC35FC}
	EndGlobalSection
EndGlobal
