
Microsoft Visual Studio Solution File, Format Version 12.00
# Visual Studio Version 16
VisualStudioVersion = 16.0.29001.49
MinimumVisualStudioVersion = 10.0.40219.1
Project("{FAE04EC0-301F-11D3-BF4B-00C04F79EFBC}") = "XF7008", "XF7008\XF7008.csproj", "{3619367A-E5EA-4B36-B5F3-829ED4635D90}"
EndProject
Global
	GlobalSection(SolutionConfigurationPlatforms) = preSolution
		Debug|Any CPU = Debug|Any CPU
		Release|Any CPU = Release|Any CPU
	EndGlobalSection
	GlobalSection(ProjectConfigurationPlatforms) = postSolution
		{3619367A-E5EA-4B36-B5F3-829ED4635D90}.Debug|Any CPU.ActiveCfg = Debug|Any CPU
		{3619367A-E5EA-4B36-B5F3-829ED4635D90}.Debug|Any CPU.Build.0 = Debug|Any CPU
		{3619367A-E5EA-4B36-B5F3-829ED4635D90}.Release|Any CPU.ActiveCfg = Release|Any CPU
		{3619367A-E5EA-4B36-B5F3-829ED4635D90}.Release|Any CPU.Build.0 = Release|Any CPU
	EndGlobalSection
	GlobalSection(SolutionProperties) = preSolution
		HideSolutionNode = FALSE
	EndGlobalSection
	GlobalSection(ExtensibilityGlobals) = postSolution
		SolutionGuid = {6BA7EAC5-3EE9-493F-BB32-9722F90D47AB}
	EndGlobalSection
EndGlobal
