
Microsoft Visual Studio Solution File, Format Version 12.00
# Visual Studio Version 16
VisualStudioVersion = 16.0.28803.352
MinimumVisualStudioVersion = 10.0.40219.1
Project("{FAE04EC0-301F-11D3-BF4B-00C04F79EFBC}") = "XF4003", "XF4003\XF4003\XF4003.csproj", "{9F092CCF-2BDE-49D8-914D-EB76E28BE79F}"
EndProject
Project("{FAE04EC0-301F-11D3-BF4B-00C04F79EFBC}") = "XF4003.Android", "XF4003\XF4003.Android\XF4003.Android.csproj", "{55054924-4FD4-4CEB-A3B0-851CF4722B6A}"
EndProject
Project("{FAE04EC0-301F-11D3-BF4B-00C04F79EFBC}") = "XF4003.iOS", "XF4003\XF4003.iOS\XF4003.iOS.csproj", "{2C9767C2-6E1B-4DFB-BDE8-D9E0EEC0C492}"
EndProject
Project("{FAE04EC0-301F-11D3-BF4B-00C04F79EFBC}") = "XF4003.UWP", "XF4003\XF4003.UWP\XF4003.UWP.csproj", "{F89C0761-1B6C-4158-90BD-BB24A6848104}"
EndProject
Global
	GlobalSection(SolutionConfigurationPlatforms) = preSolution
		Ad-Hoc|Any CPU = Ad-Hoc|Any CPU
		Ad-Hoc|ARM = Ad-Hoc|ARM
		Ad-Hoc|iPhone = Ad-Hoc|iPhone
		Ad-Hoc|iPhoneSimulator = Ad-Hoc|iPhoneSimulator
		Ad-Hoc|x64 = Ad-Hoc|x64
		Ad-Hoc|x86 = Ad-Hoc|x86
		AppStore|Any CPU = AppStore|Any CPU
		AppStore|ARM = AppStore|ARM
		AppStore|iPhone = AppStore|iPhone
		AppStore|iPhoneSimulator = AppStore|iPhoneSimulator
		AppStore|x64 = AppStore|x64
		AppStore|x86 = AppStore|x86
		Debug|Any CPU = Debug|Any CPU
		Debug|ARM = Debug|ARM
		Debug|iPhone = Debug|iPhone
		Debug|iPhoneSimulator = Debug|iPhoneSimulator
		Debug|x64 = Debug|x64
		Debug|x86 = Debug|x86
		Release|Any CPU = Release|Any CPU
		Release|ARM = Release|ARM
		Release|iPhone = Release|iPhone
		Release|iPhoneSimulator = Release|iPhoneSimulator
		Release|x64 = Release|x64
		Release|x86 = Release|x86
	EndGlobalSection
	GlobalSection(ProjectConfigurationPlatforms) = postSolution
		{9F092CCF-2BDE-49D8-914D-EB76E28BE79F}.Ad-Hoc|Any CPU.ActiveCfg = Debug|Any CPU
		{9F092CCF-2BDE-49D8-914D-EB76E28BE79F}.Ad-Hoc|Any CPU.Build.0 = Debug|Any CPU
		{9F092CCF-2BDE-49D8-914D-EB76E28BE79F}.Ad-Hoc|ARM.ActiveCfg = Debug|Any CPU
		{9F092CCF-2BDE-49D8-914D-EB76E28BE79F}.Ad-Hoc|ARM.Build.0 = Debug|Any CPU
		{9F092CCF-2BDE-49D8-914D-EB76E28BE79F}.Ad-Hoc|iPhone.ActiveCfg = Debug|Any CPU
		{9F092CCF-2BDE-49D8-914D-EB76E28BE79F}.Ad-Hoc|iPhone.Build.0 = Debug|Any CPU
		{9F092CCF-2BDE-49D8-914D-EB76E28BE79F}.Ad-Hoc|iPhoneSimulator.ActiveCfg = Debug|Any CPU
		{9F092CCF-2BDE-49D8-914D-EB76E28BE79F}.Ad-Hoc|iPhoneSimulator.Build.0 = Debug|Any CPU
		{9F092CCF-2BDE-49D8-914D-EB76E28BE79F}.Ad-Hoc|x64.ActiveCfg = Debug|Any CPU
		{9F092CCF-2BDE-49D8-914D-EB76E28BE79F}.Ad-Hoc|x64.Build.0 = Debug|Any CPU
		{9F092CCF-2BDE-49D8-914D-EB76E28BE79F}.Ad-Hoc|x86.ActiveCfg = Debug|Any CPU
		{9F092CCF-2BDE-49D8-914D-EB76E28BE79F}.Ad-Hoc|x86.Build.0 = Debug|Any CPU
		{9F092CCF-2BDE-49D8-914D-EB76E28BE79F}.AppStore|Any CPU.ActiveCfg = Debug|Any CPU
		{9F092CCF-2BDE-49D8-914D-EB76E28BE79F}.AppStore|Any CPU.Build.0 = Debug|Any CPU
		{9F092CCF-2BDE-49D8-914D-EB76E28BE79F}.AppStore|ARM.ActiveCfg = Debug|Any CPU
		{9F092CCF-2BDE-49D8-914D-EB76E28BE79F}.AppStore|ARM.Build.0 = Debug|Any CPU
		{9F092CCF-2BDE-49D8-914D-EB76E28BE79F}.AppStore|iPhone.ActiveCfg = Debug|Any CPU
		{9F092CCF-2BDE-49D8-914D-EB76E28BE79F}.AppStore|iPhone.Build.0 = Debug|Any CPU
		{9F092CCF-2BDE-49D8-914D-EB76E28BE79F}.AppStore|iPhoneSimulator.ActiveCfg = Debug|Any CPU
		{9F092CCF-2BDE-49D8-914D-EB76E28BE79F}.AppStore|iPhoneSimulator.Build.0 = Debug|Any CPU
		{9F092CCF-2BDE-49D8-914D-EB76E28BE79F}.AppStore|x64.ActiveCfg = Debug|Any CPU
		{9F092CCF-2BDE-49D8-914D-EB76E28BE79F}.AppStore|x64.Build.0 = Debug|Any CPU
		{9F092CCF-2BDE-49D8-914D-EB76E28BE79F}.AppStore|x86.ActiveCfg = Debug|Any CPU
		{9F092CCF-2BDE-49D8-914D-EB76E28BE79F}.AppStore|x86.Build.0 = Debug|Any CPU
		{9F092CCF-2BDE-49D8-914D-EB76E28BE79F}.Debug|Any CPU.ActiveCfg = Debug|Any CPU
		{9F092CCF-2BDE-49D8-914D-EB76E28BE79F}.Debug|Any CPU.Build.0 = Debug|Any CPU
		{9F092CCF-2BDE-49D8-914D-EB76E28BE79F}.Debug|ARM.ActiveCfg = Debug|Any CPU
		{9F092CCF-2BDE-49D8-914D-EB76E28BE79F}.Debug|ARM.Build.0 = Debug|Any CPU
		{9F092CCF-2BDE-49D8-914D-EB76E28BE79F}.Debug|iPhone.ActiveCfg = Debug|Any CPU
		{9F092CCF-2BDE-49D8-914D-EB76E28BE79F}.Debug|iPhone.Build.0 = Debug|Any CPU
		{9F092CCF-2BDE-49D8-914D-EB76E28BE79F}.Debug|iPhoneSimulator.ActiveCfg = Debug|Any CPU
		{9F092CCF-2BDE-49D8-914D-EB76E28BE79F}.Debug|iPhoneSimulator.Build.0 = Debug|Any CPU
		{9F092CCF-2BDE-49D8-914D-EB76E28BE79F}.Debug|x64.ActiveCfg = Debug|Any CPU
		{9F092CCF-2BDE-49D8-914D-EB76E28BE79F}.Debug|x64.Build.0 = Debug|Any CPU
		{9F092CCF-2BDE-49D8-914D-EB76E28BE79F}.Debug|x86.ActiveCfg = Debug|Any CPU
		{9F092CCF-2BDE-49D8-914D-EB76E28BE79F}.Debug|x86.Build.0 = Debug|Any CPU
		{9F092CCF-2BDE-49D8-914D-EB76E28BE79F}.Release|Any CPU.ActiveCfg = Release|Any CPU
		{9F092CCF-2BDE-49D8-914D-EB76E28BE79F}.Release|Any CPU.Build.0 = Release|Any CPU
		{9F092CCF-2BDE-49D8-914D-EB76E28BE79F}.Release|ARM.ActiveCfg = Release|Any CPU
		{9F092CCF-2BDE-49D8-914D-EB76E28BE79F}.Release|ARM.Build.0 = Release|Any CPU
		{9F092CCF-2BDE-49D8-914D-EB76E28BE79F}.Release|iPhone.ActiveCfg = Release|Any CPU
		{9F092CCF-2BDE-49D8-914D-EB76E28BE79F}.Release|iPhone.Build.0 = Release|Any CPU
		{9F092CCF-2BDE-49D8-914D-EB76E28BE79F}.Release|iPhoneSimulator.ActiveCfg = Release|Any CPU
		{9F092CCF-2BDE-49D8-914D-EB76E28BE79F}.Release|iPhoneSimulator.Build.0 = Release|Any CPU
		{9F092CCF-2BDE-49D8-914D-EB76E28BE79F}.Release|x64.ActiveCfg = Release|Any CPU
		{9F092CCF-2BDE-49D8-914D-EB76E28BE79F}.Release|x64.Build.0 = Release|Any CPU
		{9F092CCF-2BDE-49D8-914D-EB76E28BE79F}.Release|x86.ActiveCfg = Release|Any CPU
		{9F092CCF-2BDE-49D8-914D-EB76E28BE79F}.Release|x86.Build.0 = Release|Any CPU
		{55054924-4FD4-4CEB-A3B0-851CF4722B6A}.Ad-Hoc|Any CPU.ActiveCfg = Release|Any CPU
		{55054924-4FD4-4CEB-A3B0-851CF4722B6A}.Ad-Hoc|Any CPU.Build.0 = Release|Any CPU
		{55054924-4FD4-4CEB-A3B0-851CF4722B6A}.Ad-Hoc|Any CPU.Deploy.0 = Release|Any CPU
		{55054924-4FD4-4CEB-A3B0-851CF4722B6A}.Ad-Hoc|ARM.ActiveCfg = Release|Any CPU
		{55054924-4FD4-4CEB-A3B0-851CF4722B6A}.Ad-Hoc|ARM.Build.0 = Release|Any CPU
		{55054924-4FD4-4CEB-A3B0-851CF4722B6A}.Ad-Hoc|ARM.Deploy.0 = Release|Any CPU
		{55054924-4FD4-4CEB-A3B0-851CF4722B6A}.Ad-Hoc|iPhone.ActiveCfg = Release|Any CPU
		{55054924-4FD4-4CEB-A3B0-851CF4722B6A}.Ad-Hoc|iPhone.Build.0 = Release|Any CPU
		{55054924-4FD4-4CEB-A3B0-851CF4722B6A}.Ad-Hoc|iPhone.Deploy.0 = Release|Any CPU
		{55054924-4FD4-4CEB-A3B0-851CF4722B6A}.Ad-Hoc|iPhoneSimulator.ActiveCfg = Release|Any CPU
		{55054924-4FD4-4CEB-A3B0-851CF4722B6A}.Ad-Hoc|iPhoneSimulator.Build.0 = Release|Any CPU
		{55054924-4FD4-4CEB-A3B0-851CF4722B6A}.Ad-Hoc|iPhoneSimulator.Deploy.0 = Release|Any CPU
		{55054924-4FD4-4CEB-A3B0-851CF4722B6A}.Ad-Hoc|x64.ActiveCfg = Release|Any CPU
		{55054924-4FD4-4CEB-A3B0-851CF4722B6A}.Ad-Hoc|x64.Build.0 = Release|Any CPU
		{55054924-4FD4-4CEB-A3B0-851CF4722B6A}.Ad-Hoc|x64.Deploy.0 = Release|Any CPU
		{55054924-4FD4-4CEB-A3B0-851CF4722B6A}.Ad-Hoc|x86.ActiveCfg = Release|Any CPU
		{55054924-4FD4-4CEB-A3B0-851CF4722B6A}.Ad-Hoc|x86.Build.0 = Release|Any CPU
		{55054924-4FD4-4CEB-A3B0-851CF4722B6A}.Ad-Hoc|x86.Deploy.0 = Release|Any CPU
		{55054924-4FD4-4CEB-A3B0-851CF4722B6A}.AppStore|Any CPU.ActiveCfg = Release|Any CPU
		{55054924-4FD4-4CEB-A3B0-851CF4722B6A}.AppStore|Any CPU.Build.0 = Release|Any CPU
		{55054924-4FD4-4CEB-A3B0-851CF4722B6A}.AppStore|Any CPU.Deploy.0 = Release|Any CPU
		{55054924-4FD4-4CEB-A3B0-851CF4722B6A}.AppStore|ARM.ActiveCfg = Release|Any CPU
		{55054924-4FD4-4CEB-A3B0-851CF4722B6A}.AppStore|ARM.Build.0 = Release|Any CPU
		{55054924-4FD4-4CEB-A3B0-851CF4722B6A}.AppStore|ARM.Deploy.0 = Release|Any CPU
		{55054924-4FD4-4CEB-A3B0-851CF4722B6A}.AppStore|iPhone.ActiveCfg = Release|Any CPU
		{55054924-4FD4-4CEB-A3B0-851CF4722B6A}.AppStore|iPhone.Build.0 = Release|Any CPU
		{55054924-4FD4-4CEB-A3B0-851CF4722B6A}.AppStore|iPhone.Deploy.0 = Release|Any CPU
		{55054924-4FD4-4CEB-A3B0-851CF4722B6A}.AppStore|iPhoneSimulator.ActiveCfg = Release|Any CPU
		{55054924-4FD4-4CEB-A3B0-851CF4722B6A}.AppStore|iPhoneSimulator.Build.0 = Release|Any CPU
		{55054924-4FD4-4CEB-A3B0-851CF4722B6A}.AppStore|iPhoneSimulator.Deploy.0 = Release|Any CPU
		{55054924-4FD4-4CEB-A3B0-851CF4722B6A}.AppStore|x64.ActiveCfg = Release|Any CPU
		{55054924-4FD4-4CEB-A3B0-851CF4722B6A}.AppStore|x64.Build.0 = Release|Any CPU
		{55054924-4FD4-4CEB-A3B0-851CF4722B6A}.AppStore|x64.Deploy.0 = Release|Any CPU
		{55054924-4FD4-4CEB-A3B0-851CF4722B6A}.AppStore|x86.ActiveCfg = Release|Any CPU
		{55054924-4FD4-4CEB-A3B0-851CF4722B6A}.AppStore|x86.Build.0 = Release|Any CPU
		{55054924-4FD4-4CEB-A3B0-851CF4722B6A}.AppStore|x86.Deploy.0 = Release|Any CPU
		{55054924-4FD4-4CEB-A3B0-851CF4722B6A}.Debug|Any CPU.ActiveCfg = Debug|Any CPU
		{55054924-4FD4-4CEB-A3B0-851CF4722B6A}.Debug|Any CPU.Build.0 = Debug|Any CPU
		{55054924-4FD4-4CEB-A3B0-851CF4722B6A}.Debug|Any CPU.Deploy.0 = Debug|Any CPU
		{55054924-4FD4-4CEB-A3B0-851CF4722B6A}.Debug|ARM.ActiveCfg = Debug|Any CPU
		{55054924-4FD4-4CEB-A3B0-851CF4722B6A}.Debug|ARM.Build.0 = Debug|Any CPU
		{55054924-4FD4-4CEB-A3B0-851CF4722B6A}.Debug|ARM.Deploy.0 = Debug|Any CPU
		{55054924-4FD4-4CEB-A3B0-851CF4722B6A}.Debug|iPhone.ActiveCfg = Debug|Any CPU
		{55054924-4FD4-4CEB-A3B0-851CF4722B6A}.Debug|iPhone.Build.0 = Debug|Any CPU
		{55054924-4FD4-4CEB-A3B0-851CF4722B6A}.Debug|iPhone.Deploy.0 = Debug|Any CPU
		{55054924-4FD4-4CEB-A3B0-851CF4722B6A}.Debug|iPhoneSimulator.ActiveCfg = Debug|Any CPU
		{55054924-4FD4-4CEB-A3B0-851CF4722B6A}.Debug|iPhoneSimulator.Build.0 = Debug|Any CPU
		{55054924-4FD4-4CEB-A3B0-851CF4722B6A}.Debug|iPhoneSimulator.Deploy.0 = Debug|Any CPU
		{55054924-4FD4-4CEB-A3B0-851CF4722B6A}.Debug|x64.ActiveCfg = Debug|Any CPU
		{55054924-4FD4-4CEB-A3B0-851CF4722B6A}.Debug|x64.Build.0 = Debug|Any CPU
		{55054924-4FD4-4CEB-A3B0-851CF4722B6A}.Debug|x64.Deploy.0 = Debug|Any CPU
		{55054924-4FD4-4CEB-A3B0-851CF4722B6A}.Debug|x86.ActiveCfg = Debug|Any CPU
		{55054924-4FD4-4CEB-A3B0-851CF4722B6A}.Debug|x86.Build.0 = Debug|Any CPU
		{55054924-4FD4-4CEB-A3B0-851CF4722B6A}.Debug|x86.Deploy.0 = Debug|Any CPU
		{55054924-4FD4-4CEB-A3B0-851CF4722B6A}.Release|Any CPU.ActiveCfg = Release|Any CPU
		{55054924-4FD4-4CEB-A3B0-851CF4722B6A}.Release|Any CPU.Build.0 = Release|Any CPU
		{55054924-4FD4-4CEB-A3B0-851CF4722B6A}.Release|Any CPU.Deploy.0 = Release|Any CPU
		{55054924-4FD4-4CEB-A3B0-851CF4722B6A}.Release|ARM.ActiveCfg = Release|Any CPU
		{55054924-4FD4-4CEB-A3B0-851CF4722B6A}.Release|ARM.Build.0 = Release|Any CPU
		{55054924-4FD4-4CEB-A3B0-851CF4722B6A}.Release|ARM.Deploy.0 = Release|Any CPU
		{55054924-4FD4-4CEB-A3B0-851CF4722B6A}.Release|iPhone.ActiveCfg = Release|Any CPU
		{55054924-4FD4-4CEB-A3B0-851CF4722B6A}.Release|iPhone.Build.0 = Release|Any CPU
		{55054924-4FD4-4CEB-A3B0-851CF4722B6A}.Release|iPhone.Deploy.0 = Release|Any CPU
		{55054924-4FD4-4CEB-A3B0-851CF4722B6A}.Release|iPhoneSimulator.ActiveCfg = Release|Any CPU
		{55054924-4FD4-4CEB-A3B0-851CF4722B6A}.Release|iPhoneSimulator.Build.0 = Release|Any CPU
		{55054924-4FD4-4CEB-A3B0-851CF4722B6A}.Release|iPhoneSimulator.Deploy.0 = Release|Any CPU
		{55054924-4FD4-4CEB-A3B0-851CF4722B6A}.Release|x64.ActiveCfg = Release|Any CPU
		{55054924-4FD4-4CEB-A3B0-851CF4722B6A}.Release|x64.Build.0 = Release|Any CPU
		{55054924-4FD4-4CEB-A3B0-851CF4722B6A}.Release|x64.Deploy.0 = Release|Any CPU
		{55054924-4FD4-4CEB-A3B0-851CF4722B6A}.Release|x86.ActiveCfg = Release|Any CPU
		{55054924-4FD4-4CEB-A3B0-851CF4722B6A}.Release|x86.Build.0 = Release|Any CPU
		{55054924-4FD4-4CEB-A3B0-851CF4722B6A}.Release|x86.Deploy.0 = Release|Any CPU
		{2C9767C2-6E1B-4DFB-BDE8-D9E0EEC0C492}.Ad-Hoc|Any CPU.ActiveCfg = Ad-Hoc|iPhone
		{2C9767C2-6E1B-4DFB-BDE8-D9E0EEC0C492}.Ad-Hoc|ARM.ActiveCfg = Ad-Hoc|iPhone
		{2C9767C2-6E1B-4DFB-BDE8-D9E0EEC0C492}.Ad-Hoc|iPhone.ActiveCfg = Ad-Hoc|iPhone
		{2C9767C2-6E1B-4DFB-BDE8-D9E0EEC0C492}.Ad-Hoc|iPhone.Build.0 = Ad-Hoc|iPhone
		{2C9767C2-6E1B-4DFB-BDE8-D9E0EEC0C492}.Ad-Hoc|iPhoneSimulator.ActiveCfg = Ad-Hoc|iPhoneSimulator
		{2C9767C2-6E1B-4DFB-BDE8-D9E0EEC0C492}.Ad-Hoc|iPhoneSimulator.Build.0 = Ad-Hoc|iPhoneSimulator
		{2C9767C2-6E1B-4DFB-BDE8-D9E0EEC0C492}.Ad-Hoc|x64.ActiveCfg = Ad-Hoc|iPhone
		{2C9767C2-6E1B-4DFB-BDE8-D9E0EEC0C492}.Ad-Hoc|x86.ActiveCfg = Ad-Hoc|iPhone
		{2C9767C2-6E1B-4DFB-BDE8-D9E0EEC0C492}.AppStore|Any CPU.ActiveCfg = AppStore|iPhone
		{2C9767C2-6E1B-4DFB-BDE8-D9E0EEC0C492}.AppStore|ARM.ActiveCfg = AppStore|iPhone
		{2C9767C2-6E1B-4DFB-BDE8-D9E0EEC0C492}.AppStore|iPhone.ActiveCfg = AppStore|iPhone
		{2C9767C2-6E1B-4DFB-BDE8-D9E0EEC0C492}.AppStore|iPhone.Build.0 = AppStore|iPhone
		{2C9767C2-6E1B-4DFB-BDE8-D9E0EEC0C492}.AppStore|iPhoneSimulator.ActiveCfg = AppStore|iPhoneSimulator
		{2C9767C2-6E1B-4DFB-BDE8-D9E0EEC0C492}.AppStore|iPhoneSimulator.Build.0 = AppStore|iPhoneSimulator
		{2C9767C2-6E1B-4DFB-BDE8-D9E0EEC0C492}.AppStore|x64.ActiveCfg = AppStore|iPhone
		{2C9767C2-6E1B-4DFB-BDE8-D9E0EEC0C492}.AppStore|x86.ActiveCfg = AppStore|iPhone
		{2C9767C2-6E1B-4DFB-BDE8-D9E0EEC0C492}.Debug|Any CPU.ActiveCfg = Debug|iPhone
		{2C9767C2-6E1B-4DFB-BDE8-D9E0EEC0C492}.Debug|ARM.ActiveCfg = Debug|iPhone
		{2C9767C2-6E1B-4DFB-BDE8-D9E0EEC0C492}.Debug|iPhone.ActiveCfg = Debug|iPhone
		{2C9767C2-6E1B-4DFB-BDE8-D9E0EEC0C492}.Debug|iPhone.Build.0 = Debug|iPhone
		{2C9767C2-6E1B-4DFB-BDE8-D9E0EEC0C492}.Debug|iPhoneSimulator.ActiveCfg = Debug|iPhoneSimulator
		{2C9767C2-6E1B-4DFB-BDE8-D9E0EEC0C492}.Debug|iPhoneSimulator.Build.0 = Debug|iPhoneSimulator
		{2C9767C2-6E1B-4DFB-BDE8-D9E0EEC0C492}.Debug|x64.ActiveCfg = Debug|iPhone
		{2C9767C2-6E1B-4DFB-BDE8-D9E0EEC0C492}.Debug|x86.ActiveCfg = Debug|iPhone
		{2C9767C2-6E1B-4DFB-BDE8-D9E0EEC0C492}.Release|Any CPU.ActiveCfg = Release|iPhone
		{2C9767C2-6E1B-4DFB-BDE8-D9E0EEC0C492}.Release|ARM.ActiveCfg = Release|iPhone
		{2C9767C2-6E1B-4DFB-BDE8-D9E0EEC0C492}.Release|iPhone.ActiveCfg = Release|iPhone
		{2C9767C2-6E1B-4DFB-BDE8-D9E0EEC0C492}.Release|iPhone.Build.0 = Release|iPhone
		{2C9767C2-6E1B-4DFB-BDE8-D9E0EEC0C492}.Release|iPhoneSimulator.ActiveCfg = Release|iPhoneSimulator
		{2C9767C2-6E1B-4DFB-BDE8-D9E0EEC0C492}.Release|iPhoneSimulator.Build.0 = Release|iPhoneSimulator
		{2C9767C2-6E1B-4DFB-BDE8-D9E0EEC0C492}.Release|x64.ActiveCfg = Release|iPhone
		{2C9767C2-6E1B-4DFB-BDE8-D9E0EEC0C492}.Release|x86.ActiveCfg = Release|iPhone
		{F89C0761-1B6C-4158-90BD-BB24A6848104}.Ad-Hoc|Any CPU.ActiveCfg = Release|x86
		{F89C0761-1B6C-4158-90BD-BB24A6848104}.Ad-Hoc|Any CPU.Build.0 = Release|x86
		{F89C0761-1B6C-4158-90BD-BB24A6848104}.Ad-Hoc|Any CPU.Deploy.0 = Release|x86
		{F89C0761-1B6C-4158-90BD-BB24A6848104}.Ad-Hoc|ARM.ActiveCfg = Release|ARM
		{F89C0761-1B6C-4158-90BD-BB24A6848104}.Ad-Hoc|ARM.Build.0 = Release|ARM
		{F89C0761-1B6C-4158-90BD-BB24A6848104}.Ad-Hoc|ARM.Deploy.0 = Release|ARM
		{F89C0761-1B6C-4158-90BD-BB24A6848104}.Ad-Hoc|iPhone.ActiveCfg = Release|x86
		{F89C0761-1B6C-4158-90BD-BB24A6848104}.Ad-Hoc|iPhone.Build.0 = Release|x86
		{F89C0761-1B6C-4158-90BD-BB24A6848104}.Ad-Hoc|iPhone.Deploy.0 = Release|x86
		{F89C0761-1B6C-4158-90BD-BB24A6848104}.Ad-Hoc|iPhoneSimulator.ActiveCfg = Release|x86
		{F89C0761-1B6C-4158-90BD-BB24A6848104}.Ad-Hoc|iPhoneSimulator.Build.0 = Release|x86
		{F89C0761-1B6C-4158-90BD-BB24A6848104}.Ad-Hoc|iPhoneSimulator.Deploy.0 = Release|x86
		{F89C0761-1B6C-4158-90BD-BB24A6848104}.Ad-Hoc|x64.ActiveCfg = Release|x64
		{F89C0761-1B6C-4158-90BD-BB24A6848104}.Ad-Hoc|x64.Build.0 = Release|x64
		{F89C0761-1B6C-4158-90BD-BB24A6848104}.Ad-Hoc|x64.Deploy.0 = Release|x64
		{F89C0761-1B6C-4158-90BD-BB24A6848104}.Ad-Hoc|x86.ActiveCfg = Release|x86
		{F89C0761-1B6C-4158-90BD-BB24A6848104}.Ad-Hoc|x86.Build.0 = Release|x86
		{F89C0761-1B6C-4158-90BD-BB24A6848104}.Ad-Hoc|x86.Deploy.0 = Release|x86
		{F89C0761-1B6C-4158-90BD-BB24A6848104}.AppStore|Any CPU.ActiveCfg = Release|x86
		{F89C0761-1B6C-4158-90BD-BB24A6848104}.AppStore|Any CPU.Build.0 = Release|x86
		{F89C0761-1B6C-4158-90BD-BB24A6848104}.AppStore|Any CPU.Deploy.0 = Release|x86
		{F89C0761-1B6C-4158-90BD-BB24A6848104}.AppStore|ARM.ActiveCfg = Release|ARM
		{F89C0761-1B6C-4158-90BD-BB24A6848104}.AppStore|ARM.Build.0 = Release|ARM
		{F89C0761-1B6C-4158-90BD-BB24A6848104}.AppStore|ARM.Deploy.0 = Release|ARM
		{F89C0761-1B6C-4158-90BD-BB24A6848104}.AppStore|iPhone.ActiveCfg = Release|x86
		{F89C0761-1B6C-4158-90BD-BB24A6848104}.AppStore|iPhone.Build.0 = Release|x86
		{F89C0761-1B6C-4158-90BD-BB24A6848104}.AppStore|iPhone.Deploy.0 = Release|x86
		{F89C0761-1B6C-4158-90BD-BB24A6848104}.AppStore|iPhoneSimulator.ActiveCfg = Release|x86
		{F89C0761-1B6C-4158-90BD-BB24A6848104}.AppStore|iPhoneSimulator.Build.0 = Release|x86
		{F89C0761-1B6C-4158-90BD-BB24A6848104}.AppStore|iPhoneSimulator.Deploy.0 = Release|x86
		{F89C0761-1B6C-4158-90BD-BB24A6848104}.AppStore|x64.ActiveCfg = Release|x64
		{F89C0761-1B6C-4158-90BD-BB24A6848104}.AppStore|x64.Build.0 = Release|x64
		{F89C0761-1B6C-4158-90BD-BB24A6848104}.AppStore|x64.Deploy.0 = Release|x64
		{F89C0761-1B6C-4158-90BD-BB24A6848104}.AppStore|x86.ActiveCfg = Release|x86
		{F89C0761-1B6C-4158-90BD-BB24A6848104}.AppStore|x86.Build.0 = Release|x86
		{F89C0761-1B6C-4158-90BD-BB24A6848104}.AppStore|x86.Deploy.0 = Release|x86
		{F89C0761-1B6C-4158-90BD-BB24A6848104}.Debug|Any CPU.ActiveCfg = Debug|x86
		{F89C0761-1B6C-4158-90BD-BB24A6848104}.Debug|ARM.ActiveCfg = Debug|ARM
		{F89C0761-1B6C-4158-90BD-BB24A6848104}.Debug|ARM.Build.0 = Debug|ARM
		{F89C0761-1B6C-4158-90BD-BB24A6848104}.Debug|ARM.Deploy.0 = Debug|ARM
		{F89C0761-1B6C-4158-90BD-BB24A6848104}.Debug|iPhone.ActiveCfg = Debug|x86
		{F89C0761-1B6C-4158-90BD-BB24A6848104}.Debug|iPhoneSimulator.ActiveCfg = Debug|x86
		{F89C0761-1B6C-4158-90BD-BB24A6848104}.Debug|x64.ActiveCfg = Debug|x64
		{F89C0761-1B6C-4158-90BD-BB24A6848104}.Debug|x64.Build.0 = Debug|x64
		{F89C0761-1B6C-4158-90BD-BB24A6848104}.Debug|x64.Deploy.0 = Debug|x64
		{F89C0761-1B6C-4158-90BD-BB24A6848104}.Debug|x86.ActiveCfg = Debug|x86
		{F89C0761-1B6C-4158-90BD-BB24A6848104}.Debug|x86.Build.0 = Debug|x86
		{F89C0761-1B6C-4158-90BD-BB24A6848104}.Debug|x86.Deploy.0 = Debug|x86
		{F89C0761-1B6C-4158-90BD-BB24A6848104}.Release|Any CPU.ActiveCfg = Release|x86
		{F89C0761-1B6C-4158-90BD-BB24A6848104}.Release|ARM.ActiveCfg = Release|ARM
		{F89C0761-1B6C-4158-90BD-BB24A6848104}.Release|ARM.Build.0 = Release|ARM
		{F89C0761-1B6C-4158-90BD-BB24A6848104}.Release|ARM.Deploy.0 = Release|ARM
		{F89C0761-1B6C-4158-90BD-BB24A6848104}.Release|iPhone.ActiveCfg = Release|x86
		{F89C0761-1B6C-4158-90BD-BB24A6848104}.Release|iPhoneSimulator.ActiveCfg = Release|x86
		{F89C0761-1B6C-4158-90BD-BB24A6848104}.Release|x64.ActiveCfg = Release|x64
		{F89C0761-1B6C-4158-90BD-BB24A6848104}.Release|x64.Build.0 = Release|x64
		{F89C0761-1B6C-4158-90BD-BB24A6848104}.Release|x64.Deploy.0 = Release|x64
		{F89C0761-1B6C-4158-90BD-BB24A6848104}.Release|x86.ActiveCfg = Release|x86
		{F89C0761-1B6C-4158-90BD-BB24A6848104}.Release|x86.Build.0 = Release|x86
		{F89C0761-1B6C-4158-90BD-BB24A6848104}.Release|x86.Deploy.0 = Release|x86
	EndGlobalSection
	GlobalSection(SolutionProperties) = preSolution
		HideSolutionNode = FALSE
	EndGlobalSection
	GlobalSection(ExtensibilityGlobals) = postSolution
		SolutionGuid = {ABD6C6B2-68B6-420C-86D3-65069799FC82}
	EndGlobalSection
EndGlobal
