
Microsoft Visual Studio Solution File, Format Version 12.00
# Visual Studio Version 16
VisualStudioVersion = 16.0.28803.452
MinimumVisualStudioVersion = 10.0.40219.1
Project("{FAE04EC0-301F-11D3-BF4B-00C04F79EFBC}") = "XF5005", "XF5005\XF5005\XF5005.csproj", "{A7615819-BD22-4073-A9DB-2E7C0447E60D}"
EndProject
Project("{FAE04EC0-301F-11D3-BF4B-00C04F79EFBC}") = "XF5005.Android", "XF5005\XF5005.Android\XF5005.Android.csproj", "{1274C72D-9F02-46A6-B408-05A642C92DAC}"
EndProject
Project("{FAE04EC0-301F-11D3-BF4B-00C04F79EFBC}") = "XF5005.iOS", "XF5005\XF5005.iOS\XF5005.iOS.csproj", "{4B2B1F32-AFC7-402A-8559-AA4BC5BFF49C}"
EndProject
Project("{FAE04EC0-301F-11D3-BF4B-00C04F79EFBC}") = "XF5005.UWP", "XF5005\XF5005.UWP\XF5005.UWP.csproj", "{2D3A2068-D0ED-4F25-89B9-F902D75BFA6D}"
EndProject
Global
	GlobalSection(SolutionConfigurationPlatforms) = preSolution
		Ad-Hoc|Any CPU = Ad-Hoc|Any CPU
		Ad-Hoc|ARM = Ad-Hoc|ARM
		Ad-Hoc|iPhone = Ad-Hoc|iPhone
		Ad-Hoc|iPhoneSimulator = Ad-Hoc|iPhoneSimulator
		Ad-Hoc|x64 = Ad-Hoc|x64
		Ad-Hoc|x86 = Ad-Hoc|x86
		AppStore|Any CPU = AppStore|Any CPU
		AppStore|ARM = AppStore|ARM
		AppStore|iPhone = AppStore|iPhone
		AppStore|iPhoneSimulator = AppStore|iPhoneSimulator
		AppStore|x64 = AppStore|x64
		AppStore|x86 = AppStore|x86
		Debug|Any CPU = Debug|Any CPU
		Debug|ARM = Debug|ARM
		Debug|iPhone = Debug|iPhone
		Debug|iPhoneSimulator = Debug|iPhoneSimulator
		Debug|x64 = Debug|x64
		Debug|x86 = Debug|x86
		Release|Any CPU = Release|Any CPU
		Release|ARM = Release|ARM
		Release|iPhone = Release|iPhone
		Release|iPhoneSimulator = Release|iPhoneSimulator
		Release|x64 = Release|x64
		Release|x86 = Release|x86
	EndGlobalSection
	GlobalSection(ProjectConfigurationPlatforms) = postSolution
		{A7615819-BD22-4073-A9DB-2E7C0447E60D}.Ad-Hoc|Any CPU.ActiveCfg = Debug|Any CPU
		{A7615819-BD22-4073-A9DB-2E7C0447E60D}.Ad-Hoc|Any CPU.Build.0 = Debug|Any CPU
		{A7615819-BD22-4073-A9DB-2E7C0447E60D}.Ad-Hoc|ARM.ActiveCfg = Debug|Any CPU
		{A7615819-BD22-4073-A9DB-2E7C0447E60D}.Ad-Hoc|ARM.Build.0 = Debug|Any CPU
		{A7615819-BD22-4073-A9DB-2E7C0447E60D}.Ad-Hoc|iPhone.ActiveCfg = Debug|Any CPU
		{A7615819-BD22-4073-A9DB-2E7C0447E60D}.Ad-Hoc|iPhone.Build.0 = Debug|Any CPU
		{A7615819-BD22-4073-A9DB-2E7C0447E60D}.Ad-Hoc|iPhoneSimulator.ActiveCfg = Debug|Any CPU
		{A7615819-BD22-4073-A9DB-2E7C0447E60D}.Ad-Hoc|iPhoneSimulator.Build.0 = Debug|Any CPU
		{A7615819-BD22-4073-A9DB-2E7C0447E60D}.Ad-Hoc|x64.ActiveCfg = Debug|Any CPU
		{A7615819-BD22-4073-A9DB-2E7C0447E60D}.Ad-Hoc|x64.Build.0 = Debug|Any CPU
		{A7615819-BD22-4073-A9DB-2E7C0447E60D}.Ad-Hoc|x86.ActiveCfg = Debug|Any CPU
		{A7615819-BD22-4073-A9DB-2E7C0447E60D}.Ad-Hoc|x86.Build.0 = Debug|Any CPU
		{A7615819-BD22-4073-A9DB-2E7C0447E60D}.AppStore|Any CPU.ActiveCfg = Debug|Any CPU
		{A7615819-BD22-4073-A9DB-2E7C0447E60D}.AppStore|Any CPU.Build.0 = Debug|Any CPU
		{A7615819-BD22-4073-A9DB-2E7C0447E60D}.AppStore|ARM.ActiveCfg = Debug|Any CPU
		{A7615819-BD22-4073-A9DB-2E7C0447E60D}.AppStore|ARM.Build.0 = Debug|Any CPU
		{A7615819-BD22-4073-A9DB-2E7C0447E60D}.AppStore|iPhone.ActiveCfg = Debug|Any CPU
		{A7615819-BD22-4073-A9DB-2E7C0447E60D}.AppStore|iPhone.Build.0 = Debug|Any CPU
		{A7615819-BD22-4073-A9DB-2E7C0447E60D}.AppStore|iPhoneSimulator.ActiveCfg = Debug|Any CPU
		{A7615819-BD22-4073-A9DB-2E7C0447E60D}.AppStore|iPhoneSimulator.Build.0 = Debug|Any CPU
		{A7615819-BD22-4073-A9DB-2E7C0447E60D}.AppStore|x64.ActiveCfg = Debug|Any CPU
		{A7615819-BD22-4073-A9DB-2E7C0447E60D}.AppStore|x64.Build.0 = Debug|Any CPU
		{A7615819-BD22-4073-A9DB-2E7C0447E60D}.AppStore|x86.ActiveCfg = Debug|Any CPU
		{A7615819-BD22-4073-A9DB-2E7C0447E60D}.AppStore|x86.Build.0 = Debug|Any CPU
		{A7615819-BD22-4073-A9DB-2E7C0447E60D}.Debug|Any CPU.ActiveCfg = Debug|Any CPU
		{A7615819-BD22-4073-A9DB-2E7C0447E60D}.Debug|Any CPU.Build.0 = Debug|Any CPU
		{A7615819-BD22-4073-A9DB-2E7C0447E60D}.Debug|ARM.ActiveCfg = Debug|Any CPU
		{A7615819-BD22-4073-A9DB-2E7C0447E60D}.Debug|ARM.Build.0 = Debug|Any CPU
		{A7615819-BD22-4073-A9DB-2E7C0447E60D}.Debug|iPhone.ActiveCfg = Debug|Any CPU
		{A7615819-BD22-4073-A9DB-2E7C0447E60D}.Debug|iPhone.Build.0 = Debug|Any CPU
		{A7615819-BD22-4073-A9DB-2E7C0447E60D}.Debug|iPhoneSimulator.ActiveCfg = Debug|Any CPU
		{A7615819-BD22-4073-A9DB-2E7C0447E60D}.Debug|iPhoneSimulator.Build.0 = Debug|Any CPU
		{A7615819-BD22-4073-A9DB-2E7C0447E60D}.Debug|x64.ActiveCfg = Debug|Any CPU
		{A7615819-BD22-4073-A9DB-2E7C0447E60D}.Debug|x64.Build.0 = Debug|Any CPU
		{A7615819-BD22-4073-A9DB-2E7C0447E60D}.Debug|x86.ActiveCfg = Debug|Any CPU
		{A7615819-BD22-4073-A9DB-2E7C0447E60D}.Debug|x86.Build.0 = Debug|Any CPU
		{A7615819-BD22-4073-A9DB-2E7C0447E60D}.Release|Any CPU.ActiveCfg = Release|Any CPU
		{A7615819-BD22-4073-A9DB-2E7C0447E60D}.Release|Any CPU.Build.0 = Release|Any CPU
		{A7615819-BD22-4073-A9DB-2E7C0447E60D}.Release|ARM.ActiveCfg = Release|Any CPU
		{A7615819-BD22-4073-A9DB-2E7C0447E60D}.Release|ARM.Build.0 = Release|Any CPU
		{A7615819-BD22-4073-A9DB-2E7C0447E60D}.Release|iPhone.ActiveCfg = Release|Any CPU
		{A7615819-BD22-4073-A9DB-2E7C0447E60D}.Release|iPhone.Build.0 = Release|Any CPU
		{A7615819-BD22-4073-A9DB-2E7C0447E60D}.Release|iPhoneSimulator.ActiveCfg = Release|Any CPU
		{A7615819-BD22-4073-A9DB-2E7C0447E60D}.Release|iPhoneSimulator.Build.0 = Release|Any CPU
		{A7615819-BD22-4073-A9DB-2E7C0447E60D}.Release|x64.ActiveCfg = Release|Any CPU
		{A7615819-BD22-4073-A9DB-2E7C0447E60D}.Release|x64.Build.0 = Release|Any CPU
		{A7615819-BD22-4073-A9DB-2E7C0447E60D}.Release|x86.ActiveCfg = Release|Any CPU
		{A7615819-BD22-4073-A9DB-2E7C0447E60D}.Release|x86.Build.0 = Release|Any CPU
		{1274C72D-9F02-46A6-B408-05A642C92DAC}.Ad-Hoc|Any CPU.ActiveCfg = Release|Any CPU
		{1274C72D-9F02-46A6-B408-05A642C92DAC}.Ad-Hoc|Any CPU.Build.0 = Release|Any CPU
		{1274C72D-9F02-46A6-B408-05A642C92DAC}.Ad-Hoc|Any CPU.Deploy.0 = Release|Any CPU
		{1274C72D-9F02-46A6-B408-05A642C92DAC}.Ad-Hoc|ARM.ActiveCfg = Release|Any CPU
		{1274C72D-9F02-46A6-B408-05A642C92DAC}.Ad-Hoc|ARM.Build.0 = Release|Any CPU
		{1274C72D-9F02-46A6-B408-05A642C92DAC}.Ad-Hoc|ARM.Deploy.0 = Release|Any CPU
		{1274C72D-9F02-46A6-B408-05A642C92DAC}.Ad-Hoc|iPhone.ActiveCfg = Release|Any CPU
		{1274C72D-9F02-46A6-B408-05A642C92DAC}.Ad-Hoc|iPhone.Build.0 = Release|Any CPU
		{1274C72D-9F02-46A6-B408-05A642C92DAC}.Ad-Hoc|iPhone.Deploy.0 = Release|Any CPU
		{1274C72D-9F02-46A6-B408-05A642C92DAC}.Ad-Hoc|iPhoneSimulator.ActiveCfg = Release|Any CPU
		{1274C72D-9F02-46A6-B408-05A642C92DAC}.Ad-Hoc|iPhoneSimulator.Build.0 = Release|Any CPU
		{1274C72D-9F02-46A6-B408-05A642C92DAC}.Ad-Hoc|iPhoneSimulator.Deploy.0 = Release|Any CPU
		{1274C72D-9F02-46A6-B408-05A642C92DAC}.Ad-Hoc|x64.ActiveCfg = Release|Any CPU
		{1274C72D-9F02-46A6-B408-05A642C92DAC}.Ad-Hoc|x64.Build.0 = Release|Any CPU
		{1274C72D-9F02-46A6-B408-05A642C92DAC}.Ad-Hoc|x64.Deploy.0 = Release|Any CPU
		{1274C72D-9F02-46A6-B408-05A642C92DAC}.Ad-Hoc|x86.ActiveCfg = Release|Any CPU
		{1274C72D-9F02-46A6-B408-05A642C92DAC}.Ad-Hoc|x86.Build.0 = Release|Any CPU
		{1274C72D-9F02-46A6-B408-05A642C92DAC}.Ad-Hoc|x86.Deploy.0 = Release|Any CPU
		{1274C72D-9F02-46A6-B408-05A642C92DAC}.AppStore|Any CPU.ActiveCfg = Release|Any CPU
		{1274C72D-9F02-46A6-B408-05A642C92DAC}.AppStore|Any CPU.Build.0 = Release|Any CPU
		{1274C72D-9F02-46A6-B408-05A642C92DAC}.AppStore|Any CPU.Deploy.0 = Release|Any CPU
		{1274C72D-9F02-46A6-B408-05A642C92DAC}.AppStore|ARM.ActiveCfg = Release|Any CPU
		{1274C72D-9F02-46A6-B408-05A642C92DAC}.AppStore|ARM.Build.0 = Release|Any CPU
		{1274C72D-9F02-46A6-B408-05A642C92DAC}.AppStore|ARM.Deploy.0 = Release|Any CPU
		{1274C72D-9F02-46A6-B408-05A642C92DAC}.AppStore|iPhone.ActiveCfg = Release|Any CPU
		{1274C72D-9F02-46A6-B408-05A642C92DAC}.AppStore|iPhone.Build.0 = Release|Any CPU
		{1274C72D-9F02-46A6-B408-05A642C92DAC}.AppStore|iPhone.Deploy.0 = Release|Any CPU
		{1274C72D-9F02-46A6-B408-05A642C92DAC}.AppStore|iPhoneSimulator.ActiveCfg = Release|Any CPU
		{1274C72D-9F02-46A6-B408-05A642C92DAC}.AppStore|iPhoneSimulator.Build.0 = Release|Any CPU
		{1274C72D-9F02-46A6-B408-05A642C92DAC}.AppStore|iPhoneSimulator.Deploy.0 = Release|Any CPU
		{1274C72D-9F02-46A6-B408-05A642C92DAC}.AppStore|x64.ActiveCfg = Release|Any CPU
		{1274C72D-9F02-46A6-B408-05A642C92DAC}.AppStore|x64.Build.0 = Release|Any CPU
		{1274C72D-9F02-46A6-B408-05A642C92DAC}.AppStore|x64.Deploy.0 = Release|Any CPU
		{1274C72D-9F02-46A6-B408-05A642C92DAC}.AppStore|x86.ActiveCfg = Release|Any CPU
		{1274C72D-9F02-46A6-B408-05A642C92DAC}.AppStore|x86.Build.0 = Release|Any CPU
		{1274C72D-9F02-46A6-B408-05A642C92DAC}.AppStore|x86.Deploy.0 = Release|Any CPU
		{1274C72D-9F02-46A6-B408-05A642C92DAC}.Debug|Any CPU.ActiveCfg = Debug|Any CPU
		{1274C72D-9F02-46A6-B408-05A642C92DAC}.Debug|Any CPU.Build.0 = Debug|Any CPU
		{1274C72D-9F02-46A6-B408-05A642C92DAC}.Debug|Any CPU.Deploy.0 = Debug|Any CPU
		{1274C72D-9F02-46A6-B408-05A642C92DAC}.Debug|ARM.ActiveCfg = Debug|Any CPU
		{1274C72D-9F02-46A6-B408-05A642C92DAC}.Debug|ARM.Build.0 = Debug|Any CPU
		{1274C72D-9F02-46A6-B408-05A642C92DAC}.Debug|ARM.Deploy.0 = Debug|Any CPU
		{1274C72D-9F02-46A6-B408-05A642C92DAC}.Debug|iPhone.ActiveCfg = Debug|Any CPU
		{1274C72D-9F02-46A6-B408-05A642C92DAC}.Debug|iPhone.Build.0 = Debug|Any CPU
		{1274C72D-9F02-46A6-B408-05A642C92DAC}.Debug|iPhone.Deploy.0 = Debug|Any CPU
		{1274C72D-9F02-46A6-B408-05A642C92DAC}.Debug|iPhoneSimulator.ActiveCfg = Debug|Any CPU
		{1274C72D-9F02-46A6-B408-05A642C92DAC}.Debug|iPhoneSimulator.Build.0 = Debug|Any CPU
		{1274C72D-9F02-46A6-B408-05A642C92DAC}.Debug|iPhoneSimulator.Deploy.0 = Debug|Any CPU
		{1274C72D-9F02-46A6-B408-05A642C92DAC}.Debug|x64.ActiveCfg = Debug|Any CPU
		{1274C72D-9F02-46A6-B408-05A642C92DAC}.Debug|x64.Build.0 = Debug|Any CPU
		{1274C72D-9F02-46A6-B408-05A642C92DAC}.Debug|x64.Deploy.0 = Debug|Any CPU
		{1274C72D-9F02-46A6-B408-05A642C92DAC}.Debug|x86.ActiveCfg = Debug|Any CPU
		{1274C72D-9F02-46A6-B408-05A642C92DAC}.Debug|x86.Build.0 = Debug|Any CPU
		{1274C72D-9F02-46A6-B408-05A642C92DAC}.Debug|x86.Deploy.0 = Debug|Any CPU
		{1274C72D-9F02-46A6-B408-05A642C92DAC}.Release|Any CPU.ActiveCfg = Release|Any CPU
		{1274C72D-9F02-46A6-B408-05A642C92DAC}.Release|Any CPU.Build.0 = Release|Any CPU
		{1274C72D-9F02-46A6-B408-05A642C92DAC}.Release|Any CPU.Deploy.0 = Release|Any CPU
		{1274C72D-9F02-46A6-B408-05A642C92DAC}.Release|ARM.ActiveCfg = Release|Any CPU
		{1274C72D-9F02-46A6-B408-05A642C92DAC}.Release|ARM.Build.0 = Release|Any CPU
		{1274C72D-9F02-46A6-B408-05A642C92DAC}.Release|ARM.Deploy.0 = Release|Any CPU
		{1274C72D-9F02-46A6-B408-05A642C92DAC}.Release|iPhone.ActiveCfg = Release|Any CPU
		{1274C72D-9F02-46A6-B408-05A642C92DAC}.Release|iPhone.Build.0 = Release|Any CPU
		{1274C72D-9F02-46A6-B408-05A642C92DAC}.Release|iPhone.Deploy.0 = Release|Any CPU
		{1274C72D-9F02-46A6-B408-05A642C92DAC}.Release|iPhoneSimulator.ActiveCfg = Release|Any CPU
		{1274C72D-9F02-46A6-B408-05A642C92DAC}.Release|iPhoneSimulator.Build.0 = Release|Any CPU
		{1274C72D-9F02-46A6-B408-05A642C92DAC}.Release|iPhoneSimulator.Deploy.0 = Release|Any CPU
		{1274C72D-9F02-46A6-B408-05A642C92DAC}.Release|x64.ActiveCfg = Release|Any CPU
		{1274C72D-9F02-46A6-B408-05A642C92DAC}.Release|x64.Build.0 = Release|Any CPU
		{1274C72D-9F02-46A6-B408-05A642C92DAC}.Release|x64.Deploy.0 = Release|Any CPU
		{1274C72D-9F02-46A6-B408-05A642C92DAC}.Release|x86.ActiveCfg = Release|Any CPU
		{1274C72D-9F02-46A6-B408-05A642C92DAC}.Release|x86.Build.0 = Release|Any CPU
		{1274C72D-9F02-46A6-B408-05A642C92DAC}.Release|x86.Deploy.0 = Release|Any CPU
		{4B2B1F32-AFC7-402A-8559-AA4BC5BFF49C}.Ad-Hoc|Any CPU.ActiveCfg = Ad-Hoc|iPhone
		{4B2B1F32-AFC7-402A-8559-AA4BC5BFF49C}.Ad-Hoc|ARM.ActiveCfg = Ad-Hoc|iPhone
		{4B2B1F32-AFC7-402A-8559-AA4BC5BFF49C}.Ad-Hoc|iPhone.ActiveCfg = Ad-Hoc|iPhone
		{4B2B1F32-AFC7-402A-8559-AA4BC5BFF49C}.Ad-Hoc|iPhone.Build.0 = Ad-Hoc|iPhone
		{4B2B1F32-AFC7-402A-8559-AA4BC5BFF49C}.Ad-Hoc|iPhoneSimulator.ActiveCfg = Ad-Hoc|iPhoneSimulator
		{4B2B1F32-AFC7-402A-8559-AA4BC5BFF49C}.Ad-Hoc|iPhoneSimulator.Build.0 = Ad-Hoc|iPhoneSimulator
		{4B2B1F32-AFC7-402A-8559-AA4BC5BFF49C}.Ad-Hoc|x64.ActiveCfg = Ad-Hoc|iPhone
		{4B2B1F32-AFC7-402A-8559-AA4BC5BFF49C}.Ad-Hoc|x86.ActiveCfg = Ad-Hoc|iPhone
		{4B2B1F32-AFC7-402A-8559-AA4BC5BFF49C}.AppStore|Any CPU.ActiveCfg = AppStore|iPhone
		{4B2B1F32-AFC7-402A-8559-AA4BC5BFF49C}.AppStore|ARM.ActiveCfg = AppStore|iPhone
		{4B2B1F32-AFC7-402A-8559-AA4BC5BFF49C}.AppStore|iPhone.ActiveCfg = AppStore|iPhone
		{4B2B1F32-AFC7-402A-8559-AA4BC5BFF49C}.AppStore|iPhone.Build.0 = AppStore|iPhone
		{4B2B1F32-AFC7-402A-8559-AA4BC5BFF49C}.AppStore|iPhoneSimulator.ActiveCfg = AppStore|iPhoneSimulator
		{4B2B1F32-AFC7-402A-8559-AA4BC5BFF49C}.AppStore|iPhoneSimulator.Build.0 = AppStore|iPhoneSimulator
		{4B2B1F32-AFC7-402A-8559-AA4BC5BFF49C}.AppStore|x64.ActiveCfg = AppStore|iPhone
		{4B2B1F32-AFC7-402A-8559-AA4BC5BFF49C}.AppStore|x86.ActiveCfg = AppStore|iPhone
		{4B2B1F32-AFC7-402A-8559-AA4BC5BFF49C}.Debug|Any CPU.ActiveCfg = Debug|iPhone
		{4B2B1F32-AFC7-402A-8559-AA4BC5BFF49C}.Debug|ARM.ActiveCfg = Debug|iPhone
		{4B2B1F32-AFC7-402A-8559-AA4BC5BFF49C}.Debug|iPhone.ActiveCfg = Debug|iPhone
		{4B2B1F32-AFC7-402A-8559-AA4BC5BFF49C}.Debug|iPhone.Build.0 = Debug|iPhone
		{4B2B1F32-AFC7-402A-8559-AA4BC5BFF49C}.Debug|iPhoneSimulator.ActiveCfg = Debug|iPhoneSimulator
		{4B2B1F32-AFC7-402A-8559-AA4BC5BFF49C}.Debug|iPhoneSimulator.Build.0 = Debug|iPhoneSimulator
		{4B2B1F32-AFC7-402A-8559-AA4BC5BFF49C}.Debug|x64.ActiveCfg = Debug|iPhone
		{4B2B1F32-AFC7-402A-8559-AA4BC5BFF49C}.Debug|x86.ActiveCfg = Debug|iPhone
		{4B2B1F32-AFC7-402A-8559-AA4BC5BFF49C}.Release|Any CPU.ActiveCfg = Release|iPhone
		{4B2B1F32-AFC7-402A-8559-AA4BC5BFF49C}.Release|ARM.ActiveCfg = Release|iPhone
		{4B2B1F32-AFC7-402A-8559-AA4BC5BFF49C}.Release|iPhone.ActiveCfg = Release|iPhone
		{4B2B1F32-AFC7-402A-8559-AA4BC5BFF49C}.Release|iPhone.Build.0 = Release|iPhone
		{4B2B1F32-AFC7-402A-8559-AA4BC5BFF49C}.Release|iPhoneSimulator.ActiveCfg = Release|iPhoneSimulator
		{4B2B1F32-AFC7-402A-8559-AA4BC5BFF49C}.Release|iPhoneSimulator.Build.0 = Release|iPhoneSimulator
		{4B2B1F32-AFC7-402A-8559-AA4BC5BFF49C}.Release|x64.ActiveCfg = Release|iPhone
		{4B2B1F32-AFC7-402A-8559-AA4BC5BFF49C}.Release|x86.ActiveCfg = Release|iPhone
		{2D3A2068-D0ED-4F25-89B9-F902D75BFA6D}.Ad-Hoc|Any CPU.ActiveCfg = Release|x86
		{2D3A2068-D0ED-4F25-89B9-F902D75BFA6D}.Ad-Hoc|Any CPU.Build.0 = Release|x86
		{2D3A2068-D0ED-4F25-89B9-F902D75BFA6D}.Ad-Hoc|Any CPU.Deploy.0 = Release|x86
		{2D3A2068-D0ED-4F25-89B9-F902D75BFA6D}.Ad-Hoc|ARM.ActiveCfg = Release|ARM
		{2D3A2068-D0ED-4F25-89B9-F902D75BFA6D}.Ad-Hoc|ARM.Build.0 = Release|ARM
		{2D3A2068-D0ED-4F25-89B9-F902D75BFA6D}.Ad-Hoc|ARM.Deploy.0 = Release|ARM
		{2D3A2068-D0ED-4F25-89B9-F902D75BFA6D}.Ad-Hoc|iPhone.ActiveCfg = Release|x86
		{2D3A2068-D0ED-4F25-89B9-F902D75BFA6D}.Ad-Hoc|iPhone.Build.0 = Release|x86
		{2D3A2068-D0ED-4F25-89B9-F902D75BFA6D}.Ad-Hoc|iPhone.Deploy.0 = Release|x86
		{2D3A2068-D0ED-4F25-89B9-F902D75BFA6D}.Ad-Hoc|iPhoneSimulator.ActiveCfg = Release|x86
		{2D3A2068-D0ED-4F25-89B9-F902D75BFA6D}.Ad-Hoc|iPhoneSimulator.Build.0 = Release|x86
		{2D3A2068-D0ED-4F25-89B9-F902D75BFA6D}.Ad-Hoc|iPhoneSimulator.Deploy.0 = Release|x86
		{2D3A2068-D0ED-4F25-89B9-F902D75BFA6D}.Ad-Hoc|x64.ActiveCfg = Release|x64
		{2D3A2068-D0ED-4F25-89B9-F902D75BFA6D}.Ad-Hoc|x64.Build.0 = Release|x64
		{2D3A2068-D0ED-4F25-89B9-F902D75BFA6D}.Ad-Hoc|x64.Deploy.0 = Release|x64
		{2D3A2068-D0ED-4F25-89B9-F902D75BFA6D}.Ad-Hoc|x86.ActiveCfg = Release|x86
		{2D3A2068-D0ED-4F25-89B9-F902D75BFA6D}.Ad-Hoc|x86.Build.0 = Release|x86
		{2D3A2068-D0ED-4F25-89B9-F902D75BFA6D}.Ad-Hoc|x86.Deploy.0 = Release|x86
		{2D3A2068-D0ED-4F25-89B9-F902D75BFA6D}.AppStore|Any CPU.ActiveCfg = Release|x86
		{2D3A2068-D0ED-4F25-89B9-F902D75BFA6D}.AppStore|Any CPU.Build.0 = Release|x86
		{2D3A2068-D0ED-4F25-89B9-F902D75BFA6D}.AppStore|Any CPU.Deploy.0 = Release|x86
		{2D3A2068-D0ED-4F25-89B9-F902D75BFA6D}.AppStore|ARM.ActiveCfg = Release|ARM
		{2D3A2068-D0ED-4F25-89B9-F902D75BFA6D}.AppStore|ARM.Build.0 = Release|ARM
		{2D3A2068-D0ED-4F25-89B9-F902D75BFA6D}.AppStore|ARM.Deploy.0 = Release|ARM
		{2D3A2068-D0ED-4F25-89B9-F902D75BFA6D}.AppStore|iPhone.ActiveCfg = Release|x86
		{2D3A2068-D0ED-4F25-89B9-F902D75BFA6D}.AppStore|iPhone.Build.0 = Release|x86
		{2D3A2068-D0ED-4F25-89B9-F902D75BFA6D}.AppStore|iPhone.Deploy.0 = Release|x86
		{2D3A2068-D0ED-4F25-89B9-F902D75BFA6D}.AppStore|iPhoneSimulator.ActiveCfg = Release|x86
		{2D3A2068-D0ED-4F25-89B9-F902D75BFA6D}.AppStore|iPhoneSimulator.Build.0 = Release|x86
		{2D3A2068-D0ED-4F25-89B9-F902D75BFA6D}.AppStore|iPhoneSimulator.Deploy.0 = Release|x86
		{2D3A2068-D0ED-4F25-89B9-F902D75BFA6D}.AppStore|x64.ActiveCfg = Release|x64
		{2D3A2068-D0ED-4F25-89B9-F902D75BFA6D}.AppStore|x64.Build.0 = Release|x64
		{2D3A2068-D0ED-4F25-89B9-F902D75BFA6D}.AppStore|x64.Deploy.0 = Release|x64
		{2D3A2068-D0ED-4F25-89B9-F902D75BFA6D}.AppStore|x86.ActiveCfg = Release|x86
		{2D3A2068-D0ED-4F25-89B9-F902D75BFA6D}.AppStore|x86.Build.0 = Release|x86
		{2D3A2068-D0ED-4F25-89B9-F902D75BFA6D}.AppStore|x86.Deploy.0 = Release|x86
		{2D3A2068-D0ED-4F25-89B9-F902D75BFA6D}.Debug|Any CPU.ActiveCfg = Debug|x86
		{2D3A2068-D0ED-4F25-89B9-F902D75BFA6D}.Debug|ARM.ActiveCfg = Debug|ARM
		{2D3A2068-D0ED-4F25-89B9-F902D75BFA6D}.Debug|ARM.Build.0 = Debug|ARM
		{2D3A2068-D0ED-4F25-89B9-F902D75BFA6D}.Debug|ARM.Deploy.0 = Debug|ARM
		{2D3A2068-D0ED-4F25-89B9-F902D75BFA6D}.Debug|iPhone.ActiveCfg = Debug|x86
		{2D3A2068-D0ED-4F25-89B9-F902D75BFA6D}.Debug|iPhoneSimulator.ActiveCfg = Debug|x86
		{2D3A2068-D0ED-4F25-89B9-F902D75BFA6D}.Debug|x64.ActiveCfg = Debug|x64
		{2D3A2068-D0ED-4F25-89B9-F902D75BFA6D}.Debug|x64.Build.0 = Debug|x64
		{2D3A2068-D0ED-4F25-89B9-F902D75BFA6D}.Debug|x64.Deploy.0 = Debug|x64
		{2D3A2068-D0ED-4F25-89B9-F902D75BFA6D}.Debug|x86.ActiveCfg = Debug|x86
		{2D3A2068-D0ED-4F25-89B9-F902D75BFA6D}.Debug|x86.Build.0 = Debug|x86
		{2D3A2068-D0ED-4F25-89B9-F902D75BFA6D}.Debug|x86.Deploy.0 = Debug|x86
		{2D3A2068-D0ED-4F25-89B9-F902D75BFA6D}.Release|Any CPU.ActiveCfg = Release|x86
		{2D3A2068-D0ED-4F25-89B9-F902D75BFA6D}.Release|ARM.ActiveCfg = Release|ARM
		{2D3A2068-D0ED-4F25-89B9-F902D75BFA6D}.Release|ARM.Build.0 = Release|ARM
		{2D3A2068-D0ED-4F25-89B9-F902D75BFA6D}.Release|ARM.Deploy.0 = Release|ARM
		{2D3A2068-D0ED-4F25-89B9-F902D75BFA6D}.Release|iPhone.ActiveCfg = Release|x86
		{2D3A2068-D0ED-4F25-89B9-F902D75BFA6D}.Release|iPhoneSimulator.ActiveCfg = Release|x86
		{2D3A2068-D0ED-4F25-89B9-F902D75BFA6D}.Release|x64.ActiveCfg = Release|x64
		{2D3A2068-D0ED-4F25-89B9-F902D75BFA6D}.Release|x64.Build.0 = Release|x64
		{2D3A2068-D0ED-4F25-89B9-F902D75BFA6D}.Release|x64.Deploy.0 = Release|x64
		{2D3A2068-D0ED-4F25-89B9-F902D75BFA6D}.Release|x86.ActiveCfg = Release|x86
		{2D3A2068-D0ED-4F25-89B9-F902D75BFA6D}.Release|x86.Build.0 = Release|x86
		{2D3A2068-D0ED-4F25-89B9-F902D75BFA6D}.Release|x86.Deploy.0 = Release|x86
	EndGlobalSection
	GlobalSection(SolutionProperties) = preSolution
		HideSolutionNode = FALSE
	EndGlobalSection
	GlobalSection(ExtensibilityGlobals) = postSolution
		SolutionGuid = {B76C682A-D451-4633-967A-EA5AF050CFD2}
	EndGlobalSection
EndGlobal
