
Microsoft Visual Studio Solution File, Format Version 12.00
# Visual Studio Version 16
VisualStudioVersion = 16.0.28803.352
MinimumVisualStudioVersion = 10.0.40219.1
Project("{FAE04EC0-301F-11D3-BF4B-00C04F79EFBC}") = "XF3036", "XF3036\XF3036\XF3036.csproj", "{ACA2942A-A9D6-4335-AC23-0F324F4191CA}"
EndProject
Project("{FAE04EC0-301F-11D3-BF4B-00C04F79EFBC}") = "XF3036.Android", "XF3036\XF3036.Android\XF3036.Android.csproj", "{EECC1521-1866-46AF-8426-6991E440A7B0}"
EndProject
Project("{FAE04EC0-301F-11D3-BF4B-00C04F79EFBC}") = "XF3036.iOS", "XF3036\XF3036.iOS\XF3036.iOS.csproj", "{916045EB-8814-43D7-8F77-A51F38DB6149}"
EndProject
Project("{FAE04EC0-301F-11D3-BF4B-00C04F79EFBC}") = "XF3036.UWP", "XF3036\XF3036.UWP\XF3036.UWP.csproj", "{82390EE6-CD4E-41B2-B7EA-3F0FC5319516}"
EndProject
Global
	GlobalSection(SolutionConfigurationPlatforms) = preSolution
		Ad-Hoc|Any CPU = Ad-Hoc|Any CPU
		Ad-Hoc|ARM = Ad-Hoc|ARM
		Ad-Hoc|iPhone = Ad-Hoc|iPhone
		Ad-Hoc|iPhoneSimulator = Ad-Hoc|iPhoneSimulator
		Ad-Hoc|x64 = Ad-Hoc|x64
		Ad-Hoc|x86 = Ad-Hoc|x86
		AppStore|Any CPU = AppStore|Any CPU
		AppStore|ARM = AppStore|ARM
		AppStore|iPhone = AppStore|iPhone
		AppStore|iPhoneSimulator = AppStore|iPhoneSimulator
		AppStore|x64 = AppStore|x64
		AppStore|x86 = AppStore|x86
		Debug|Any CPU = Debug|Any CPU
		Debug|ARM = Debug|ARM
		Debug|iPhone = Debug|iPhone
		Debug|iPhoneSimulator = Debug|iPhoneSimulator
		Debug|x64 = Debug|x64
		Debug|x86 = Debug|x86
		Release|Any CPU = Release|Any CPU
		Release|ARM = Release|ARM
		Release|iPhone = Release|iPhone
		Release|iPhoneSimulator = Release|iPhoneSimulator
		Release|x64 = Release|x64
		Release|x86 = Release|x86
	EndGlobalSection
	GlobalSection(ProjectConfigurationPlatforms) = postSolution
		{ACA2942A-A9D6-4335-AC23-0F324F4191CA}.Ad-Hoc|Any CPU.ActiveCfg = Debug|Any CPU
		{ACA2942A-A9D6-4335-AC23-0F324F4191CA}.Ad-Hoc|Any CPU.Build.0 = Debug|Any CPU
		{ACA2942A-A9D6-4335-AC23-0F324F4191CA}.Ad-Hoc|ARM.ActiveCfg = Debug|Any CPU
		{ACA2942A-A9D6-4335-AC23-0F324F4191CA}.Ad-Hoc|ARM.Build.0 = Debug|Any CPU
		{ACA2942A-A9D6-4335-AC23-0F324F4191CA}.Ad-Hoc|iPhone.ActiveCfg = Debug|Any CPU
		{ACA2942A-A9D6-4335-AC23-0F324F4191CA}.Ad-Hoc|iPhone.Build.0 = Debug|Any CPU
		{ACA2942A-A9D6-4335-AC23-0F324F4191CA}.Ad-Hoc|iPhoneSimulator.ActiveCfg = Debug|Any CPU
		{ACA2942A-A9D6-4335-AC23-0F324F4191CA}.Ad-Hoc|iPhoneSimulator.Build.0 = Debug|Any CPU
		{ACA2942A-A9D6-4335-AC23-0F324F4191CA}.Ad-Hoc|x64.ActiveCfg = Debug|Any CPU
		{ACA2942A-A9D6-4335-AC23-0F324F4191CA}.Ad-Hoc|x64.Build.0 = Debug|Any CPU
		{ACA2942A-A9D6-4335-AC23-0F324F4191CA}.Ad-Hoc|x86.ActiveCfg = Debug|Any CPU
		{ACA2942A-A9D6-4335-AC23-0F324F4191CA}.Ad-Hoc|x86.Build.0 = Debug|Any CPU
		{ACA2942A-A9D6-4335-AC23-0F324F4191CA}.AppStore|Any CPU.ActiveCfg = Debug|Any CPU
		{ACA2942A-A9D6-4335-AC23-0F324F4191CA}.AppStore|Any CPU.Build.0 = Debug|Any CPU
		{ACA2942A-A9D6-4335-AC23-0F324F4191CA}.AppStore|ARM.ActiveCfg = Debug|Any CPU
		{ACA2942A-A9D6-4335-AC23-0F324F4191CA}.AppStore|ARM.Build.0 = Debug|Any CPU
		{ACA2942A-A9D6-4335-AC23-0F324F4191CA}.AppStore|iPhone.ActiveCfg = Debug|Any CPU
		{ACA2942A-A9D6-4335-AC23-0F324F4191CA}.AppStore|iPhone.Build.0 = Debug|Any CPU
		{ACA2942A-A9D6-4335-AC23-0F324F4191CA}.AppStore|iPhoneSimulator.ActiveCfg = Debug|Any CPU
		{ACA2942A-A9D6-4335-AC23-0F324F4191CA}.AppStore|iPhoneSimulator.Build.0 = Debug|Any CPU
		{ACA2942A-A9D6-4335-AC23-0F324F4191CA}.AppStore|x64.ActiveCfg = Debug|Any CPU
		{ACA2942A-A9D6-4335-AC23-0F324F4191CA}.AppStore|x64.Build.0 = Debug|Any CPU
		{ACA2942A-A9D6-4335-AC23-0F324F4191CA}.AppStore|x86.ActiveCfg = Debug|Any CPU
		{ACA2942A-A9D6-4335-AC23-0F324F4191CA}.AppStore|x86.Build.0 = Debug|Any CPU
		{ACA2942A-A9D6-4335-AC23-0F324F4191CA}.Debug|Any CPU.ActiveCfg = Debug|Any CPU
		{ACA2942A-A9D6-4335-AC23-0F324F4191CA}.Debug|Any CPU.Build.0 = Debug|Any CPU
		{ACA2942A-A9D6-4335-AC23-0F324F4191CA}.Debug|ARM.ActiveCfg = Debug|Any CPU
		{ACA2942A-A9D6-4335-AC23-0F324F4191CA}.Debug|ARM.Build.0 = Debug|Any CPU
		{ACA2942A-A9D6-4335-AC23-0F324F4191CA}.Debug|iPhone.ActiveCfg = Debug|Any CPU
		{ACA2942A-A9D6-4335-AC23-0F324F4191CA}.Debug|iPhone.Build.0 = Debug|Any CPU
		{ACA2942A-A9D6-4335-AC23-0F324F4191CA}.Debug|iPhoneSimulator.ActiveCfg = Debug|Any CPU
		{ACA2942A-A9D6-4335-AC23-0F324F4191CA}.Debug|iPhoneSimulator.Build.0 = Debug|Any CPU
		{ACA2942A-A9D6-4335-AC23-0F324F4191CA}.Debug|x64.ActiveCfg = Debug|Any CPU
		{ACA2942A-A9D6-4335-AC23-0F324F4191CA}.Debug|x64.Build.0 = Debug|Any CPU
		{ACA2942A-A9D6-4335-AC23-0F324F4191CA}.Debug|x86.ActiveCfg = Debug|Any CPU
		{ACA2942A-A9D6-4335-AC23-0F324F4191CA}.Debug|x86.Build.0 = Debug|Any CPU
		{ACA2942A-A9D6-4335-AC23-0F324F4191CA}.Release|Any CPU.ActiveCfg = Release|Any CPU
		{ACA2942A-A9D6-4335-AC23-0F324F4191CA}.Release|Any CPU.Build.0 = Release|Any CPU
		{ACA2942A-A9D6-4335-AC23-0F324F4191CA}.Release|ARM.ActiveCfg = Release|Any CPU
		{ACA2942A-A9D6-4335-AC23-0F324F4191CA}.Release|ARM.Build.0 = Release|Any CPU
		{ACA2942A-A9D6-4335-AC23-0F324F4191CA}.Release|iPhone.ActiveCfg = Release|Any CPU
		{ACA2942A-A9D6-4335-AC23-0F324F4191CA}.Release|iPhone.Build.0 = Release|Any CPU
		{ACA2942A-A9D6-4335-AC23-0F324F4191CA}.Release|iPhoneSimulator.ActiveCfg = Release|Any CPU
		{ACA2942A-A9D6-4335-AC23-0F324F4191CA}.Release|iPhoneSimulator.Build.0 = Release|Any CPU
		{ACA2942A-A9D6-4335-AC23-0F324F4191CA}.Release|x64.ActiveCfg = Release|Any CPU
		{ACA2942A-A9D6-4335-AC23-0F324F4191CA}.Release|x64.Build.0 = Release|Any CPU
		{ACA2942A-A9D6-4335-AC23-0F324F4191CA}.Release|x86.ActiveCfg = Release|Any CPU
		{ACA2942A-A9D6-4335-AC23-0F324F4191CA}.Release|x86.Build.0 = Release|Any CPU
		{EECC1521-1866-46AF-8426-6991E440A7B0}.Ad-Hoc|Any CPU.ActiveCfg = Release|Any CPU
		{EECC1521-1866-46AF-8426-6991E440A7B0}.Ad-Hoc|Any CPU.Build.0 = Release|Any CPU
		{EECC1521-1866-46AF-8426-6991E440A7B0}.Ad-Hoc|Any CPU.Deploy.0 = Release|Any CPU
		{EECC1521-1866-46AF-8426-6991E440A7B0}.Ad-Hoc|ARM.ActiveCfg = Release|Any CPU
		{EECC1521-1866-46AF-8426-6991E440A7B0}.Ad-Hoc|ARM.Build.0 = Release|Any CPU
		{EECC1521-1866-46AF-8426-6991E440A7B0}.Ad-Hoc|ARM.Deploy.0 = Release|Any CPU
		{EECC1521-1866-46AF-8426-6991E440A7B0}.Ad-Hoc|iPhone.ActiveCfg = Release|Any CPU
		{EECC1521-1866-46AF-8426-6991E440A7B0}.Ad-Hoc|iPhone.Build.0 = Release|Any CPU
		{EECC1521-1866-46AF-8426-6991E440A7B0}.Ad-Hoc|iPhone.Deploy.0 = Release|Any CPU
		{EECC1521-1866-46AF-8426-6991E440A7B0}.Ad-Hoc|iPhoneSimulator.ActiveCfg = Release|Any CPU
		{EECC1521-1866-46AF-8426-6991E440A7B0}.Ad-Hoc|iPhoneSimulator.Build.0 = Release|Any CPU
		{EECC1521-1866-46AF-8426-6991E440A7B0}.Ad-Hoc|iPhoneSimulator.Deploy.0 = Release|Any CPU
		{EECC1521-1866-46AF-8426-6991E440A7B0}.Ad-Hoc|x64.ActiveCfg = Release|Any CPU
		{EECC1521-1866-46AF-8426-6991E440A7B0}.Ad-Hoc|x64.Build.0 = Release|Any CPU
		{EECC1521-1866-46AF-8426-6991E440A7B0}.Ad-Hoc|x64.Deploy.0 = Release|Any CPU
		{EECC1521-1866-46AF-8426-6991E440A7B0}.Ad-Hoc|x86.ActiveCfg = Release|Any CPU
		{EECC1521-1866-46AF-8426-6991E440A7B0}.Ad-Hoc|x86.Build.0 = Release|Any CPU
		{EECC1521-1866-46AF-8426-6991E440A7B0}.Ad-Hoc|x86.Deploy.0 = Release|Any CPU
		{EECC1521-1866-46AF-8426-6991E440A7B0}.AppStore|Any CPU.ActiveCfg = Release|Any CPU
		{EECC1521-1866-46AF-8426-6991E440A7B0}.AppStore|Any CPU.Build.0 = Release|Any CPU
		{EECC1521-1866-46AF-8426-6991E440A7B0}.AppStore|Any CPU.Deploy.0 = Release|Any CPU
		{EECC1521-1866-46AF-8426-6991E440A7B0}.AppStore|ARM.ActiveCfg = Release|Any CPU
		{EECC1521-1866-46AF-8426-6991E440A7B0}.AppStore|ARM.Build.0 = Release|Any CPU
		{EECC1521-1866-46AF-8426-6991E440A7B0}.AppStore|ARM.Deploy.0 = Release|Any CPU
		{EECC1521-1866-46AF-8426-6991E440A7B0}.AppStore|iPhone.ActiveCfg = Release|Any CPU
		{EECC1521-1866-46AF-8426-6991E440A7B0}.AppStore|iPhone.Build.0 = Release|Any CPU
		{EECC1521-1866-46AF-8426-6991E440A7B0}.AppStore|iPhone.Deploy.0 = Release|Any CPU
		{EECC1521-1866-46AF-8426-6991E440A7B0}.AppStore|iPhoneSimulator.ActiveCfg = Release|Any CPU
		{EECC1521-1866-46AF-8426-6991E440A7B0}.AppStore|iPhoneSimulator.Build.0 = Release|Any CPU
		{EECC1521-1866-46AF-8426-6991E440A7B0}.AppStore|iPhoneSimulator.Deploy.0 = Release|Any CPU
		{EECC1521-1866-46AF-8426-6991E440A7B0}.AppStore|x64.ActiveCfg = Release|Any CPU
		{EECC1521-1866-46AF-8426-6991E440A7B0}.AppStore|x64.Build.0 = Release|Any CPU
		{EECC1521-1866-46AF-8426-6991E440A7B0}.AppStore|x64.Deploy.0 = Release|Any CPU
		{EECC1521-1866-46AF-8426-6991E440A7B0}.AppStore|x86.ActiveCfg = Release|Any CPU
		{EECC1521-1866-46AF-8426-6991E440A7B0}.AppStore|x86.Build.0 = Release|Any CPU
		{EECC1521-1866-46AF-8426-6991E440A7B0}.AppStore|x86.Deploy.0 = Release|Any CPU
		{EECC1521-1866-46AF-8426-6991E440A7B0}.Debug|Any CPU.ActiveCfg = Debug|Any CPU
		{EECC1521-1866-46AF-8426-6991E440A7B0}.Debug|Any CPU.Build.0 = Debug|Any CPU
		{EECC1521-1866-46AF-8426-6991E440A7B0}.Debug|Any CPU.Deploy.0 = Debug|Any CPU
		{EECC1521-1866-46AF-8426-6991E440A7B0}.Debug|ARM.ActiveCfg = Debug|Any CPU
		{EECC1521-1866-46AF-8426-6991E440A7B0}.Debug|ARM.Build.0 = Debug|Any CPU
		{EECC1521-1866-46AF-8426-6991E440A7B0}.Debug|ARM.Deploy.0 = Debug|Any CPU
		{EECC1521-1866-46AF-8426-6991E440A7B0}.Debug|iPhone.ActiveCfg = Debug|Any CPU
		{EECC1521-1866-46AF-8426-6991E440A7B0}.Debug|iPhone.Build.0 = Debug|Any CPU
		{EECC1521-1866-46AF-8426-6991E440A7B0}.Debug|iPhone.Deploy.0 = Debug|Any CPU
		{EECC1521-1866-46AF-8426-6991E440A7B0}.Debug|iPhoneSimulator.ActiveCfg = Debug|Any CPU
		{EECC1521-1866-46AF-8426-6991E440A7B0}.Debug|iPhoneSimulator.Build.0 = Debug|Any CPU
		{EECC1521-1866-46AF-8426-6991E440A7B0}.Debug|iPhoneSimulator.Deploy.0 = Debug|Any CPU
		{EECC1521-1866-46AF-8426-6991E440A7B0}.Debug|x64.ActiveCfg = Debug|Any CPU
		{EECC1521-1866-46AF-8426-6991E440A7B0}.Debug|x64.Build.0 = Debug|Any CPU
		{EECC1521-1866-46AF-8426-6991E440A7B0}.Debug|x64.Deploy.0 = Debug|Any CPU
		{EECC1521-1866-46AF-8426-6991E440A7B0}.Debug|x86.ActiveCfg = Debug|Any CPU
		{EECC1521-1866-46AF-8426-6991E440A7B0}.Debug|x86.Build.0 = Debug|Any CPU
		{EECC1521-1866-46AF-8426-6991E440A7B0}.Debug|x86.Deploy.0 = Debug|Any CPU
		{EECC1521-1866-46AF-8426-6991E440A7B0}.Release|Any CPU.ActiveCfg = Release|Any CPU
		{EECC1521-1866-46AF-8426-6991E440A7B0}.Release|Any CPU.Build.0 = Release|Any CPU
		{EECC1521-1866-46AF-8426-6991E440A7B0}.Release|Any CPU.Deploy.0 = Release|Any CPU
		{EECC1521-1866-46AF-8426-6991E440A7B0}.Release|ARM.ActiveCfg = Release|Any CPU
		{EECC1521-1866-46AF-8426-6991E440A7B0}.Release|ARM.Build.0 = Release|Any CPU
		{EECC1521-1866-46AF-8426-6991E440A7B0}.Release|ARM.Deploy.0 = Release|Any CPU
		{EECC1521-1866-46AF-8426-6991E440A7B0}.Release|iPhone.ActiveCfg = Release|Any CPU
		{EECC1521-1866-46AF-8426-6991E440A7B0}.Release|iPhone.Build.0 = Release|Any CPU
		{EECC1521-1866-46AF-8426-6991E440A7B0}.Release|iPhone.Deploy.0 = Release|Any CPU
		{EECC1521-1866-46AF-8426-6991E440A7B0}.Release|iPhoneSimulator.ActiveCfg = Release|Any CPU
		{EECC1521-1866-46AF-8426-6991E440A7B0}.Release|iPhoneSimulator.Build.0 = Release|Any CPU
		{EECC1521-1866-46AF-8426-6991E440A7B0}.Release|iPhoneSimulator.Deploy.0 = Release|Any CPU
		{EECC1521-1866-46AF-8426-6991E440A7B0}.Release|x64.ActiveCfg = Release|Any CPU
		{EECC1521-1866-46AF-8426-6991E440A7B0}.Release|x64.Build.0 = Release|Any CPU
		{EECC1521-1866-46AF-8426-6991E440A7B0}.Release|x64.Deploy.0 = Release|Any CPU
		{EECC1521-1866-46AF-8426-6991E440A7B0}.Release|x86.ActiveCfg = Release|Any CPU
		{EECC1521-1866-46AF-8426-6991E440A7B0}.Release|x86.Build.0 = Release|Any CPU
		{EECC1521-1866-46AF-8426-6991E440A7B0}.Release|x86.Deploy.0 = Release|Any CPU
		{916045EB-8814-43D7-8F77-A51F38DB6149}.Ad-Hoc|Any CPU.ActiveCfg = Ad-Hoc|iPhone
		{916045EB-8814-43D7-8F77-A51F38DB6149}.Ad-Hoc|ARM.ActiveCfg = Ad-Hoc|iPhone
		{916045EB-8814-43D7-8F77-A51F38DB6149}.Ad-Hoc|iPhone.ActiveCfg = Ad-Hoc|iPhone
		{916045EB-8814-43D7-8F77-A51F38DB6149}.Ad-Hoc|iPhone.Build.0 = Ad-Hoc|iPhone
		{916045EB-8814-43D7-8F77-A51F38DB6149}.Ad-Hoc|iPhoneSimulator.ActiveCfg = Ad-Hoc|iPhoneSimulator
		{916045EB-8814-43D7-8F77-A51F38DB6149}.Ad-Hoc|iPhoneSimulator.Build.0 = Ad-Hoc|iPhoneSimulator
		{916045EB-8814-43D7-8F77-A51F38DB6149}.Ad-Hoc|x64.ActiveCfg = Ad-Hoc|iPhone
		{916045EB-8814-43D7-8F77-A51F38DB6149}.Ad-Hoc|x86.ActiveCfg = Ad-Hoc|iPhone
		{916045EB-8814-43D7-8F77-A51F38DB6149}.AppStore|Any CPU.ActiveCfg = AppStore|iPhone
		{916045EB-8814-43D7-8F77-A51F38DB6149}.AppStore|ARM.ActiveCfg = AppStore|iPhone
		{916045EB-8814-43D7-8F77-A51F38DB6149}.AppStore|iPhone.ActiveCfg = AppStore|iPhone
		{916045EB-8814-43D7-8F77-A51F38DB6149}.AppStore|iPhone.Build.0 = AppStore|iPhone
		{916045EB-8814-43D7-8F77-A51F38DB6149}.AppStore|iPhoneSimulator.ActiveCfg = AppStore|iPhoneSimulator
		{916045EB-8814-43D7-8F77-A51F38DB6149}.AppStore|iPhoneSimulator.Build.0 = AppStore|iPhoneSimulator
		{916045EB-8814-43D7-8F77-A51F38DB6149}.AppStore|x64.ActiveCfg = AppStore|iPhone
		{916045EB-8814-43D7-8F77-A51F38DB6149}.AppStore|x86.ActiveCfg = AppStore|iPhone
		{916045EB-8814-43D7-8F77-A51F38DB6149}.Debug|Any CPU.ActiveCfg = Debug|iPhone
		{916045EB-8814-43D7-8F77-A51F38DB6149}.Debug|ARM.ActiveCfg = Debug|iPhone
		{916045EB-8814-43D7-8F77-A51F38DB6149}.Debug|iPhone.ActiveCfg = Debug|iPhone
		{916045EB-8814-43D7-8F77-A51F38DB6149}.Debug|iPhone.Build.0 = Debug|iPhone
		{916045EB-8814-43D7-8F77-A51F38DB6149}.Debug|iPhoneSimulator.ActiveCfg = Debug|iPhoneSimulator
		{916045EB-8814-43D7-8F77-A51F38DB6149}.Debug|iPhoneSimulator.Build.0 = Debug|iPhoneSimulator
		{916045EB-8814-43D7-8F77-A51F38DB6149}.Debug|x64.ActiveCfg = Debug|iPhone
		{916045EB-8814-43D7-8F77-A51F38DB6149}.Debug|x86.ActiveCfg = Debug|iPhone
		{916045EB-8814-43D7-8F77-A51F38DB6149}.Release|Any CPU.ActiveCfg = Release|iPhone
		{916045EB-8814-43D7-8F77-A51F38DB6149}.Release|ARM.ActiveCfg = Release|iPhone
		{916045EB-8814-43D7-8F77-A51F38DB6149}.Release|iPhone.ActiveCfg = Release|iPhone
		{916045EB-8814-43D7-8F77-A51F38DB6149}.Release|iPhone.Build.0 = Release|iPhone
		{916045EB-8814-43D7-8F77-A51F38DB6149}.Release|iPhoneSimulator.ActiveCfg = Release|iPhoneSimulator
		{916045EB-8814-43D7-8F77-A51F38DB6149}.Release|iPhoneSimulator.Build.0 = Release|iPhoneSimulator
		{916045EB-8814-43D7-8F77-A51F38DB6149}.Release|x64.ActiveCfg = Release|iPhone
		{916045EB-8814-43D7-8F77-A51F38DB6149}.Release|x86.ActiveCfg = Release|iPhone
		{82390EE6-CD4E-41B2-B7EA-3F0FC5319516}.Ad-Hoc|Any CPU.ActiveCfg = Release|x86
		{82390EE6-CD4E-41B2-B7EA-3F0FC5319516}.Ad-Hoc|Any CPU.Build.0 = Release|x86
		{82390EE6-CD4E-41B2-B7EA-3F0FC5319516}.Ad-Hoc|Any CPU.Deploy.0 = Release|x86
		{82390EE6-CD4E-41B2-B7EA-3F0FC5319516}.Ad-Hoc|ARM.ActiveCfg = Release|ARM
		{82390EE6-CD4E-41B2-B7EA-3F0FC5319516}.Ad-Hoc|ARM.Build.0 = Release|ARM
		{82390EE6-CD4E-41B2-B7EA-3F0FC5319516}.Ad-Hoc|ARM.Deploy.0 = Release|ARM
		{82390EE6-CD4E-41B2-B7EA-3F0FC5319516}.Ad-Hoc|iPhone.ActiveCfg = Release|x86
		{82390EE6-CD4E-41B2-B7EA-3F0FC5319516}.Ad-Hoc|iPhone.Build.0 = Release|x86
		{82390EE6-CD4E-41B2-B7EA-3F0FC5319516}.Ad-Hoc|iPhone.Deploy.0 = Release|x86
		{82390EE6-CD4E-41B2-B7EA-3F0FC5319516}.Ad-Hoc|iPhoneSimulator.ActiveCfg = Release|x86
		{82390EE6-CD4E-41B2-B7EA-3F0FC5319516}.Ad-Hoc|iPhoneSimulator.Build.0 = Release|x86
		{82390EE6-CD4E-41B2-B7EA-3F0FC5319516}.Ad-Hoc|iPhoneSimulator.Deploy.0 = Release|x86
		{82390EE6-CD4E-41B2-B7EA-3F0FC5319516}.Ad-Hoc|x64.ActiveCfg = Release|x64
		{82390EE6-CD4E-41B2-B7EA-3F0FC5319516}.Ad-Hoc|x64.Build.0 = Release|x64
		{82390EE6-CD4E-41B2-B7EA-3F0FC5319516}.Ad-Hoc|x64.Deploy.0 = Release|x64
		{82390EE6-CD4E-41B2-B7EA-3F0FC5319516}.Ad-Hoc|x86.ActiveCfg = Release|x86
		{82390EE6-CD4E-41B2-B7EA-3F0FC5319516}.Ad-Hoc|x86.Build.0 = Release|x86
		{82390EE6-CD4E-41B2-B7EA-3F0FC5319516}.Ad-Hoc|x86.Deploy.0 = Release|x86
		{82390EE6-CD4E-41B2-B7EA-3F0FC5319516}.AppStore|Any CPU.ActiveCfg = Release|x86
		{82390EE6-CD4E-41B2-B7EA-3F0FC5319516}.AppStore|Any CPU.Build.0 = Release|x86
		{82390EE6-CD4E-41B2-B7EA-3F0FC5319516}.AppStore|Any CPU.Deploy.0 = Release|x86
		{82390EE6-CD4E-41B2-B7EA-3F0FC5319516}.AppStore|ARM.ActiveCfg = Release|ARM
		{82390EE6-CD4E-41B2-B7EA-3F0FC5319516}.AppStore|ARM.Build.0 = Release|ARM
		{82390EE6-CD4E-41B2-B7EA-3F0FC5319516}.AppStore|ARM.Deploy.0 = Release|ARM
		{82390EE6-CD4E-41B2-B7EA-3F0FC5319516}.AppStore|iPhone.ActiveCfg = Release|x86
		{82390EE6-CD4E-41B2-B7EA-3F0FC5319516}.AppStore|iPhone.Build.0 = Release|x86
		{82390EE6-CD4E-41B2-B7EA-3F0FC5319516}.AppStore|iPhone.Deploy.0 = Release|x86
		{82390EE6-CD4E-41B2-B7EA-3F0FC5319516}.AppStore|iPhoneSimulator.ActiveCfg = Release|x86
		{82390EE6-CD4E-41B2-B7EA-3F0FC5319516}.AppStore|iPhoneSimulator.Build.0 = Release|x86
		{82390EE6-CD4E-41B2-B7EA-3F0FC5319516}.AppStore|iPhoneSimulator.Deploy.0 = Release|x86
		{82390EE6-CD4E-41B2-B7EA-3F0FC5319516}.AppStore|x64.ActiveCfg = Release|x64
		{82390EE6-CD4E-41B2-B7EA-3F0FC5319516}.AppStore|x64.Build.0 = Release|x64
		{82390EE6-CD4E-41B2-B7EA-3F0FC5319516}.AppStore|x64.Deploy.0 = Release|x64
		{82390EE6-CD4E-41B2-B7EA-3F0FC5319516}.AppStore|x86.ActiveCfg = Release|x86
		{82390EE6-CD4E-41B2-B7EA-3F0FC5319516}.AppStore|x86.Build.0 = Release|x86
		{82390EE6-CD4E-41B2-B7EA-3F0FC5319516}.AppStore|x86.Deploy.0 = Release|x86
		{82390EE6-CD4E-41B2-B7EA-3F0FC5319516}.Debug|Any CPU.ActiveCfg = Debug|x86
		{82390EE6-CD4E-41B2-B7EA-3F0FC5319516}.Debug|ARM.ActiveCfg = Debug|ARM
		{82390EE6-CD4E-41B2-B7EA-3F0FC5319516}.Debug|ARM.Build.0 = Debug|ARM
		{82390EE6-CD4E-41B2-B7EA-3F0FC5319516}.Debug|ARM.Deploy.0 = Debug|ARM
		{82390EE6-CD4E-41B2-B7EA-3F0FC5319516}.Debug|iPhone.ActiveCfg = Debug|x86
		{82390EE6-CD4E-41B2-B7EA-3F0FC5319516}.Debug|iPhoneSimulator.ActiveCfg = Debug|x86
		{82390EE6-CD4E-41B2-B7EA-3F0FC5319516}.Debug|x64.ActiveCfg = Debug|x64
		{82390EE6-CD4E-41B2-B7EA-3F0FC5319516}.Debug|x64.Build.0 = Debug|x64
		{82390EE6-CD4E-41B2-B7EA-3F0FC5319516}.Debug|x64.Deploy.0 = Debug|x64
		{82390EE6-CD4E-41B2-B7EA-3F0FC5319516}.Debug|x86.ActiveCfg = Debug|x86
		{82390EE6-CD4E-41B2-B7EA-3F0FC5319516}.Debug|x86.Build.0 = Debug|x86
		{82390EE6-CD4E-41B2-B7EA-3F0FC5319516}.Debug|x86.Deploy.0 = Debug|x86
		{82390EE6-CD4E-41B2-B7EA-3F0FC5319516}.Release|Any CPU.ActiveCfg = Release|x86
		{82390EE6-CD4E-41B2-B7EA-3F0FC5319516}.Release|ARM.ActiveCfg = Release|ARM
		{82390EE6-CD4E-41B2-B7EA-3F0FC5319516}.Release|ARM.Build.0 = Release|ARM
		{82390EE6-CD4E-41B2-B7EA-3F0FC5319516}.Release|ARM.Deploy.0 = Release|ARM
		{82390EE6-CD4E-41B2-B7EA-3F0FC5319516}.Release|iPhone.ActiveCfg = Release|x86
		{82390EE6-CD4E-41B2-B7EA-3F0FC5319516}.Release|iPhoneSimulator.ActiveCfg = Release|x86
		{82390EE6-CD4E-41B2-B7EA-3F0FC5319516}.Release|x64.ActiveCfg = Release|x64
		{82390EE6-CD4E-41B2-B7EA-3F0FC5319516}.Release|x64.Build.0 = Release|x64
		{82390EE6-CD4E-41B2-B7EA-3F0FC5319516}.Release|x64.Deploy.0 = Release|x64
		{82390EE6-CD4E-41B2-B7EA-3F0FC5319516}.Release|x86.ActiveCfg = Release|x86
		{82390EE6-CD4E-41B2-B7EA-3F0FC5319516}.Release|x86.Build.0 = Release|x86
		{82390EE6-CD4E-41B2-B7EA-3F0FC5319516}.Release|x86.Deploy.0 = Release|x86
	EndGlobalSection
	GlobalSection(SolutionProperties) = preSolution
		HideSolutionNode = FALSE
	EndGlobalSection
	GlobalSection(ExtensibilityGlobals) = postSolution
		SolutionGuid = {C6C66D49-9D1A-47CA-B432-9A04C8D3EC16}
	EndGlobalSection
EndGlobal
