
Microsoft Visual Studio Solution File, Format Version 12.00
# Visual Studio Version 16
VisualStudioVersion = 16.0.28803.452
MinimumVisualStudioVersion = 10.0.40219.1
Project("{FAE04EC0-301F-11D3-BF4B-00C04F79EFBC}") = "XF5001", "XF5001\XF5001\XF5001.csproj", "{B4CD37DB-91A4-4B37-B8F4-D819C16300FF}"
EndProject
Project("{FAE04EC0-301F-11D3-BF4B-00C04F79EFBC}") = "XF5001.Android", "XF5001\XF5001.Android\XF5001.Android.csproj", "{CF8ACC04-A4A5-4334-8442-052A1934E7CC}"
EndProject
Project("{FAE04EC0-301F-11D3-BF4B-00C04F79EFBC}") = "XF5001.iOS", "XF5001\XF5001.iOS\XF5001.iOS.csproj", "{A890806A-D3CC-461B-8A20-899B06CB2E2C}"
EndProject
Project("{FAE04EC0-301F-11D3-BF4B-00C04F79EFBC}") = "XF5001.UWP", "XF5001\XF5001.UWP\XF5001.UWP.csproj", "{9CFBA867-FBD5-465F-8C51-CE43718AB36B}"
EndProject
Global
	GlobalSection(SolutionConfigurationPlatforms) = preSolution
		Ad-Hoc|Any CPU = Ad-Hoc|Any CPU
		Ad-Hoc|ARM = Ad-Hoc|ARM
		Ad-Hoc|iPhone = Ad-Hoc|iPhone
		Ad-Hoc|iPhoneSimulator = Ad-Hoc|iPhoneSimulator
		Ad-Hoc|x64 = Ad-Hoc|x64
		Ad-Hoc|x86 = Ad-Hoc|x86
		AppStore|Any CPU = AppStore|Any CPU
		AppStore|ARM = AppStore|ARM
		AppStore|iPhone = AppStore|iPhone
		AppStore|iPhoneSimulator = AppStore|iPhoneSimulator
		AppStore|x64 = AppStore|x64
		AppStore|x86 = AppStore|x86
		Debug|Any CPU = Debug|Any CPU
		Debug|ARM = Debug|ARM
		Debug|iPhone = Debug|iPhone
		Debug|iPhoneSimulator = Debug|iPhoneSimulator
		Debug|x64 = Debug|x64
		Debug|x86 = Debug|x86
		Release|Any CPU = Release|Any CPU
		Release|ARM = Release|ARM
		Release|iPhone = Release|iPhone
		Release|iPhoneSimulator = Release|iPhoneSimulator
		Release|x64 = Release|x64
		Release|x86 = Release|x86
	EndGlobalSection
	GlobalSection(ProjectConfigurationPlatforms) = postSolution
		{B4CD37DB-91A4-4B37-B8F4-D819C16300FF}.Ad-Hoc|Any CPU.ActiveCfg = Debug|Any CPU
		{B4CD37DB-91A4-4B37-B8F4-D819C16300FF}.Ad-Hoc|Any CPU.Build.0 = Debug|Any CPU
		{B4CD37DB-91A4-4B37-B8F4-D819C16300FF}.Ad-Hoc|ARM.ActiveCfg = Debug|Any CPU
		{B4CD37DB-91A4-4B37-B8F4-D819C16300FF}.Ad-Hoc|ARM.Build.0 = Debug|Any CPU
		{B4CD37DB-91A4-4B37-B8F4-D819C16300FF}.Ad-Hoc|iPhone.ActiveCfg = Debug|Any CPU
		{B4CD37DB-91A4-4B37-B8F4-D819C16300FF}.Ad-Hoc|iPhone.Build.0 = Debug|Any CPU
		{B4CD37DB-91A4-4B37-B8F4-D819C16300FF}.Ad-Hoc|iPhoneSimulator.ActiveCfg = Debug|Any CPU
		{B4CD37DB-91A4-4B37-B8F4-D819C16300FF}.Ad-Hoc|iPhoneSimulator.Build.0 = Debug|Any CPU
		{B4CD37DB-91A4-4B37-B8F4-D819C16300FF}.Ad-Hoc|x64.ActiveCfg = Debug|Any CPU
		{B4CD37DB-91A4-4B37-B8F4-D819C16300FF}.Ad-Hoc|x64.Build.0 = Debug|Any CPU
		{B4CD37DB-91A4-4B37-B8F4-D819C16300FF}.Ad-Hoc|x86.ActiveCfg = Debug|Any CPU
		{B4CD37DB-91A4-4B37-B8F4-D819C16300FF}.Ad-Hoc|x86.Build.0 = Debug|Any CPU
		{B4CD37DB-91A4-4B37-B8F4-D819C16300FF}.AppStore|Any CPU.ActiveCfg = Debug|Any CPU
		{B4CD37DB-91A4-4B37-B8F4-D819C16300FF}.AppStore|Any CPU.Build.0 = Debug|Any CPU
		{B4CD37DB-91A4-4B37-B8F4-D819C16300FF}.AppStore|ARM.ActiveCfg = Debug|Any CPU
		{B4CD37DB-91A4-4B37-B8F4-D819C16300FF}.AppStore|ARM.Build.0 = Debug|Any CPU
		{B4CD37DB-91A4-4B37-B8F4-D819C16300FF}.AppStore|iPhone.ActiveCfg = Debug|Any CPU
		{B4CD37DB-91A4-4B37-B8F4-D819C16300FF}.AppStore|iPhone.Build.0 = Debug|Any CPU
		{B4CD37DB-91A4-4B37-B8F4-D819C16300FF}.AppStore|iPhoneSimulator.ActiveCfg = Debug|Any CPU
		{B4CD37DB-91A4-4B37-B8F4-D819C16300FF}.AppStore|iPhoneSimulator.Build.0 = Debug|Any CPU
		{B4CD37DB-91A4-4B37-B8F4-D819C16300FF}.AppStore|x64.ActiveCfg = Debug|Any CPU
		{B4CD37DB-91A4-4B37-B8F4-D819C16300FF}.AppStore|x64.Build.0 = Debug|Any CPU
		{B4CD37DB-91A4-4B37-B8F4-D819C16300FF}.AppStore|x86.ActiveCfg = Debug|Any CPU
		{B4CD37DB-91A4-4B37-B8F4-D819C16300FF}.AppStore|x86.Build.0 = Debug|Any CPU
		{B4CD37DB-91A4-4B37-B8F4-D819C16300FF}.Debug|Any CPU.ActiveCfg = Debug|Any CPU
		{B4CD37DB-91A4-4B37-B8F4-D819C16300FF}.Debug|Any CPU.Build.0 = Debug|Any CPU
		{B4CD37DB-91A4-4B37-B8F4-D819C16300FF}.Debug|ARM.ActiveCfg = Debug|Any CPU
		{B4CD37DB-91A4-4B37-B8F4-D819C16300FF}.Debug|ARM.Build.0 = Debug|Any CPU
		{B4CD37DB-91A4-4B37-B8F4-D819C16300FF}.Debug|iPhone.ActiveCfg = Debug|Any CPU
		{B4CD37DB-91A4-4B37-B8F4-D819C16300FF}.Debug|iPhone.Build.0 = Debug|Any CPU
		{B4CD37DB-91A4-4B37-B8F4-D819C16300FF}.Debug|iPhoneSimulator.ActiveCfg = Debug|Any CPU
		{B4CD37DB-91A4-4B37-B8F4-D819C16300FF}.Debug|iPhoneSimulator.Build.0 = Debug|Any CPU
		{B4CD37DB-91A4-4B37-B8F4-D819C16300FF}.Debug|x64.ActiveCfg = Debug|Any CPU
		{B4CD37DB-91A4-4B37-B8F4-D819C16300FF}.Debug|x64.Build.0 = Debug|Any CPU
		{B4CD37DB-91A4-4B37-B8F4-D819C16300FF}.Debug|x86.ActiveCfg = Debug|Any CPU
		{B4CD37DB-91A4-4B37-B8F4-D819C16300FF}.Debug|x86.Build.0 = Debug|Any CPU
		{B4CD37DB-91A4-4B37-B8F4-D819C16300FF}.Release|Any CPU.ActiveCfg = Release|Any CPU
		{B4CD37DB-91A4-4B37-B8F4-D819C16300FF}.Release|Any CPU.Build.0 = Release|Any CPU
		{B4CD37DB-91A4-4B37-B8F4-D819C16300FF}.Release|ARM.ActiveCfg = Release|Any CPU
		{B4CD37DB-91A4-4B37-B8F4-D819C16300FF}.Release|ARM.Build.0 = Release|Any CPU
		{B4CD37DB-91A4-4B37-B8F4-D819C16300FF}.Release|iPhone.ActiveCfg = Release|Any CPU
		{B4CD37DB-91A4-4B37-B8F4-D819C16300FF}.Release|iPhone.Build.0 = Release|Any CPU
		{B4CD37DB-91A4-4B37-B8F4-D819C16300FF}.Release|iPhoneSimulator.ActiveCfg = Release|Any CPU
		{B4CD37DB-91A4-4B37-B8F4-D819C16300FF}.Release|iPhoneSimulator.Build.0 = Release|Any CPU
		{B4CD37DB-91A4-4B37-B8F4-D819C16300FF}.Release|x64.ActiveCfg = Release|Any CPU
		{B4CD37DB-91A4-4B37-B8F4-D819C16300FF}.Release|x64.Build.0 = Release|Any CPU
		{B4CD37DB-91A4-4B37-B8F4-D819C16300FF}.Release|x86.ActiveCfg = Release|Any CPU
		{B4CD37DB-91A4-4B37-B8F4-D819C16300FF}.Release|x86.Build.0 = Release|Any CPU
		{CF8ACC04-A4A5-4334-8442-052A1934E7CC}.Ad-Hoc|Any CPU.ActiveCfg = Release|Any CPU
		{CF8ACC04-A4A5-4334-8442-052A1934E7CC}.Ad-Hoc|Any CPU.Build.0 = Release|Any CPU
		{CF8ACC04-A4A5-4334-8442-052A1934E7CC}.Ad-Hoc|Any CPU.Deploy.0 = Release|Any CPU
		{CF8ACC04-A4A5-4334-8442-052A1934E7CC}.Ad-Hoc|ARM.ActiveCfg = Release|Any CPU
		{CF8ACC04-A4A5-4334-8442-052A1934E7CC}.Ad-Hoc|ARM.Build.0 = Release|Any CPU
		{CF8ACC04-A4A5-4334-8442-052A1934E7CC}.Ad-Hoc|ARM.Deploy.0 = Release|Any CPU
		{CF8ACC04-A4A5-4334-8442-052A1934E7CC}.Ad-Hoc|iPhone.ActiveCfg = Release|Any CPU
		{CF8ACC04-A4A5-4334-8442-052A1934E7CC}.Ad-Hoc|iPhone.Build.0 = Release|Any CPU
		{CF8ACC04-A4A5-4334-8442-052A1934E7CC}.Ad-Hoc|iPhone.Deploy.0 = Release|Any CPU
		{CF8ACC04-A4A5-4334-8442-052A1934E7CC}.Ad-Hoc|iPhoneSimulator.ActiveCfg = Release|Any CPU
		{CF8ACC04-A4A5-4334-8442-052A1934E7CC}.Ad-Hoc|iPhoneSimulator.Build.0 = Release|Any CPU
		{CF8ACC04-A4A5-4334-8442-052A1934E7CC}.Ad-Hoc|iPhoneSimulator.Deploy.0 = Release|Any CPU
		{CF8ACC04-A4A5-4334-8442-052A1934E7CC}.Ad-Hoc|x64.ActiveCfg = Release|Any CPU
		{CF8ACC04-A4A5-4334-8442-052A1934E7CC}.Ad-Hoc|x64.Build.0 = Release|Any CPU
		{CF8ACC04-A4A5-4334-8442-052A1934E7CC}.Ad-Hoc|x64.Deploy.0 = Release|Any CPU
		{CF8ACC04-A4A5-4334-8442-052A1934E7CC}.Ad-Hoc|x86.ActiveCfg = Release|Any CPU
		{CF8ACC04-A4A5-4334-8442-052A1934E7CC}.Ad-Hoc|x86.Build.0 = Release|Any CPU
		{CF8ACC04-A4A5-4334-8442-052A1934E7CC}.Ad-Hoc|x86.Deploy.0 = Release|Any CPU
		{CF8ACC04-A4A5-4334-8442-052A1934E7CC}.AppStore|Any CPU.ActiveCfg = Release|Any CPU
		{CF8ACC04-A4A5-4334-8442-052A1934E7CC}.AppStore|Any CPU.Build.0 = Release|Any CPU
		{CF8ACC04-A4A5-4334-8442-052A1934E7CC}.AppStore|Any CPU.Deploy.0 = Release|Any CPU
		{CF8ACC04-A4A5-4334-8442-052A1934E7CC}.AppStore|ARM.ActiveCfg = Release|Any CPU
		{CF8ACC04-A4A5-4334-8442-052A1934E7CC}.AppStore|ARM.Build.0 = Release|Any CPU
		{CF8ACC04-A4A5-4334-8442-052A1934E7CC}.AppStore|ARM.Deploy.0 = Release|Any CPU
		{CF8ACC04-A4A5-4334-8442-052A1934E7CC}.AppStore|iPhone.ActiveCfg = Release|Any CPU
		{CF8ACC04-A4A5-4334-8442-052A1934E7CC}.AppStore|iPhone.Build.0 = Release|Any CPU
		{CF8ACC04-A4A5-4334-8442-052A1934E7CC}.AppStore|iPhone.Deploy.0 = Release|Any CPU
		{CF8ACC04-A4A5-4334-8442-052A1934E7CC}.AppStore|iPhoneSimulator.ActiveCfg = Release|Any CPU
		{CF8ACC04-A4A5-4334-8442-052A1934E7CC}.AppStore|iPhoneSimulator.Build.0 = Release|Any CPU
		{CF8ACC04-A4A5-4334-8442-052A1934E7CC}.AppStore|iPhoneSimulator.Deploy.0 = Release|Any CPU
		{CF8ACC04-A4A5-4334-8442-052A1934E7CC}.AppStore|x64.ActiveCfg = Release|Any CPU
		{CF8ACC04-A4A5-4334-8442-052A1934E7CC}.AppStore|x64.Build.0 = Release|Any CPU
		{CF8ACC04-A4A5-4334-8442-052A1934E7CC}.AppStore|x64.Deploy.0 = Release|Any CPU
		{CF8ACC04-A4A5-4334-8442-052A1934E7CC}.AppStore|x86.ActiveCfg = Release|Any CPU
		{CF8ACC04-A4A5-4334-8442-052A1934E7CC}.AppStore|x86.Build.0 = Release|Any CPU
		{CF8ACC04-A4A5-4334-8442-052A1934E7CC}.AppStore|x86.Deploy.0 = Release|Any CPU
		{CF8ACC04-A4A5-4334-8442-052A1934E7CC}.Debug|Any CPU.ActiveCfg = Debug|Any CPU
		{CF8ACC04-A4A5-4334-8442-052A1934E7CC}.Debug|Any CPU.Build.0 = Debug|Any CPU
		{CF8ACC04-A4A5-4334-8442-052A1934E7CC}.Debug|Any CPU.Deploy.0 = Debug|Any CPU
		{CF8ACC04-A4A5-4334-8442-052A1934E7CC}.Debug|ARM.ActiveCfg = Debug|Any CPU
		{CF8ACC04-A4A5-4334-8442-052A1934E7CC}.Debug|ARM.Build.0 = Debug|Any CPU
		{CF8ACC04-A4A5-4334-8442-052A1934E7CC}.Debug|ARM.Deploy.0 = Debug|Any CPU
		{CF8ACC04-A4A5-4334-8442-052A1934E7CC}.Debug|iPhone.ActiveCfg = Debug|Any CPU
		{CF8ACC04-A4A5-4334-8442-052A1934E7CC}.Debug|iPhone.Build.0 = Debug|Any CPU
		{CF8ACC04-A4A5-4334-8442-052A1934E7CC}.Debug|iPhone.Deploy.0 = Debug|Any CPU
		{CF8ACC04-A4A5-4334-8442-052A1934E7CC}.Debug|iPhoneSimulator.ActiveCfg = Debug|Any CPU
		{CF8ACC04-A4A5-4334-8442-052A1934E7CC}.Debug|iPhoneSimulator.Build.0 = Debug|Any CPU
		{CF8ACC04-A4A5-4334-8442-052A1934E7CC}.Debug|iPhoneSimulator.Deploy.0 = Debug|Any CPU
		{CF8ACC04-A4A5-4334-8442-052A1934E7CC}.Debug|x64.ActiveCfg = Debug|Any CPU
		{CF8ACC04-A4A5-4334-8442-052A1934E7CC}.Debug|x64.Build.0 = Debug|Any CPU
		{CF8ACC04-A4A5-4334-8442-052A1934E7CC}.Debug|x64.Deploy.0 = Debug|Any CPU
		{CF8ACC04-A4A5-4334-8442-052A1934E7CC}.Debug|x86.ActiveCfg = Debug|Any CPU
		{CF8ACC04-A4A5-4334-8442-052A1934E7CC}.Debug|x86.Build.0 = Debug|Any CPU
		{CF8ACC04-A4A5-4334-8442-052A1934E7CC}.Debug|x86.Deploy.0 = Debug|Any CPU
		{CF8ACC04-A4A5-4334-8442-052A1934E7CC}.Release|Any CPU.ActiveCfg = Release|Any CPU
		{CF8ACC04-A4A5-4334-8442-052A1934E7CC}.Release|Any CPU.Build.0 = Release|Any CPU
		{CF8ACC04-A4A5-4334-8442-052A1934E7CC}.Release|Any CPU.Deploy.0 = Release|Any CPU
		{CF8ACC04-A4A5-4334-8442-052A1934E7CC}.Release|ARM.ActiveCfg = Release|Any CPU
		{CF8ACC04-A4A5-4334-8442-052A1934E7CC}.Release|ARM.Build.0 = Release|Any CPU
		{CF8ACC04-A4A5-4334-8442-052A1934E7CC}.Release|ARM.Deploy.0 = Release|Any CPU
		{CF8ACC04-A4A5-4334-8442-052A1934E7CC}.Release|iPhone.ActiveCfg = Release|Any CPU
		{CF8ACC04-A4A5-4334-8442-052A1934E7CC}.Release|iPhone.Build.0 = Release|Any CPU
		{CF8ACC04-A4A5-4334-8442-052A1934E7CC}.Release|iPhone.Deploy.0 = Release|Any CPU
		{CF8ACC04-A4A5-4334-8442-052A1934E7CC}.Release|iPhoneSimulator.ActiveCfg = Release|Any CPU
		{CF8ACC04-A4A5-4334-8442-052A1934E7CC}.Release|iPhoneSimulator.Build.0 = Release|Any CPU
		{CF8ACC04-A4A5-4334-8442-052A1934E7CC}.Release|iPhoneSimulator.Deploy.0 = Release|Any CPU
		{CF8ACC04-A4A5-4334-8442-052A1934E7CC}.Release|x64.ActiveCfg = Release|Any CPU
		{CF8ACC04-A4A5-4334-8442-052A1934E7CC}.Release|x64.Build.0 = Release|Any CPU
		{CF8ACC04-A4A5-4334-8442-052A1934E7CC}.Release|x64.Deploy.0 = Release|Any CPU
		{CF8ACC04-A4A5-4334-8442-052A1934E7CC}.Release|x86.ActiveCfg = Release|Any CPU
		{CF8ACC04-A4A5-4334-8442-052A1934E7CC}.Release|x86.Build.0 = Release|Any CPU
		{CF8ACC04-A4A5-4334-8442-052A1934E7CC}.Release|x86.Deploy.0 = Release|Any CPU
		{A890806A-D3CC-461B-8A20-899B06CB2E2C}.Ad-Hoc|Any CPU.ActiveCfg = Ad-Hoc|iPhone
		{A890806A-D3CC-461B-8A20-899B06CB2E2C}.Ad-Hoc|ARM.ActiveCfg = Ad-Hoc|iPhone
		{A890806A-D3CC-461B-8A20-899B06CB2E2C}.Ad-Hoc|iPhone.ActiveCfg = Ad-Hoc|iPhone
		{A890806A-D3CC-461B-8A20-899B06CB2E2C}.Ad-Hoc|iPhone.Build.0 = Ad-Hoc|iPhone
		{A890806A-D3CC-461B-8A20-899B06CB2E2C}.Ad-Hoc|iPhoneSimulator.ActiveCfg = Ad-Hoc|iPhoneSimulator
		{A890806A-D3CC-461B-8A20-899B06CB2E2C}.Ad-Hoc|iPhoneSimulator.Build.0 = Ad-Hoc|iPhoneSimulator
		{A890806A-D3CC-461B-8A20-899B06CB2E2C}.Ad-Hoc|x64.ActiveCfg = Ad-Hoc|iPhone
		{A890806A-D3CC-461B-8A20-899B06CB2E2C}.Ad-Hoc|x86.ActiveCfg = Ad-Hoc|iPhone
		{A890806A-D3CC-461B-8A20-899B06CB2E2C}.AppStore|Any CPU.ActiveCfg = AppStore|iPhone
		{A890806A-D3CC-461B-8A20-899B06CB2E2C}.AppStore|ARM.ActiveCfg = AppStore|iPhone
		{A890806A-D3CC-461B-8A20-899B06CB2E2C}.AppStore|iPhone.ActiveCfg = AppStore|iPhone
		{A890806A-D3CC-461B-8A20-899B06CB2E2C}.AppStore|iPhone.Build.0 = AppStore|iPhone
		{A890806A-D3CC-461B-8A20-899B06CB2E2C}.AppStore|iPhoneSimulator.ActiveCfg = AppStore|iPhoneSimulator
		{A890806A-D3CC-461B-8A20-899B06CB2E2C}.AppStore|iPhoneSimulator.Build.0 = AppStore|iPhoneSimulator
		{A890806A-D3CC-461B-8A20-899B06CB2E2C}.AppStore|x64.ActiveCfg = AppStore|iPhone
		{A890806A-D3CC-461B-8A20-899B06CB2E2C}.AppStore|x86.ActiveCfg = AppStore|iPhone
		{A890806A-D3CC-461B-8A20-899B06CB2E2C}.Debug|Any CPU.ActiveCfg = Debug|iPhone
		{A890806A-D3CC-461B-8A20-899B06CB2E2C}.Debug|ARM.ActiveCfg = Debug|iPhone
		{A890806A-D3CC-461B-8A20-899B06CB2E2C}.Debug|iPhone.ActiveCfg = Debug|iPhone
		{A890806A-D3CC-461B-8A20-899B06CB2E2C}.Debug|iPhone.Build.0 = Debug|iPhone
		{A890806A-D3CC-461B-8A20-899B06CB2E2C}.Debug|iPhoneSimulator.ActiveCfg = Debug|iPhoneSimulator
		{A890806A-D3CC-461B-8A20-899B06CB2E2C}.Debug|iPhoneSimulator.Build.0 = Debug|iPhoneSimulator
		{A890806A-D3CC-461B-8A20-899B06CB2E2C}.Debug|x64.ActiveCfg = Debug|iPhone
		{A890806A-D3CC-461B-8A20-899B06CB2E2C}.Debug|x86.ActiveCfg = Debug|iPhone
		{A890806A-D3CC-461B-8A20-899B06CB2E2C}.Release|Any CPU.ActiveCfg = Release|iPhone
		{A890806A-D3CC-461B-8A20-899B06CB2E2C}.Release|ARM.ActiveCfg = Release|iPhone
		{A890806A-D3CC-461B-8A20-899B06CB2E2C}.Release|iPhone.ActiveCfg = Release|iPhone
		{A890806A-D3CC-461B-8A20-899B06CB2E2C}.Release|iPhone.Build.0 = Release|iPhone
		{A890806A-D3CC-461B-8A20-899B06CB2E2C}.Release|iPhoneSimulator.ActiveCfg = Release|iPhoneSimulator
		{A890806A-D3CC-461B-8A20-899B06CB2E2C}.Release|iPhoneSimulator.Build.0 = Release|iPhoneSimulator
		{A890806A-D3CC-461B-8A20-899B06CB2E2C}.Release|x64.ActiveCfg = Release|iPhone
		{A890806A-D3CC-461B-8A20-899B06CB2E2C}.Release|x86.ActiveCfg = Release|iPhone
		{9CFBA867-FBD5-465F-8C51-CE43718AB36B}.Ad-Hoc|Any CPU.ActiveCfg = Release|x86
		{9CFBA867-FBD5-465F-8C51-CE43718AB36B}.Ad-Hoc|Any CPU.Build.0 = Release|x86
		{9CFBA867-FBD5-465F-8C51-CE43718AB36B}.Ad-Hoc|Any CPU.Deploy.0 = Release|x86
		{9CFBA867-FBD5-465F-8C51-CE43718AB36B}.Ad-Hoc|ARM.ActiveCfg = Release|ARM
		{9CFBA867-FBD5-465F-8C51-CE43718AB36B}.Ad-Hoc|ARM.Build.0 = Release|ARM
		{9CFBA867-FBD5-465F-8C51-CE43718AB36B}.Ad-Hoc|ARM.Deploy.0 = Release|ARM
		{9CFBA867-FBD5-465F-8C51-CE43718AB36B}.Ad-Hoc|iPhone.ActiveCfg = Release|x86
		{9CFBA867-FBD5-465F-8C51-CE43718AB36B}.Ad-Hoc|iPhone.Build.0 = Release|x86
		{9CFBA867-FBD5-465F-8C51-CE43718AB36B}.Ad-Hoc|iPhone.Deploy.0 = Release|x86
		{9CFBA867-FBD5-465F-8C51-CE43718AB36B}.Ad-Hoc|iPhoneSimulator.ActiveCfg = Release|x86
		{9CFBA867-FBD5-465F-8C51-CE43718AB36B}.Ad-Hoc|iPhoneSimulator.Build.0 = Release|x86
		{9CFBA867-FBD5-465F-8C51-CE43718AB36B}.Ad-Hoc|iPhoneSimulator.Deploy.0 = Release|x86
		{9CFBA867-FBD5-465F-8C51-CE43718AB36B}.Ad-Hoc|x64.ActiveCfg = Release|x64
		{9CFBA867-FBD5-465F-8C51-CE43718AB36B}.Ad-Hoc|x64.Build.0 = Release|x64
		{9CFBA867-FBD5-465F-8C51-CE43718AB36B}.Ad-Hoc|x64.Deploy.0 = Release|x64
		{9CFBA867-FBD5-465F-8C51-CE43718AB36B}.Ad-Hoc|x86.ActiveCfg = Release|x86
		{9CFBA867-FBD5-465F-8C51-CE43718AB36B}.Ad-Hoc|x86.Build.0 = Release|x86
		{9CFBA867-FBD5-465F-8C51-CE43718AB36B}.Ad-Hoc|x86.Deploy.0 = Release|x86
		{9CFBA867-FBD5-465F-8C51-CE43718AB36B}.AppStore|Any CPU.ActiveCfg = Release|x86
		{9CFBA867-FBD5-465F-8C51-CE43718AB36B}.AppStore|Any CPU.Build.0 = Release|x86
		{9CFBA867-FBD5-465F-8C51-CE43718AB36B}.AppStore|Any CPU.Deploy.0 = Release|x86
		{9CFBA867-FBD5-465F-8C51-CE43718AB36B}.AppStore|ARM.ActiveCfg = Release|ARM
		{9CFBA867-FBD5-465F-8C51-CE43718AB36B}.AppStore|ARM.Build.0 = Release|ARM
		{9CFBA867-FBD5-465F-8C51-CE43718AB36B}.AppStore|ARM.Deploy.0 = Release|ARM
		{9CFBA867-FBD5-465F-8C51-CE43718AB36B}.AppStore|iPhone.ActiveCfg = Release|x86
		{9CFBA867-FBD5-465F-8C51-CE43718AB36B}.AppStore|iPhone.Build.0 = Release|x86
		{9CFBA867-FBD5-465F-8C51-CE43718AB36B}.AppStore|iPhone.Deploy.0 = Release|x86
		{9CFBA867-FBD5-465F-8C51-CE43718AB36B}.AppStore|iPhoneSimulator.ActiveCfg = Release|x86
		{9CFBA867-FBD5-465F-8C51-CE43718AB36B}.AppStore|iPhoneSimulator.Build.0 = Release|x86
		{9CFBA867-FBD5-465F-8C51-CE43718AB36B}.AppStore|iPhoneSimulator.Deploy.0 = Release|x86
		{9CFBA867-FBD5-465F-8C51-CE43718AB36B}.AppStore|x64.ActiveCfg = Release|x64
		{9CFBA867-FBD5-465F-8C51-CE43718AB36B}.AppStore|x64.Build.0 = Release|x64
		{9CFBA867-FBD5-465F-8C51-CE43718AB36B}.AppStore|x64.Deploy.0 = Release|x64
		{9CFBA867-FBD5-465F-8C51-CE43718AB36B}.AppStore|x86.ActiveCfg = Release|x86
		{9CFBA867-FBD5-465F-8C51-CE43718AB36B}.AppStore|x86.Build.0 = Release|x86
		{9CFBA867-FBD5-465F-8C51-CE43718AB36B}.AppStore|x86.Deploy.0 = Release|x86
		{9CFBA867-FBD5-465F-8C51-CE43718AB36B}.Debug|Any CPU.ActiveCfg = Debug|x86
		{9CFBA867-FBD5-465F-8C51-CE43718AB36B}.Debug|ARM.ActiveCfg = Debug|ARM
		{9CFBA867-FBD5-465F-8C51-CE43718AB36B}.Debug|ARM.Build.0 = Debug|ARM
		{9CFBA867-FBD5-465F-8C51-CE43718AB36B}.Debug|ARM.Deploy.0 = Debug|ARM
		{9CFBA867-FBD5-465F-8C51-CE43718AB36B}.Debug|iPhone.ActiveCfg = Debug|x86
		{9CFBA867-FBD5-465F-8C51-CE43718AB36B}.Debug|iPhoneSimulator.ActiveCfg = Debug|x86
		{9CFBA867-FBD5-465F-8C51-CE43718AB36B}.Debug|x64.ActiveCfg = Debug|x64
		{9CFBA867-FBD5-465F-8C51-CE43718AB36B}.Debug|x64.Build.0 = Debug|x64
		{9CFBA867-FBD5-465F-8C51-CE43718AB36B}.Debug|x64.Deploy.0 = Debug|x64
		{9CFBA867-FBD5-465F-8C51-CE43718AB36B}.Debug|x86.ActiveCfg = Debug|x86
		{9CFBA867-FBD5-465F-8C51-CE43718AB36B}.Debug|x86.Build.0 = Debug|x86
		{9CFBA867-FBD5-465F-8C51-CE43718AB36B}.Debug|x86.Deploy.0 = Debug|x86
		{9CFBA867-FBD5-465F-8C51-CE43718AB36B}.Release|Any CPU.ActiveCfg = Release|x86
		{9CFBA867-FBD5-465F-8C51-CE43718AB36B}.Release|ARM.ActiveCfg = Release|ARM
		{9CFBA867-FBD5-465F-8C51-CE43718AB36B}.Release|ARM.Build.0 = Release|ARM
		{9CFBA867-FBD5-465F-8C51-CE43718AB36B}.Release|ARM.Deploy.0 = Release|ARM
		{9CFBA867-FBD5-465F-8C51-CE43718AB36B}.Release|iPhone.ActiveCfg = Release|x86
		{9CFBA867-FBD5-465F-8C51-CE43718AB36B}.Release|iPhoneSimulator.ActiveCfg = Release|x86
		{9CFBA867-FBD5-465F-8C51-CE43718AB36B}.Release|x64.ActiveCfg = Release|x64
		{9CFBA867-FBD5-465F-8C51-CE43718AB36B}.Release|x64.Build.0 = Release|x64
		{9CFBA867-FBD5-465F-8C51-CE43718AB36B}.Release|x64.Deploy.0 = Release|x64
		{9CFBA867-FBD5-465F-8C51-CE43718AB36B}.Release|x86.ActiveCfg = Release|x86
		{9CFBA867-FBD5-465F-8C51-CE43718AB36B}.Release|x86.Build.0 = Release|x86
		{9CFBA867-FBD5-465F-8C51-CE43718AB36B}.Release|x86.Deploy.0 = Release|x86
	EndGlobalSection
	GlobalSection(SolutionProperties) = preSolution
		HideSolutionNode = FALSE
	EndGlobalSection
	GlobalSection(ExtensibilityGlobals) = postSolution
		SolutionGuid = {1CD9B2A1-9A83-4D93-B7C0-F540F646BFE9}
	EndGlobalSection
EndGlobal
