
Microsoft Visual Studio Solution File, Format Version 12.00
# Visual Studio Version 16
VisualStudioVersion = 16.0.28803.202
MinimumVisualStudioVersion = 10.0.40219.1
Project("{FAE04EC0-301F-11D3-BF4B-00C04F79EFBC}") = "XF2015", "XF2015\XF2015\XF2015.csproj", "{E8B0A496-D1F1-48A5-A0AD-D397393EBA84}"
EndProject
Project("{FAE04EC0-301F-11D3-BF4B-00C04F79EFBC}") = "XF2015.Android", "XF2015\XF2015.Android\XF2015.Android.csproj", "{1CA9A316-C6DC-4C60-A92F-B322A7B2CA73}"
EndProject
Project("{FAE04EC0-301F-11D3-BF4B-00C04F79EFBC}") = "XF2015.iOS", "XF2015\XF2015.iOS\XF2015.iOS.csproj", "{A8875FAE-62E0-463B-A358-45F708D13295}"
EndProject
Project("{FAE04EC0-301F-11D3-BF4B-00C04F79EFBC}") = "XF2015.UWP", "XF2015\XF2015.UWP\XF2015.UWP.csproj", "{26BD08A7-993E-4DFD-B97C-4A523FA81491}"
EndProject
Global
	GlobalSection(SolutionConfigurationPlatforms) = preSolution
		Ad-Hoc|Any CPU = Ad-Hoc|Any CPU
		Ad-Hoc|ARM = Ad-Hoc|ARM
		Ad-Hoc|iPhone = Ad-Hoc|iPhone
		Ad-Hoc|iPhoneSimulator = Ad-Hoc|iPhoneSimulator
		Ad-Hoc|x64 = Ad-Hoc|x64
		Ad-Hoc|x86 = Ad-Hoc|x86
		AppStore|Any CPU = AppStore|Any CPU
		AppStore|ARM = AppStore|ARM
		AppStore|iPhone = AppStore|iPhone
		AppStore|iPhoneSimulator = AppStore|iPhoneSimulator
		AppStore|x64 = AppStore|x64
		AppStore|x86 = AppStore|x86
		Debug|Any CPU = Debug|Any CPU
		Debug|ARM = Debug|ARM
		Debug|iPhone = Debug|iPhone
		Debug|iPhoneSimulator = Debug|iPhoneSimulator
		Debug|x64 = Debug|x64
		Debug|x86 = Debug|x86
		Release|Any CPU = Release|Any CPU
		Release|ARM = Release|ARM
		Release|iPhone = Release|iPhone
		Release|iPhoneSimulator = Release|iPhoneSimulator
		Release|x64 = Release|x64
		Release|x86 = Release|x86
	EndGlobalSection
	GlobalSection(ProjectConfigurationPlatforms) = postSolution
		{E8B0A496-D1F1-48A5-A0AD-D397393EBA84}.Ad-Hoc|Any CPU.ActiveCfg = Debug|Any CPU
		{E8B0A496-D1F1-48A5-A0AD-D397393EBA84}.Ad-Hoc|Any CPU.Build.0 = Debug|Any CPU
		{E8B0A496-D1F1-48A5-A0AD-D397393EBA84}.Ad-Hoc|ARM.ActiveCfg = Debug|Any CPU
		{E8B0A496-D1F1-48A5-A0AD-D397393EBA84}.Ad-Hoc|ARM.Build.0 = Debug|Any CPU
		{E8B0A496-D1F1-48A5-A0AD-D397393EBA84}.Ad-Hoc|iPhone.ActiveCfg = Debug|Any CPU
		{E8B0A496-D1F1-48A5-A0AD-D397393EBA84}.Ad-Hoc|iPhone.Build.0 = Debug|Any CPU
		{E8B0A496-D1F1-48A5-A0AD-D397393EBA84}.Ad-Hoc|iPhoneSimulator.ActiveCfg = Debug|Any CPU
		{E8B0A496-D1F1-48A5-A0AD-D397393EBA84}.Ad-Hoc|iPhoneSimulator.Build.0 = Debug|Any CPU
		{E8B0A496-D1F1-48A5-A0AD-D397393EBA84}.Ad-Hoc|x64.ActiveCfg = Debug|Any CPU
		{E8B0A496-D1F1-48A5-A0AD-D397393EBA84}.Ad-Hoc|x64.Build.0 = Debug|Any CPU
		{E8B0A496-D1F1-48A5-A0AD-D397393EBA84}.Ad-Hoc|x86.ActiveCfg = Debug|Any CPU
		{E8B0A496-D1F1-48A5-A0AD-D397393EBA84}.Ad-Hoc|x86.Build.0 = Debug|Any CPU
		{E8B0A496-D1F1-48A5-A0AD-D397393EBA84}.AppStore|Any CPU.ActiveCfg = Debug|Any CPU
		{E8B0A496-D1F1-48A5-A0AD-D397393EBA84}.AppStore|Any CPU.Build.0 = Debug|Any CPU
		{E8B0A496-D1F1-48A5-A0AD-D397393EBA84}.AppStore|ARM.ActiveCfg = Debug|Any CPU
		{E8B0A496-D1F1-48A5-A0AD-D397393EBA84}.AppStore|ARM.Build.0 = Debug|Any CPU
		{E8B0A496-D1F1-48A5-A0AD-D397393EBA84}.AppStore|iPhone.ActiveCfg = Debug|Any CPU
		{E8B0A496-D1F1-48A5-A0AD-D397393EBA84}.AppStore|iPhone.Build.0 = Debug|Any CPU
		{E8B0A496-D1F1-48A5-A0AD-D397393EBA84}.AppStore|iPhoneSimulator.ActiveCfg = Debug|Any CPU
		{E8B0A496-D1F1-48A5-A0AD-D397393EBA84}.AppStore|iPhoneSimulator.Build.0 = Debug|Any CPU
		{E8B0A496-D1F1-48A5-A0AD-D397393EBA84}.AppStore|x64.ActiveCfg = Debug|Any CPU
		{E8B0A496-D1F1-48A5-A0AD-D397393EBA84}.AppStore|x64.Build.0 = Debug|Any CPU
		{E8B0A496-D1F1-48A5-A0AD-D397393EBA84}.AppStore|x86.ActiveCfg = Debug|Any CPU
		{E8B0A496-D1F1-48A5-A0AD-D397393EBA84}.AppStore|x86.Build.0 = Debug|Any CPU
		{E8B0A496-D1F1-48A5-A0AD-D397393EBA84}.Debug|Any CPU.ActiveCfg = Debug|Any CPU
		{E8B0A496-D1F1-48A5-A0AD-D397393EBA84}.Debug|Any CPU.Build.0 = Debug|Any CPU
		{E8B0A496-D1F1-48A5-A0AD-D397393EBA84}.Debug|ARM.ActiveCfg = Debug|Any CPU
		{E8B0A496-D1F1-48A5-A0AD-D397393EBA84}.Debug|ARM.Build.0 = Debug|Any CPU
		{E8B0A496-D1F1-48A5-A0AD-D397393EBA84}.Debug|iPhone.ActiveCfg = Debug|Any CPU
		{E8B0A496-D1F1-48A5-A0AD-D397393EBA84}.Debug|iPhone.Build.0 = Debug|Any CPU
		{E8B0A496-D1F1-48A5-A0AD-D397393EBA84}.Debug|iPhoneSimulator.ActiveCfg = Debug|Any CPU
		{E8B0A496-D1F1-48A5-A0AD-D397393EBA84}.Debug|iPhoneSimulator.Build.0 = Debug|Any CPU
		{E8B0A496-D1F1-48A5-A0AD-D397393EBA84}.Debug|x64.ActiveCfg = Debug|Any CPU
		{E8B0A496-D1F1-48A5-A0AD-D397393EBA84}.Debug|x64.Build.0 = Debug|Any CPU
		{E8B0A496-D1F1-48A5-A0AD-D397393EBA84}.Debug|x86.ActiveCfg = Debug|Any CPU
		{E8B0A496-D1F1-48A5-A0AD-D397393EBA84}.Debug|x86.Build.0 = Debug|Any CPU
		{E8B0A496-D1F1-48A5-A0AD-D397393EBA84}.Release|Any CPU.ActiveCfg = Release|Any CPU
		{E8B0A496-D1F1-48A5-A0AD-D397393EBA84}.Release|Any CPU.Build.0 = Release|Any CPU
		{E8B0A496-D1F1-48A5-A0AD-D397393EBA84}.Release|ARM.ActiveCfg = Release|Any CPU
		{E8B0A496-D1F1-48A5-A0AD-D397393EBA84}.Release|ARM.Build.0 = Release|Any CPU
		{E8B0A496-D1F1-48A5-A0AD-D397393EBA84}.Release|iPhone.ActiveCfg = Release|Any CPU
		{E8B0A496-D1F1-48A5-A0AD-D397393EBA84}.Release|iPhone.Build.0 = Release|Any CPU
		{E8B0A496-D1F1-48A5-A0AD-D397393EBA84}.Release|iPhoneSimulator.ActiveCfg = Release|Any CPU
		{E8B0A496-D1F1-48A5-A0AD-D397393EBA84}.Release|iPhoneSimulator.Build.0 = Release|Any CPU
		{E8B0A496-D1F1-48A5-A0AD-D397393EBA84}.Release|x64.ActiveCfg = Release|Any CPU
		{E8B0A496-D1F1-48A5-A0AD-D397393EBA84}.Release|x64.Build.0 = Release|Any CPU
		{E8B0A496-D1F1-48A5-A0AD-D397393EBA84}.Release|x86.ActiveCfg = Release|Any CPU
		{E8B0A496-D1F1-48A5-A0AD-D397393EBA84}.Release|x86.Build.0 = Release|Any CPU
		{1CA9A316-C6DC-4C60-A92F-B322A7B2CA73}.Ad-Hoc|Any CPU.ActiveCfg = Release|Any CPU
		{1CA9A316-C6DC-4C60-A92F-B322A7B2CA73}.Ad-Hoc|Any CPU.Build.0 = Release|Any CPU
		{1CA9A316-C6DC-4C60-A92F-B322A7B2CA73}.Ad-Hoc|Any CPU.Deploy.0 = Release|Any CPU
		{1CA9A316-C6DC-4C60-A92F-B322A7B2CA73}.Ad-Hoc|ARM.ActiveCfg = Release|Any CPU
		{1CA9A316-C6DC-4C60-A92F-B322A7B2CA73}.Ad-Hoc|ARM.Build.0 = Release|Any CPU
		{1CA9A316-C6DC-4C60-A92F-B322A7B2CA73}.Ad-Hoc|ARM.Deploy.0 = Release|Any CPU
		{1CA9A316-C6DC-4C60-A92F-B322A7B2CA73}.Ad-Hoc|iPhone.ActiveCfg = Release|Any CPU
		{1CA9A316-C6DC-4C60-A92F-B322A7B2CA73}.Ad-Hoc|iPhone.Build.0 = Release|Any CPU
		{1CA9A316-C6DC-4C60-A92F-B322A7B2CA73}.Ad-Hoc|iPhone.Deploy.0 = Release|Any CPU
		{1CA9A316-C6DC-4C60-A92F-B322A7B2CA73}.Ad-Hoc|iPhoneSimulator.ActiveCfg = Release|Any CPU
		{1CA9A316-C6DC-4C60-A92F-B322A7B2CA73}.Ad-Hoc|iPhoneSimulator.Build.0 = Release|Any CPU
		{1CA9A316-C6DC-4C60-A92F-B322A7B2CA73}.Ad-Hoc|iPhoneSimulator.Deploy.0 = Release|Any CPU
		{1CA9A316-C6DC-4C60-A92F-B322A7B2CA73}.Ad-Hoc|x64.ActiveCfg = Release|Any CPU
		{1CA9A316-C6DC-4C60-A92F-B322A7B2CA73}.Ad-Hoc|x64.Build.0 = Release|Any CPU
		{1CA9A316-C6DC-4C60-A92F-B322A7B2CA73}.Ad-Hoc|x64.Deploy.0 = Release|Any CPU
		{1CA9A316-C6DC-4C60-A92F-B322A7B2CA73}.Ad-Hoc|x86.ActiveCfg = Release|Any CPU
		{1CA9A316-C6DC-4C60-A92F-B322A7B2CA73}.Ad-Hoc|x86.Build.0 = Release|Any CPU
		{1CA9A316-C6DC-4C60-A92F-B322A7B2CA73}.Ad-Hoc|x86.Deploy.0 = Release|Any CPU
		{1CA9A316-C6DC-4C60-A92F-B322A7B2CA73}.AppStore|Any CPU.ActiveCfg = Release|Any CPU
		{1CA9A316-C6DC-4C60-A92F-B322A7B2CA73}.AppStore|Any CPU.Build.0 = Release|Any CPU
		{1CA9A316-C6DC-4C60-A92F-B322A7B2CA73}.AppStore|Any CPU.Deploy.0 = Release|Any CPU
		{1CA9A316-C6DC-4C60-A92F-B322A7B2CA73}.AppStore|ARM.ActiveCfg = Release|Any CPU
		{1CA9A316-C6DC-4C60-A92F-B322A7B2CA73}.AppStore|ARM.Build.0 = Release|Any CPU
		{1CA9A316-C6DC-4C60-A92F-B322A7B2CA73}.AppStore|ARM.Deploy.0 = Release|Any CPU
		{1CA9A316-C6DC-4C60-A92F-B322A7B2CA73}.AppStore|iPhone.ActiveCfg = Release|Any CPU
		{1CA9A316-C6DC-4C60-A92F-B322A7B2CA73}.AppStore|iPhone.Build.0 = Release|Any CPU
		{1CA9A316-C6DC-4C60-A92F-B322A7B2CA73}.AppStore|iPhone.Deploy.0 = Release|Any CPU
		{1CA9A316-C6DC-4C60-A92F-B322A7B2CA73}.AppStore|iPhoneSimulator.ActiveCfg = Release|Any CPU
		{1CA9A316-C6DC-4C60-A92F-B322A7B2CA73}.AppStore|iPhoneSimulator.Build.0 = Release|Any CPU
		{1CA9A316-C6DC-4C60-A92F-B322A7B2CA73}.AppStore|iPhoneSimulator.Deploy.0 = Release|Any CPU
		{1CA9A316-C6DC-4C60-A92F-B322A7B2CA73}.AppStore|x64.ActiveCfg = Release|Any CPU
		{1CA9A316-C6DC-4C60-A92F-B322A7B2CA73}.AppStore|x64.Build.0 = Release|Any CPU
		{1CA9A316-C6DC-4C60-A92F-B322A7B2CA73}.AppStore|x64.Deploy.0 = Release|Any CPU
		{1CA9A316-C6DC-4C60-A92F-B322A7B2CA73}.AppStore|x86.ActiveCfg = Release|Any CPU
		{1CA9A316-C6DC-4C60-A92F-B322A7B2CA73}.AppStore|x86.Build.0 = Release|Any CPU
		{1CA9A316-C6DC-4C60-A92F-B322A7B2CA73}.AppStore|x86.Deploy.0 = Release|Any CPU
		{1CA9A316-C6DC-4C60-A92F-B322A7B2CA73}.Debug|Any CPU.ActiveCfg = Debug|Any CPU
		{1CA9A316-C6DC-4C60-A92F-B322A7B2CA73}.Debug|Any CPU.Build.0 = Debug|Any CPU
		{1CA9A316-C6DC-4C60-A92F-B322A7B2CA73}.Debug|Any CPU.Deploy.0 = Debug|Any CPU
		{1CA9A316-C6DC-4C60-A92F-B322A7B2CA73}.Debug|ARM.ActiveCfg = Debug|Any CPU
		{1CA9A316-C6DC-4C60-A92F-B322A7B2CA73}.Debug|ARM.Build.0 = Debug|Any CPU
		{1CA9A316-C6DC-4C60-A92F-B322A7B2CA73}.Debug|ARM.Deploy.0 = Debug|Any CPU
		{1CA9A316-C6DC-4C60-A92F-B322A7B2CA73}.Debug|iPhone.ActiveCfg = Debug|Any CPU
		{1CA9A316-C6DC-4C60-A92F-B322A7B2CA73}.Debug|iPhone.Build.0 = Debug|Any CPU
		{1CA9A316-C6DC-4C60-A92F-B322A7B2CA73}.Debug|iPhone.Deploy.0 = Debug|Any CPU
		{1CA9A316-C6DC-4C60-A92F-B322A7B2CA73}.Debug|iPhoneSimulator.ActiveCfg = Debug|Any CPU
		{1CA9A316-C6DC-4C60-A92F-B322A7B2CA73}.Debug|iPhoneSimulator.Build.0 = Debug|Any CPU
		{1CA9A316-C6DC-4C60-A92F-B322A7B2CA73}.Debug|iPhoneSimulator.Deploy.0 = Debug|Any CPU
		{1CA9A316-C6DC-4C60-A92F-B322A7B2CA73}.Debug|x64.ActiveCfg = Debug|Any CPU
		{1CA9A316-C6DC-4C60-A92F-B322A7B2CA73}.Debug|x64.Build.0 = Debug|Any CPU
		{1CA9A316-C6DC-4C60-A92F-B322A7B2CA73}.Debug|x64.Deploy.0 = Debug|Any CPU
		{1CA9A316-C6DC-4C60-A92F-B322A7B2CA73}.Debug|x86.ActiveCfg = Debug|Any CPU
		{1CA9A316-C6DC-4C60-A92F-B322A7B2CA73}.Debug|x86.Build.0 = Debug|Any CPU
		{1CA9A316-C6DC-4C60-A92F-B322A7B2CA73}.Debug|x86.Deploy.0 = Debug|Any CPU
		{1CA9A316-C6DC-4C60-A92F-B322A7B2CA73}.Release|Any CPU.ActiveCfg = Release|Any CPU
		{1CA9A316-C6DC-4C60-A92F-B322A7B2CA73}.Release|Any CPU.Build.0 = Release|Any CPU
		{1CA9A316-C6DC-4C60-A92F-B322A7B2CA73}.Release|Any CPU.Deploy.0 = Release|Any CPU
		{1CA9A316-C6DC-4C60-A92F-B322A7B2CA73}.Release|ARM.ActiveCfg = Release|Any CPU
		{1CA9A316-C6DC-4C60-A92F-B322A7B2CA73}.Release|ARM.Build.0 = Release|Any CPU
		{1CA9A316-C6DC-4C60-A92F-B322A7B2CA73}.Release|ARM.Deploy.0 = Release|Any CPU
		{1CA9A316-C6DC-4C60-A92F-B322A7B2CA73}.Release|iPhone.ActiveCfg = Release|Any CPU
		{1CA9A316-C6DC-4C60-A92F-B322A7B2CA73}.Release|iPhone.Build.0 = Release|Any CPU
		{1CA9A316-C6DC-4C60-A92F-B322A7B2CA73}.Release|iPhone.Deploy.0 = Release|Any CPU
		{1CA9A316-C6DC-4C60-A92F-B322A7B2CA73}.Release|iPhoneSimulator.ActiveCfg = Release|Any CPU
		{1CA9A316-C6DC-4C60-A92F-B322A7B2CA73}.Release|iPhoneSimulator.Build.0 = Release|Any CPU
		{1CA9A316-C6DC-4C60-A92F-B322A7B2CA73}.Release|iPhoneSimulator.Deploy.0 = Release|Any CPU
		{1CA9A316-C6DC-4C60-A92F-B322A7B2CA73}.Release|x64.ActiveCfg = Release|Any CPU
		{1CA9A316-C6DC-4C60-A92F-B322A7B2CA73}.Release|x64.Build.0 = Release|Any CPU
		{1CA9A316-C6DC-4C60-A92F-B322A7B2CA73}.Release|x64.Deploy.0 = Release|Any CPU
		{1CA9A316-C6DC-4C60-A92F-B322A7B2CA73}.Release|x86.ActiveCfg = Release|Any CPU
		{1CA9A316-C6DC-4C60-A92F-B322A7B2CA73}.Release|x86.Build.0 = Release|Any CPU
		{1CA9A316-C6DC-4C60-A92F-B322A7B2CA73}.Release|x86.Deploy.0 = Release|Any CPU
		{A8875FAE-62E0-463B-A358-45F708D13295}.Ad-Hoc|Any CPU.ActiveCfg = Ad-Hoc|iPhone
		{A8875FAE-62E0-463B-A358-45F708D13295}.Ad-Hoc|ARM.ActiveCfg = Ad-Hoc|iPhone
		{A8875FAE-62E0-463B-A358-45F708D13295}.Ad-Hoc|iPhone.ActiveCfg = Ad-Hoc|iPhone
		{A8875FAE-62E0-463B-A358-45F708D13295}.Ad-Hoc|iPhone.Build.0 = Ad-Hoc|iPhone
		{A8875FAE-62E0-463B-A358-45F708D13295}.Ad-Hoc|iPhoneSimulator.ActiveCfg = Ad-Hoc|iPhoneSimulator
		{A8875FAE-62E0-463B-A358-45F708D13295}.Ad-Hoc|iPhoneSimulator.Build.0 = Ad-Hoc|iPhoneSimulator
		{A8875FAE-62E0-463B-A358-45F708D13295}.Ad-Hoc|x64.ActiveCfg = Ad-Hoc|iPhone
		{A8875FAE-62E0-463B-A358-45F708D13295}.Ad-Hoc|x86.ActiveCfg = Ad-Hoc|iPhone
		{A8875FAE-62E0-463B-A358-45F708D13295}.AppStore|Any CPU.ActiveCfg = AppStore|iPhone
		{A8875FAE-62E0-463B-A358-45F708D13295}.AppStore|ARM.ActiveCfg = AppStore|iPhone
		{A8875FAE-62E0-463B-A358-45F708D13295}.AppStore|iPhone.ActiveCfg = AppStore|iPhone
		{A8875FAE-62E0-463B-A358-45F708D13295}.AppStore|iPhone.Build.0 = AppStore|iPhone
		{A8875FAE-62E0-463B-A358-45F708D13295}.AppStore|iPhoneSimulator.ActiveCfg = AppStore|iPhoneSimulator
		{A8875FAE-62E0-463B-A358-45F708D13295}.AppStore|iPhoneSimulator.Build.0 = AppStore|iPhoneSimulator
		{A8875FAE-62E0-463B-A358-45F708D13295}.AppStore|x64.ActiveCfg = AppStore|iPhone
		{A8875FAE-62E0-463B-A358-45F708D13295}.AppStore|x86.ActiveCfg = AppStore|iPhone
		{A8875FAE-62E0-463B-A358-45F708D13295}.Debug|Any CPU.ActiveCfg = Debug|iPhone
		{A8875FAE-62E0-463B-A358-45F708D13295}.Debug|ARM.ActiveCfg = Debug|iPhone
		{A8875FAE-62E0-463B-A358-45F708D13295}.Debug|iPhone.ActiveCfg = Debug|iPhone
		{A8875FAE-62E0-463B-A358-45F708D13295}.Debug|iPhone.Build.0 = Debug|iPhone
		{A8875FAE-62E0-463B-A358-45F708D13295}.Debug|iPhoneSimulator.ActiveCfg = Debug|iPhoneSimulator
		{A8875FAE-62E0-463B-A358-45F708D13295}.Debug|iPhoneSimulator.Build.0 = Debug|iPhoneSimulator
		{A8875FAE-62E0-463B-A358-45F708D13295}.Debug|x64.ActiveCfg = Debug|iPhone
		{A8875FAE-62E0-463B-A358-45F708D13295}.Debug|x86.ActiveCfg = Debug|iPhone
		{A8875FAE-62E0-463B-A358-45F708D13295}.Release|Any CPU.ActiveCfg = Release|iPhone
		{A8875FAE-62E0-463B-A358-45F708D13295}.Release|ARM.ActiveCfg = Release|iPhone
		{A8875FAE-62E0-463B-A358-45F708D13295}.Release|iPhone.ActiveCfg = Release|iPhone
		{A8875FAE-62E0-463B-A358-45F708D13295}.Release|iPhone.Build.0 = Release|iPhone
		{A8875FAE-62E0-463B-A358-45F708D13295}.Release|iPhoneSimulator.ActiveCfg = Release|iPhoneSimulator
		{A8875FAE-62E0-463B-A358-45F708D13295}.Release|iPhoneSimulator.Build.0 = Release|iPhoneSimulator
		{A8875FAE-62E0-463B-A358-45F708D13295}.Release|x64.ActiveCfg = Release|iPhone
		{A8875FAE-62E0-463B-A358-45F708D13295}.Release|x86.ActiveCfg = Release|iPhone
		{26BD08A7-993E-4DFD-B97C-4A523FA81491}.Ad-Hoc|Any CPU.ActiveCfg = Release|x86
		{26BD08A7-993E-4DFD-B97C-4A523FA81491}.Ad-Hoc|Any CPU.Build.0 = Release|x86
		{26BD08A7-993E-4DFD-B97C-4A523FA81491}.Ad-Hoc|Any CPU.Deploy.0 = Release|x86
		{26BD08A7-993E-4DFD-B97C-4A523FA81491}.Ad-Hoc|ARM.ActiveCfg = Release|ARM
		{26BD08A7-993E-4DFD-B97C-4A523FA81491}.Ad-Hoc|ARM.Build.0 = Release|ARM
		{26BD08A7-993E-4DFD-B97C-4A523FA81491}.Ad-Hoc|ARM.Deploy.0 = Release|ARM
		{26BD08A7-993E-4DFD-B97C-4A523FA81491}.Ad-Hoc|iPhone.ActiveCfg = Release|x86
		{26BD08A7-993E-4DFD-B97C-4A523FA81491}.Ad-Hoc|iPhone.Build.0 = Release|x86
		{26BD08A7-993E-4DFD-B97C-4A523FA81491}.Ad-Hoc|iPhone.Deploy.0 = Release|x86
		{26BD08A7-993E-4DFD-B97C-4A523FA81491}.Ad-Hoc|iPhoneSimulator.ActiveCfg = Release|x86
		{26BD08A7-993E-4DFD-B97C-4A523FA81491}.Ad-Hoc|iPhoneSimulator.Build.0 = Release|x86
		{26BD08A7-993E-4DFD-B97C-4A523FA81491}.Ad-Hoc|iPhoneSimulator.Deploy.0 = Release|x86
		{26BD08A7-993E-4DFD-B97C-4A523FA81491}.Ad-Hoc|x64.ActiveCfg = Release|x64
		{26BD08A7-993E-4DFD-B97C-4A523FA81491}.Ad-Hoc|x64.Build.0 = Release|x64
		{26BD08A7-993E-4DFD-B97C-4A523FA81491}.Ad-Hoc|x64.Deploy.0 = Release|x64
		{26BD08A7-993E-4DFD-B97C-4A523FA81491}.Ad-Hoc|x86.ActiveCfg = Release|x86
		{26BD08A7-993E-4DFD-B97C-4A523FA81491}.Ad-Hoc|x86.Build.0 = Release|x86
		{26BD08A7-993E-4DFD-B97C-4A523FA81491}.Ad-Hoc|x86.Deploy.0 = Release|x86
		{26BD08A7-993E-4DFD-B97C-4A523FA81491}.AppStore|Any CPU.ActiveCfg = Release|x86
		{26BD08A7-993E-4DFD-B97C-4A523FA81491}.AppStore|Any CPU.Build.0 = Release|x86
		{26BD08A7-993E-4DFD-B97C-4A523FA81491}.AppStore|Any CPU.Deploy.0 = Release|x86
		{26BD08A7-993E-4DFD-B97C-4A523FA81491}.AppStore|ARM.ActiveCfg = Release|ARM
		{26BD08A7-993E-4DFD-B97C-4A523FA81491}.AppStore|ARM.Build.0 = Release|ARM
		{26BD08A7-993E-4DFD-B97C-4A523FA81491}.AppStore|ARM.Deploy.0 = Release|ARM
		{26BD08A7-993E-4DFD-B97C-4A523FA81491}.AppStore|iPhone.ActiveCfg = Release|x86
		{26BD08A7-993E-4DFD-B97C-4A523FA81491}.AppStore|iPhone.Build.0 = Release|x86
		{26BD08A7-993E-4DFD-B97C-4A523FA81491}.AppStore|iPhone.Deploy.0 = Release|x86
		{26BD08A7-993E-4DFD-B97C-4A523FA81491}.AppStore|iPhoneSimulator.ActiveCfg = Release|x86
		{26BD08A7-993E-4DFD-B97C-4A523FA81491}.AppStore|iPhoneSimulator.Build.0 = Release|x86
		{26BD08A7-993E-4DFD-B97C-4A523FA81491}.AppStore|iPhoneSimulator.Deploy.0 = Release|x86
		{26BD08A7-993E-4DFD-B97C-4A523FA81491}.AppStore|x64.ActiveCfg = Release|x64
		{26BD08A7-993E-4DFD-B97C-4A523FA81491}.AppStore|x64.Build.0 = Release|x64
		{26BD08A7-993E-4DFD-B97C-4A523FA81491}.AppStore|x64.Deploy.0 = Release|x64
		{26BD08A7-993E-4DFD-B97C-4A523FA81491}.AppStore|x86.ActiveCfg = Release|x86
		{26BD08A7-993E-4DFD-B97C-4A523FA81491}.AppStore|x86.Build.0 = Release|x86
		{26BD08A7-993E-4DFD-B97C-4A523FA81491}.AppStore|x86.Deploy.0 = Release|x86
		{26BD08A7-993E-4DFD-B97C-4A523FA81491}.Debug|Any CPU.ActiveCfg = Debug|x86
		{26BD08A7-993E-4DFD-B97C-4A523FA81491}.Debug|ARM.ActiveCfg = Debug|ARM
		{26BD08A7-993E-4DFD-B97C-4A523FA81491}.Debug|ARM.Build.0 = Debug|ARM
		{26BD08A7-993E-4DFD-B97C-4A523FA81491}.Debug|ARM.Deploy.0 = Debug|ARM
		{26BD08A7-993E-4DFD-B97C-4A523FA81491}.Debug|iPhone.ActiveCfg = Debug|x86
		{26BD08A7-993E-4DFD-B97C-4A523FA81491}.Debug|iPhoneSimulator.ActiveCfg = Debug|x86
		{26BD08A7-993E-4DFD-B97C-4A523FA81491}.Debug|x64.ActiveCfg = Debug|x64
		{26BD08A7-993E-4DFD-B97C-4A523FA81491}.Debug|x64.Build.0 = Debug|x64
		{26BD08A7-993E-4DFD-B97C-4A523FA81491}.Debug|x64.Deploy.0 = Debug|x64
		{26BD08A7-993E-4DFD-B97C-4A523FA81491}.Debug|x86.ActiveCfg = Debug|x86
		{26BD08A7-993E-4DFD-B97C-4A523FA81491}.Debug|x86.Build.0 = Debug|x86
		{26BD08A7-993E-4DFD-B97C-4A523FA81491}.Debug|x86.Deploy.0 = Debug|x86
		{26BD08A7-993E-4DFD-B97C-4A523FA81491}.Release|Any CPU.ActiveCfg = Release|x86
		{26BD08A7-993E-4DFD-B97C-4A523FA81491}.Release|ARM.ActiveCfg = Release|ARM
		{26BD08A7-993E-4DFD-B97C-4A523FA81491}.Release|ARM.Build.0 = Release|ARM
		{26BD08A7-993E-4DFD-B97C-4A523FA81491}.Release|ARM.Deploy.0 = Release|ARM
		{26BD08A7-993E-4DFD-B97C-4A523FA81491}.Release|iPhone.ActiveCfg = Release|x86
		{26BD08A7-993E-4DFD-B97C-4A523FA81491}.Release|iPhoneSimulator.ActiveCfg = Release|x86
		{26BD08A7-993E-4DFD-B97C-4A523FA81491}.Release|x64.ActiveCfg = Release|x64
		{26BD08A7-993E-4DFD-B97C-4A523FA81491}.Release|x64.Build.0 = Release|x64
		{26BD08A7-993E-4DFD-B97C-4A523FA81491}.Release|x64.Deploy.0 = Release|x64
		{26BD08A7-993E-4DFD-B97C-4A523FA81491}.Release|x86.ActiveCfg = Release|x86
		{26BD08A7-993E-4DFD-B97C-4A523FA81491}.Release|x86.Build.0 = Release|x86
		{26BD08A7-993E-4DFD-B97C-4A523FA81491}.Release|x86.Deploy.0 = Release|x86
	EndGlobalSection
	GlobalSection(SolutionProperties) = preSolution
		HideSolutionNode = FALSE
	EndGlobalSection
	GlobalSection(ExtensibilityGlobals) = postSolution
		SolutionGuid = {0D2BBD66-BBC0-440E-A832-D5FACF3C3452}
	EndGlobalSection
EndGlobal
