
Microsoft Visual Studio Solution File, Format Version 12.00
# Visual Studio Version 16
VisualStudioVersion = 16.0.28803.352
MinimumVisualStudioVersion = 10.0.40219.1
Project("{FAE04EC0-301F-11D3-BF4B-00C04F79EFBC}") = "XF4011", "XF4011\XF4011\XF4011.csproj", "{6437AE57-BAC5-47DC-A66F-B678E21785E6}"
EndProject
Project("{FAE04EC0-301F-11D3-BF4B-00C04F79EFBC}") = "XF4011.Android", "XF4011\XF4011.Android\XF4011.Android.csproj", "{5C4EC4C4-BFE1-42B4-A929-2E07D466472E}"
EndProject
Project("{FAE04EC0-301F-11D3-BF4B-00C04F79EFBC}") = "XF4011.iOS", "XF4011\XF4011.iOS\XF4011.iOS.csproj", "{14831E97-7B15-45AD-BE1A-E18F7F1CA6FF}"
EndProject
Project("{FAE04EC0-301F-11D3-BF4B-00C04F79EFBC}") = "XF4011.UWP", "XF4011\XF4011.UWP\XF4011.UWP.csproj", "{0ADECE5C-1113-4B2D-B0E5-7EAF1BC48A57}"
EndProject
Global
	GlobalSection(SolutionConfigurationPlatforms) = preSolution
		Ad-Hoc|Any CPU = Ad-Hoc|Any CPU
		Ad-Hoc|ARM = Ad-Hoc|ARM
		Ad-Hoc|iPhone = Ad-Hoc|iPhone
		Ad-Hoc|iPhoneSimulator = Ad-Hoc|iPhoneSimulator
		Ad-Hoc|x64 = Ad-Hoc|x64
		Ad-Hoc|x86 = Ad-Hoc|x86
		AppStore|Any CPU = AppStore|Any CPU
		AppStore|ARM = AppStore|ARM
		AppStore|iPhone = AppStore|iPhone
		AppStore|iPhoneSimulator = AppStore|iPhoneSimulator
		AppStore|x64 = AppStore|x64
		AppStore|x86 = AppStore|x86
		Debug|Any CPU = Debug|Any CPU
		Debug|ARM = Debug|ARM
		Debug|iPhone = Debug|iPhone
		Debug|iPhoneSimulator = Debug|iPhoneSimulator
		Debug|x64 = Debug|x64
		Debug|x86 = Debug|x86
		Release|Any CPU = Release|Any CPU
		Release|ARM = Release|ARM
		Release|iPhone = Release|iPhone
		Release|iPhoneSimulator = Release|iPhoneSimulator
		Release|x64 = Release|x64
		Release|x86 = Release|x86
	EndGlobalSection
	GlobalSection(ProjectConfigurationPlatforms) = postSolution
		{6437AE57-BAC5-47DC-A66F-B678E21785E6}.Ad-Hoc|Any CPU.ActiveCfg = Debug|Any CPU
		{6437AE57-BAC5-47DC-A66F-B678E21785E6}.Ad-Hoc|Any CPU.Build.0 = Debug|Any CPU
		{6437AE57-BAC5-47DC-A66F-B678E21785E6}.Ad-Hoc|ARM.ActiveCfg = Debug|Any CPU
		{6437AE57-BAC5-47DC-A66F-B678E21785E6}.Ad-Hoc|ARM.Build.0 = Debug|Any CPU
		{6437AE57-BAC5-47DC-A66F-B678E21785E6}.Ad-Hoc|iPhone.ActiveCfg = Debug|Any CPU
		{6437AE57-BAC5-47DC-A66F-B678E21785E6}.Ad-Hoc|iPhone.Build.0 = Debug|Any CPU
		{6437AE57-BAC5-47DC-A66F-B678E21785E6}.Ad-Hoc|iPhoneSimulator.ActiveCfg = Debug|Any CPU
		{6437AE57-BAC5-47DC-A66F-B678E21785E6}.Ad-Hoc|iPhoneSimulator.Build.0 = Debug|Any CPU
		{6437AE57-BAC5-47DC-A66F-B678E21785E6}.Ad-Hoc|x64.ActiveCfg = Debug|Any CPU
		{6437AE57-BAC5-47DC-A66F-B678E21785E6}.Ad-Hoc|x64.Build.0 = Debug|Any CPU
		{6437AE57-BAC5-47DC-A66F-B678E21785E6}.Ad-Hoc|x86.ActiveCfg = Debug|Any CPU
		{6437AE57-BAC5-47DC-A66F-B678E21785E6}.Ad-Hoc|x86.Build.0 = Debug|Any CPU
		{6437AE57-BAC5-47DC-A66F-B678E21785E6}.AppStore|Any CPU.ActiveCfg = Debug|Any CPU
		{6437AE57-BAC5-47DC-A66F-B678E21785E6}.AppStore|Any CPU.Build.0 = Debug|Any CPU
		{6437AE57-BAC5-47DC-A66F-B678E21785E6}.AppStore|ARM.ActiveCfg = Debug|Any CPU
		{6437AE57-BAC5-47DC-A66F-B678E21785E6}.AppStore|ARM.Build.0 = Debug|Any CPU
		{6437AE57-BAC5-47DC-A66F-B678E21785E6}.AppStore|iPhone.ActiveCfg = Debug|Any CPU
		{6437AE57-BAC5-47DC-A66F-B678E21785E6}.AppStore|iPhone.Build.0 = Debug|Any CPU
		{6437AE57-BAC5-47DC-A66F-B678E21785E6}.AppStore|iPhoneSimulator.ActiveCfg = Debug|Any CPU
		{6437AE57-BAC5-47DC-A66F-B678E21785E6}.AppStore|iPhoneSimulator.Build.0 = Debug|Any CPU
		{6437AE57-BAC5-47DC-A66F-B678E21785E6}.AppStore|x64.ActiveCfg = Debug|Any CPU
		{6437AE57-BAC5-47DC-A66F-B678E21785E6}.AppStore|x64.Build.0 = Debug|Any CPU
		{6437AE57-BAC5-47DC-A66F-B678E21785E6}.AppStore|x86.ActiveCfg = Debug|Any CPU
		{6437AE57-BAC5-47DC-A66F-B678E21785E6}.AppStore|x86.Build.0 = Debug|Any CPU
		{6437AE57-BAC5-47DC-A66F-B678E21785E6}.Debug|Any CPU.ActiveCfg = Debug|Any CPU
		{6437AE57-BAC5-47DC-A66F-B678E21785E6}.Debug|Any CPU.Build.0 = Debug|Any CPU
		{6437AE57-BAC5-47DC-A66F-B678E21785E6}.Debug|ARM.ActiveCfg = Debug|Any CPU
		{6437AE57-BAC5-47DC-A66F-B678E21785E6}.Debug|ARM.Build.0 = Debug|Any CPU
		{6437AE57-BAC5-47DC-A66F-B678E21785E6}.Debug|iPhone.ActiveCfg = Debug|Any CPU
		{6437AE57-BAC5-47DC-A66F-B678E21785E6}.Debug|iPhone.Build.0 = Debug|Any CPU
		{6437AE57-BAC5-47DC-A66F-B678E21785E6}.Debug|iPhoneSimulator.ActiveCfg = Debug|Any CPU
		{6437AE57-BAC5-47DC-A66F-B678E21785E6}.Debug|iPhoneSimulator.Build.0 = Debug|Any CPU
		{6437AE57-BAC5-47DC-A66F-B678E21785E6}.Debug|x64.ActiveCfg = Debug|Any CPU
		{6437AE57-BAC5-47DC-A66F-B678E21785E6}.Debug|x64.Build.0 = Debug|Any CPU
		{6437AE57-BAC5-47DC-A66F-B678E21785E6}.Debug|x86.ActiveCfg = Debug|Any CPU
		{6437AE57-BAC5-47DC-A66F-B678E21785E6}.Debug|x86.Build.0 = Debug|Any CPU
		{6437AE57-BAC5-47DC-A66F-B678E21785E6}.Release|Any CPU.ActiveCfg = Release|Any CPU
		{6437AE57-BAC5-47DC-A66F-B678E21785E6}.Release|Any CPU.Build.0 = Release|Any CPU
		{6437AE57-BAC5-47DC-A66F-B678E21785E6}.Release|ARM.ActiveCfg = Release|Any CPU
		{6437AE57-BAC5-47DC-A66F-B678E21785E6}.Release|ARM.Build.0 = Release|Any CPU
		{6437AE57-BAC5-47DC-A66F-B678E21785E6}.Release|iPhone.ActiveCfg = Release|Any CPU
		{6437AE57-BAC5-47DC-A66F-B678E21785E6}.Release|iPhone.Build.0 = Release|Any CPU
		{6437AE57-BAC5-47DC-A66F-B678E21785E6}.Release|iPhoneSimulator.ActiveCfg = Release|Any CPU
		{6437AE57-BAC5-47DC-A66F-B678E21785E6}.Release|iPhoneSimulator.Build.0 = Release|Any CPU
		{6437AE57-BAC5-47DC-A66F-B678E21785E6}.Release|x64.ActiveCfg = Release|Any CPU
		{6437AE57-BAC5-47DC-A66F-B678E21785E6}.Release|x64.Build.0 = Release|Any CPU
		{6437AE57-BAC5-47DC-A66F-B678E21785E6}.Release|x86.ActiveCfg = Release|Any CPU
		{6437AE57-BAC5-47DC-A66F-B678E21785E6}.Release|x86.Build.0 = Release|Any CPU
		{5C4EC4C4-BFE1-42B4-A929-2E07D466472E}.Ad-Hoc|Any CPU.ActiveCfg = Release|Any CPU
		{5C4EC4C4-BFE1-42B4-A929-2E07D466472E}.Ad-Hoc|Any CPU.Build.0 = Release|Any CPU
		{5C4EC4C4-BFE1-42B4-A929-2E07D466472E}.Ad-Hoc|Any CPU.Deploy.0 = Release|Any CPU
		{5C4EC4C4-BFE1-42B4-A929-2E07D466472E}.Ad-Hoc|ARM.ActiveCfg = Release|Any CPU
		{5C4EC4C4-BFE1-42B4-A929-2E07D466472E}.Ad-Hoc|ARM.Build.0 = Release|Any CPU
		{5C4EC4C4-BFE1-42B4-A929-2E07D466472E}.Ad-Hoc|ARM.Deploy.0 = Release|Any CPU
		{5C4EC4C4-BFE1-42B4-A929-2E07D466472E}.Ad-Hoc|iPhone.ActiveCfg = Release|Any CPU
		{5C4EC4C4-BFE1-42B4-A929-2E07D466472E}.Ad-Hoc|iPhone.Build.0 = Release|Any CPU
		{5C4EC4C4-BFE1-42B4-A929-2E07D466472E}.Ad-Hoc|iPhone.Deploy.0 = Release|Any CPU
		{5C4EC4C4-BFE1-42B4-A929-2E07D466472E}.Ad-Hoc|iPhoneSimulator.ActiveCfg = Release|Any CPU
		{5C4EC4C4-BFE1-42B4-A929-2E07D466472E}.Ad-Hoc|iPhoneSimulator.Build.0 = Release|Any CPU
		{5C4EC4C4-BFE1-42B4-A929-2E07D466472E}.Ad-Hoc|iPhoneSimulator.Deploy.0 = Release|Any CPU
		{5C4EC4C4-BFE1-42B4-A929-2E07D466472E}.Ad-Hoc|x64.ActiveCfg = Release|Any CPU
		{5C4EC4C4-BFE1-42B4-A929-2E07D466472E}.Ad-Hoc|x64.Build.0 = Release|Any CPU
		{5C4EC4C4-BFE1-42B4-A929-2E07D466472E}.Ad-Hoc|x64.Deploy.0 = Release|Any CPU
		{5C4EC4C4-BFE1-42B4-A929-2E07D466472E}.Ad-Hoc|x86.ActiveCfg = Release|Any CPU
		{5C4EC4C4-BFE1-42B4-A929-2E07D466472E}.Ad-Hoc|x86.Build.0 = Release|Any CPU
		{5C4EC4C4-BFE1-42B4-A929-2E07D466472E}.Ad-Hoc|x86.Deploy.0 = Release|Any CPU
		{5C4EC4C4-BFE1-42B4-A929-2E07D466472E}.AppStore|Any CPU.ActiveCfg = Release|Any CPU
		{5C4EC4C4-BFE1-42B4-A929-2E07D466472E}.AppStore|Any CPU.Build.0 = Release|Any CPU
		{5C4EC4C4-BFE1-42B4-A929-2E07D466472E}.AppStore|Any CPU.Deploy.0 = Release|Any CPU
		{5C4EC4C4-BFE1-42B4-A929-2E07D466472E}.AppStore|ARM.ActiveCfg = Release|Any CPU
		{5C4EC4C4-BFE1-42B4-A929-2E07D466472E}.AppStore|ARM.Build.0 = Release|Any CPU
		{5C4EC4C4-BFE1-42B4-A929-2E07D466472E}.AppStore|ARM.Deploy.0 = Release|Any CPU
		{5C4EC4C4-BFE1-42B4-A929-2E07D466472E}.AppStore|iPhone.ActiveCfg = Release|Any CPU
		{5C4EC4C4-BFE1-42B4-A929-2E07D466472E}.AppStore|iPhone.Build.0 = Release|Any CPU
		{5C4EC4C4-BFE1-42B4-A929-2E07D466472E}.AppStore|iPhone.Deploy.0 = Release|Any CPU
		{5C4EC4C4-BFE1-42B4-A929-2E07D466472E}.AppStore|iPhoneSimulator.ActiveCfg = Release|Any CPU
		{5C4EC4C4-BFE1-42B4-A929-2E07D466472E}.AppStore|iPhoneSimulator.Build.0 = Release|Any CPU
		{5C4EC4C4-BFE1-42B4-A929-2E07D466472E}.AppStore|iPhoneSimulator.Deploy.0 = Release|Any CPU
		{5C4EC4C4-BFE1-42B4-A929-2E07D466472E}.AppStore|x64.ActiveCfg = Release|Any CPU
		{5C4EC4C4-BFE1-42B4-A929-2E07D466472E}.AppStore|x64.Build.0 = Release|Any CPU
		{5C4EC4C4-BFE1-42B4-A929-2E07D466472E}.AppStore|x64.Deploy.0 = Release|Any CPU
		{5C4EC4C4-BFE1-42B4-A929-2E07D466472E}.AppStore|x86.ActiveCfg = Release|Any CPU
		{5C4EC4C4-BFE1-42B4-A929-2E07D466472E}.AppStore|x86.Build.0 = Release|Any CPU
		{5C4EC4C4-BFE1-42B4-A929-2E07D466472E}.AppStore|x86.Deploy.0 = Release|Any CPU
		{5C4EC4C4-BFE1-42B4-A929-2E07D466472E}.Debug|Any CPU.ActiveCfg = Debug|Any CPU
		{5C4EC4C4-BFE1-42B4-A929-2E07D466472E}.Debug|Any CPU.Build.0 = Debug|Any CPU
		{5C4EC4C4-BFE1-42B4-A929-2E07D466472E}.Debug|Any CPU.Deploy.0 = Debug|Any CPU
		{5C4EC4C4-BFE1-42B4-A929-2E07D466472E}.Debug|ARM.ActiveCfg = Debug|Any CPU
		{5C4EC4C4-BFE1-42B4-A929-2E07D466472E}.Debug|ARM.Build.0 = Debug|Any CPU
		{5C4EC4C4-BFE1-42B4-A929-2E07D466472E}.Debug|ARM.Deploy.0 = Debug|Any CPU
		{5C4EC4C4-BFE1-42B4-A929-2E07D466472E}.Debug|iPhone.ActiveCfg = Debug|Any CPU
		{5C4EC4C4-BFE1-42B4-A929-2E07D466472E}.Debug|iPhone.Build.0 = Debug|Any CPU
		{5C4EC4C4-BFE1-42B4-A929-2E07D466472E}.Debug|iPhone.Deploy.0 = Debug|Any CPU
		{5C4EC4C4-BFE1-42B4-A929-2E07D466472E}.Debug|iPhoneSimulator.ActiveCfg = Debug|Any CPU
		{5C4EC4C4-BFE1-42B4-A929-2E07D466472E}.Debug|iPhoneSimulator.Build.0 = Debug|Any CPU
		{5C4EC4C4-BFE1-42B4-A929-2E07D466472E}.Debug|iPhoneSimulator.Deploy.0 = Debug|Any CPU
		{5C4EC4C4-BFE1-42B4-A929-2E07D466472E}.Debug|x64.ActiveCfg = Debug|Any CPU
		{5C4EC4C4-BFE1-42B4-A929-2E07D466472E}.Debug|x64.Build.0 = Debug|Any CPU
		{5C4EC4C4-BFE1-42B4-A929-2E07D466472E}.Debug|x64.Deploy.0 = Debug|Any CPU
		{5C4EC4C4-BFE1-42B4-A929-2E07D466472E}.Debug|x86.ActiveCfg = Debug|Any CPU
		{5C4EC4C4-BFE1-42B4-A929-2E07D466472E}.Debug|x86.Build.0 = Debug|Any CPU
		{5C4EC4C4-BFE1-42B4-A929-2E07D466472E}.Debug|x86.Deploy.0 = Debug|Any CPU
		{5C4EC4C4-BFE1-42B4-A929-2E07D466472E}.Release|Any CPU.ActiveCfg = Release|Any CPU
		{5C4EC4C4-BFE1-42B4-A929-2E07D466472E}.Release|Any CPU.Build.0 = Release|Any CPU
		{5C4EC4C4-BFE1-42B4-A929-2E07D466472E}.Release|Any CPU.Deploy.0 = Release|Any CPU
		{5C4EC4C4-BFE1-42B4-A929-2E07D466472E}.Release|ARM.ActiveCfg = Release|Any CPU
		{5C4EC4C4-BFE1-42B4-A929-2E07D466472E}.Release|ARM.Build.0 = Release|Any CPU
		{5C4EC4C4-BFE1-42B4-A929-2E07D466472E}.Release|ARM.Deploy.0 = Release|Any CPU
		{5C4EC4C4-BFE1-42B4-A929-2E07D466472E}.Release|iPhone.ActiveCfg = Release|Any CPU
		{5C4EC4C4-BFE1-42B4-A929-2E07D466472E}.Release|iPhone.Build.0 = Release|Any CPU
		{5C4EC4C4-BFE1-42B4-A929-2E07D466472E}.Release|iPhone.Deploy.0 = Release|Any CPU
		{5C4EC4C4-BFE1-42B4-A929-2E07D466472E}.Release|iPhoneSimulator.ActiveCfg = Release|Any CPU
		{5C4EC4C4-BFE1-42B4-A929-2E07D466472E}.Release|iPhoneSimulator.Build.0 = Release|Any CPU
		{5C4EC4C4-BFE1-42B4-A929-2E07D466472E}.Release|iPhoneSimulator.Deploy.0 = Release|Any CPU
		{5C4EC4C4-BFE1-42B4-A929-2E07D466472E}.Release|x64.ActiveCfg = Release|Any CPU
		{5C4EC4C4-BFE1-42B4-A929-2E07D466472E}.Release|x64.Build.0 = Release|Any CPU
		{5C4EC4C4-BFE1-42B4-A929-2E07D466472E}.Release|x64.Deploy.0 = Release|Any CPU
		{5C4EC4C4-BFE1-42B4-A929-2E07D466472E}.Release|x86.ActiveCfg = Release|Any CPU
		{5C4EC4C4-BFE1-42B4-A929-2E07D466472E}.Release|x86.Build.0 = Release|Any CPU
		{5C4EC4C4-BFE1-42B4-A929-2E07D466472E}.Release|x86.Deploy.0 = Release|Any CPU
		{14831E97-7B15-45AD-BE1A-E18F7F1CA6FF}.Ad-Hoc|Any CPU.ActiveCfg = Ad-Hoc|iPhone
		{14831E97-7B15-45AD-BE1A-E18F7F1CA6FF}.Ad-Hoc|ARM.ActiveCfg = Ad-Hoc|iPhone
		{14831E97-7B15-45AD-BE1A-E18F7F1CA6FF}.Ad-Hoc|iPhone.ActiveCfg = Ad-Hoc|iPhone
		{14831E97-7B15-45AD-BE1A-E18F7F1CA6FF}.Ad-Hoc|iPhone.Build.0 = Ad-Hoc|iPhone
		{14831E97-7B15-45AD-BE1A-E18F7F1CA6FF}.Ad-Hoc|iPhoneSimulator.ActiveCfg = Ad-Hoc|iPhoneSimulator
		{14831E97-7B15-45AD-BE1A-E18F7F1CA6FF}.Ad-Hoc|iPhoneSimulator.Build.0 = Ad-Hoc|iPhoneSimulator
		{14831E97-7B15-45AD-BE1A-E18F7F1CA6FF}.Ad-Hoc|x64.ActiveCfg = Ad-Hoc|iPhone
		{14831E97-7B15-45AD-BE1A-E18F7F1CA6FF}.Ad-Hoc|x86.ActiveCfg = Ad-Hoc|iPhone
		{14831E97-7B15-45AD-BE1A-E18F7F1CA6FF}.AppStore|Any CPU.ActiveCfg = AppStore|iPhone
		{14831E97-7B15-45AD-BE1A-E18F7F1CA6FF}.AppStore|ARM.ActiveCfg = AppStore|iPhone
		{14831E97-7B15-45AD-BE1A-E18F7F1CA6FF}.AppStore|iPhone.ActiveCfg = AppStore|iPhone
		{14831E97-7B15-45AD-BE1A-E18F7F1CA6FF}.AppStore|iPhone.Build.0 = AppStore|iPhone
		{14831E97-7B15-45AD-BE1A-E18F7F1CA6FF}.AppStore|iPhoneSimulator.ActiveCfg = AppStore|iPhoneSimulator
		{14831E97-7B15-45AD-BE1A-E18F7F1CA6FF}.AppStore|iPhoneSimulator.Build.0 = AppStore|iPhoneSimulator
		{14831E97-7B15-45AD-BE1A-E18F7F1CA6FF}.AppStore|x64.ActiveCfg = AppStore|iPhone
		{14831E97-7B15-45AD-BE1A-E18F7F1CA6FF}.AppStore|x86.ActiveCfg = AppStore|iPhone
		{14831E97-7B15-45AD-BE1A-E18F7F1CA6FF}.Debug|Any CPU.ActiveCfg = Debug|iPhone
		{14831E97-7B15-45AD-BE1A-E18F7F1CA6FF}.Debug|ARM.ActiveCfg = Debug|iPhone
		{14831E97-7B15-45AD-BE1A-E18F7F1CA6FF}.Debug|iPhone.ActiveCfg = Debug|iPhone
		{14831E97-7B15-45AD-BE1A-E18F7F1CA6FF}.Debug|iPhone.Build.0 = Debug|iPhone
		{14831E97-7B15-45AD-BE1A-E18F7F1CA6FF}.Debug|iPhoneSimulator.ActiveCfg = Debug|iPhoneSimulator
		{14831E97-7B15-45AD-BE1A-E18F7F1CA6FF}.Debug|iPhoneSimulator.Build.0 = Debug|iPhoneSimulator
		{14831E97-7B15-45AD-BE1A-E18F7F1CA6FF}.Debug|x64.ActiveCfg = Debug|iPhone
		{14831E97-7B15-45AD-BE1A-E18F7F1CA6FF}.Debug|x86.ActiveCfg = Debug|iPhone
		{14831E97-7B15-45AD-BE1A-E18F7F1CA6FF}.Release|Any CPU.ActiveCfg = Release|iPhone
		{14831E97-7B15-45AD-BE1A-E18F7F1CA6FF}.Release|ARM.ActiveCfg = Release|iPhone
		{14831E97-7B15-45AD-BE1A-E18F7F1CA6FF}.Release|iPhone.ActiveCfg = Release|iPhone
		{14831E97-7B15-45AD-BE1A-E18F7F1CA6FF}.Release|iPhone.Build.0 = Release|iPhone
		{14831E97-7B15-45AD-BE1A-E18F7F1CA6FF}.Release|iPhoneSimulator.ActiveCfg = Release|iPhoneSimulator
		{14831E97-7B15-45AD-BE1A-E18F7F1CA6FF}.Release|iPhoneSimulator.Build.0 = Release|iPhoneSimulator
		{14831E97-7B15-45AD-BE1A-E18F7F1CA6FF}.Release|x64.ActiveCfg = Release|iPhone
		{14831E97-7B15-45AD-BE1A-E18F7F1CA6FF}.Release|x86.ActiveCfg = Release|iPhone
		{0ADECE5C-1113-4B2D-B0E5-7EAF1BC48A57}.Ad-Hoc|Any CPU.ActiveCfg = Release|x86
		{0ADECE5C-1113-4B2D-B0E5-7EAF1BC48A57}.Ad-Hoc|Any CPU.Build.0 = Release|x86
		{0ADECE5C-1113-4B2D-B0E5-7EAF1BC48A57}.Ad-Hoc|Any CPU.Deploy.0 = Release|x86
		{0ADECE5C-1113-4B2D-B0E5-7EAF1BC48A57}.Ad-Hoc|ARM.ActiveCfg = Release|ARM
		{0ADECE5C-1113-4B2D-B0E5-7EAF1BC48A57}.Ad-Hoc|ARM.Build.0 = Release|ARM
		{0ADECE5C-1113-4B2D-B0E5-7EAF1BC48A57}.Ad-Hoc|ARM.Deploy.0 = Release|ARM
		{0ADECE5C-1113-4B2D-B0E5-7EAF1BC48A57}.Ad-Hoc|iPhone.ActiveCfg = Release|x86
		{0ADECE5C-1113-4B2D-B0E5-7EAF1BC48A57}.Ad-Hoc|iPhone.Build.0 = Release|x86
		{0ADECE5C-1113-4B2D-B0E5-7EAF1BC48A57}.Ad-Hoc|iPhone.Deploy.0 = Release|x86
		{0ADECE5C-1113-4B2D-B0E5-7EAF1BC48A57}.Ad-Hoc|iPhoneSimulator.ActiveCfg = Release|x86
		{0ADECE5C-1113-4B2D-B0E5-7EAF1BC48A57}.Ad-Hoc|iPhoneSimulator.Build.0 = Release|x86
		{0ADECE5C-1113-4B2D-B0E5-7EAF1BC48A57}.Ad-Hoc|iPhoneSimulator.Deploy.0 = Release|x86
		{0ADECE5C-1113-4B2D-B0E5-7EAF1BC48A57}.Ad-Hoc|x64.ActiveCfg = Release|x64
		{0ADECE5C-1113-4B2D-B0E5-7EAF1BC48A57}.Ad-Hoc|x64.Build.0 = Release|x64
		{0ADECE5C-1113-4B2D-B0E5-7EAF1BC48A57}.Ad-Hoc|x64.Deploy.0 = Release|x64
		{0ADECE5C-1113-4B2D-B0E5-7EAF1BC48A57}.Ad-Hoc|x86.ActiveCfg = Release|x86
		{0ADECE5C-1113-4B2D-B0E5-7EAF1BC48A57}.Ad-Hoc|x86.Build.0 = Release|x86
		{0ADECE5C-1113-4B2D-B0E5-7EAF1BC48A57}.Ad-Hoc|x86.Deploy.0 = Release|x86
		{0ADECE5C-1113-4B2D-B0E5-7EAF1BC48A57}.AppStore|Any CPU.ActiveCfg = Release|x86
		{0ADECE5C-1113-4B2D-B0E5-7EAF1BC48A57}.AppStore|Any CPU.Build.0 = Release|x86
		{0ADECE5C-1113-4B2D-B0E5-7EAF1BC48A57}.AppStore|Any CPU.Deploy.0 = Release|x86
		{0ADECE5C-1113-4B2D-B0E5-7EAF1BC48A57}.AppStore|ARM.ActiveCfg = Release|ARM
		{0ADECE5C-1113-4B2D-B0E5-7EAF1BC48A57}.AppStore|ARM.Build.0 = Release|ARM
		{0ADECE5C-1113-4B2D-B0E5-7EAF1BC48A57}.AppStore|ARM.Deploy.0 = Release|ARM
		{0ADECE5C-1113-4B2D-B0E5-7EAF1BC48A57}.AppStore|iPhone.ActiveCfg = Release|x86
		{0ADECE5C-1113-4B2D-B0E5-7EAF1BC48A57}.AppStore|iPhone.Build.0 = Release|x86
		{0ADECE5C-1113-4B2D-B0E5-7EAF1BC48A57}.AppStore|iPhone.Deploy.0 = Release|x86
		{0ADECE5C-1113-4B2D-B0E5-7EAF1BC48A57}.AppStore|iPhoneSimulator.ActiveCfg = Release|x86
		{0ADECE5C-1113-4B2D-B0E5-7EAF1BC48A57}.AppStore|iPhoneSimulator.Build.0 = Release|x86
		{0ADECE5C-1113-4B2D-B0E5-7EAF1BC48A57}.AppStore|iPhoneSimulator.Deploy.0 = Release|x86
		{0ADECE5C-1113-4B2D-B0E5-7EAF1BC48A57}.AppStore|x64.ActiveCfg = Release|x64
		{0ADECE5C-1113-4B2D-B0E5-7EAF1BC48A57}.AppStore|x64.Build.0 = Release|x64
		{0ADECE5C-1113-4B2D-B0E5-7EAF1BC48A57}.AppStore|x64.Deploy.0 = Release|x64
		{0ADECE5C-1113-4B2D-B0E5-7EAF1BC48A57}.AppStore|x86.ActiveCfg = Release|x86
		{0ADECE5C-1113-4B2D-B0E5-7EAF1BC48A57}.AppStore|x86.Build.0 = Release|x86
		{0ADECE5C-1113-4B2D-B0E5-7EAF1BC48A57}.AppStore|x86.Deploy.0 = Release|x86
		{0ADECE5C-1113-4B2D-B0E5-7EAF1BC48A57}.Debug|Any CPU.ActiveCfg = Debug|x86
		{0ADECE5C-1113-4B2D-B0E5-7EAF1BC48A57}.Debug|ARM.ActiveCfg = Debug|ARM
		{0ADECE5C-1113-4B2D-B0E5-7EAF1BC48A57}.Debug|ARM.Build.0 = Debug|ARM
		{0ADECE5C-1113-4B2D-B0E5-7EAF1BC48A57}.Debug|ARM.Deploy.0 = Debug|ARM
		{0ADECE5C-1113-4B2D-B0E5-7EAF1BC48A57}.Debug|iPhone.ActiveCfg = Debug|x86
		{0ADECE5C-1113-4B2D-B0E5-7EAF1BC48A57}.Debug|iPhoneSimulator.ActiveCfg = Debug|x86
		{0ADECE5C-1113-4B2D-B0E5-7EAF1BC48A57}.Debug|x64.ActiveCfg = Debug|x64
		{0ADECE5C-1113-4B2D-B0E5-7EAF1BC48A57}.Debug|x64.Build.0 = Debug|x64
		{0ADECE5C-1113-4B2D-B0E5-7EAF1BC48A57}.Debug|x64.Deploy.0 = Debug|x64
		{0ADECE5C-1113-4B2D-B0E5-7EAF1BC48A57}.Debug|x86.ActiveCfg = Debug|x86
		{0ADECE5C-1113-4B2D-B0E5-7EAF1BC48A57}.Debug|x86.Build.0 = Debug|x86
		{0ADECE5C-1113-4B2D-B0E5-7EAF1BC48A57}.Debug|x86.Deploy.0 = Debug|x86
		{0ADECE5C-1113-4B2D-B0E5-7EAF1BC48A57}.Release|Any CPU.ActiveCfg = Release|x86
		{0ADECE5C-1113-4B2D-B0E5-7EAF1BC48A57}.Release|ARM.ActiveCfg = Release|ARM
		{0ADECE5C-1113-4B2D-B0E5-7EAF1BC48A57}.Release|ARM.Build.0 = Release|ARM
		{0ADECE5C-1113-4B2D-B0E5-7EAF1BC48A57}.Release|ARM.Deploy.0 = Release|ARM
		{0ADECE5C-1113-4B2D-B0E5-7EAF1BC48A57}.Release|iPhone.ActiveCfg = Release|x86
		{0ADECE5C-1113-4B2D-B0E5-7EAF1BC48A57}.Release|iPhoneSimulator.ActiveCfg = Release|x86
		{0ADECE5C-1113-4B2D-B0E5-7EAF1BC48A57}.Release|x64.ActiveCfg = Release|x64
		{0ADECE5C-1113-4B2D-B0E5-7EAF1BC48A57}.Release|x64.Build.0 = Release|x64
		{0ADECE5C-1113-4B2D-B0E5-7EAF1BC48A57}.Release|x64.Deploy.0 = Release|x64
		{0ADECE5C-1113-4B2D-B0E5-7EAF1BC48A57}.Release|x86.ActiveCfg = Release|x86
		{0ADECE5C-1113-4B2D-B0E5-7EAF1BC48A57}.Release|x86.Build.0 = Release|x86
		{0ADECE5C-1113-4B2D-B0E5-7EAF1BC48A57}.Release|x86.Deploy.0 = Release|x86
	EndGlobalSection
	GlobalSection(SolutionProperties) = preSolution
		HideSolutionNode = FALSE
	EndGlobalSection
	GlobalSection(ExtensibilityGlobals) = postSolution
		SolutionGuid = {CAC4EC46-DEE3-4720-BCE6-DD775BFCCE30}
	EndGlobalSection
EndGlobal
