
Microsoft Visual Studio Solution File, Format Version 12.00
# Visual Studio Version 16
VisualStudioVersion = 16.0.29009.5
MinimumVisualStudioVersion = 10.0.40219.1
Project("{FAE04EC0-301F-11D3-BF4B-00C04F79EFBC}") = "XF7014", "XF7014\XF7014.csproj", "{F3607E2F-2FFD-4708-A7D9-1A611B92422C}"
EndProject
Global
	GlobalSection(SolutionConfigurationPlatforms) = preSolution
		Debug|Any CPU = Debug|Any CPU
		Release|Any CPU = Release|Any CPU
	EndGlobalSection
	GlobalSection(ProjectConfigurationPlatforms) = postSolution
		{F3607E2F-2FFD-4708-A7D9-1A611B92422C}.Debug|Any CPU.ActiveCfg = Debug|Any CPU
		{F3607E2F-2FFD-4708-A7D9-1A611B92422C}.Debug|Any CPU.Build.0 = Debug|Any CPU
		{F3607E2F-2FFD-4708-A7D9-1A611B92422C}.Release|Any CPU.ActiveCfg = Release|Any CPU
		{F3607E2F-2FFD-4708-A7D9-1A611B92422C}.Release|Any CPU.Build.0 = Release|Any CPU
	EndGlobalSection
	GlobalSection(SolutionProperties) = preSolution
		HideSolutionNode = FALSE
	EndGlobalSection
	GlobalSection(ExtensibilityGlobals) = postSolution
		SolutionGuid = {8F0D0B64-9768-47E5-8FAE-808A924B66A3}
	EndGlobalSection
EndGlobal
