
Microsoft Visual Studio Solution File, Format Version 12.00
# Visual Studio Version 16
VisualStudioVersion = 16.0.28803.352
MinimumVisualStudioVersion = 10.0.40219.1
Project("{FAE04EC0-301F-11D3-BF4B-00C04F79EFBC}") = "XF4023", "XF4023\XF4023\XF4023.csproj", "{AA998B0F-242A-4474-AA08-77E7644014CD}"
EndProject
Project("{FAE04EC0-301F-11D3-BF4B-00C04F79EFBC}") = "XF4023.Android", "XF4023\XF4023.Android\XF4023.Android.csproj", "{67463290-23BE-4F81-BBBE-B4E26C040798}"
EndProject
Project("{FAE04EC0-301F-11D3-BF4B-00C04F79EFBC}") = "XF4023.iOS", "XF4023\XF4023.iOS\XF4023.iOS.csproj", "{CCFC59ED-63EF-4666-A908-4884B8845934}"
EndProject
Project("{FAE04EC0-301F-11D3-BF4B-00C04F79EFBC}") = "XF4023.UWP", "XF4023\XF4023.UWP\XF4023.UWP.csproj", "{E9B984D7-B620-4C3C-98CE-E906B9C1D901}"
EndProject
Global
	GlobalSection(SolutionConfigurationPlatforms) = preSolution
		Ad-Hoc|Any CPU = Ad-Hoc|Any CPU
		Ad-Hoc|ARM = Ad-Hoc|ARM
		Ad-Hoc|iPhone = Ad-Hoc|iPhone
		Ad-Hoc|iPhoneSimulator = Ad-Hoc|iPhoneSimulator
		Ad-Hoc|x64 = Ad-Hoc|x64
		Ad-Hoc|x86 = Ad-Hoc|x86
		AppStore|Any CPU = AppStore|Any CPU
		AppStore|ARM = AppStore|ARM
		AppStore|iPhone = AppStore|iPhone
		AppStore|iPhoneSimulator = AppStore|iPhoneSimulator
		AppStore|x64 = AppStore|x64
		AppStore|x86 = AppStore|x86
		Debug|Any CPU = Debug|Any CPU
		Debug|ARM = Debug|ARM
		Debug|iPhone = Debug|iPhone
		Debug|iPhoneSimulator = Debug|iPhoneSimulator
		Debug|x64 = Debug|x64
		Debug|x86 = Debug|x86
		Release|Any CPU = Release|Any CPU
		Release|ARM = Release|ARM
		Release|iPhone = Release|iPhone
		Release|iPhoneSimulator = Release|iPhoneSimulator
		Release|x64 = Release|x64
		Release|x86 = Release|x86
	EndGlobalSection
	GlobalSection(ProjectConfigurationPlatforms) = postSolution
		{AA998B0F-242A-4474-AA08-77E7644014CD}.Ad-Hoc|Any CPU.ActiveCfg = Debug|Any CPU
		{AA998B0F-242A-4474-AA08-77E7644014CD}.Ad-Hoc|Any CPU.Build.0 = Debug|Any CPU
		{AA998B0F-242A-4474-AA08-77E7644014CD}.Ad-Hoc|ARM.ActiveCfg = Debug|Any CPU
		{AA998B0F-242A-4474-AA08-77E7644014CD}.Ad-Hoc|ARM.Build.0 = Debug|Any CPU
		{AA998B0F-242A-4474-AA08-77E7644014CD}.Ad-Hoc|iPhone.ActiveCfg = Debug|Any CPU
		{AA998B0F-242A-4474-AA08-77E7644014CD}.Ad-Hoc|iPhone.Build.0 = Debug|Any CPU
		{AA998B0F-242A-4474-AA08-77E7644014CD}.Ad-Hoc|iPhoneSimulator.ActiveCfg = Debug|Any CPU
		{AA998B0F-242A-4474-AA08-77E7644014CD}.Ad-Hoc|iPhoneSimulator.Build.0 = Debug|Any CPU
		{AA998B0F-242A-4474-AA08-77E7644014CD}.Ad-Hoc|x64.ActiveCfg = Debug|Any CPU
		{AA998B0F-242A-4474-AA08-77E7644014CD}.Ad-Hoc|x64.Build.0 = Debug|Any CPU
		{AA998B0F-242A-4474-AA08-77E7644014CD}.Ad-Hoc|x86.ActiveCfg = Debug|Any CPU
		{AA998B0F-242A-4474-AA08-77E7644014CD}.Ad-Hoc|x86.Build.0 = Debug|Any CPU
		{AA998B0F-242A-4474-AA08-77E7644014CD}.AppStore|Any CPU.ActiveCfg = Debug|Any CPU
		{AA998B0F-242A-4474-AA08-77E7644014CD}.AppStore|Any CPU.Build.0 = Debug|Any CPU
		{AA998B0F-242A-4474-AA08-77E7644014CD}.AppStore|ARM.ActiveCfg = Debug|Any CPU
		{AA998B0F-242A-4474-AA08-77E7644014CD}.AppStore|ARM.Build.0 = Debug|Any CPU
		{AA998B0F-242A-4474-AA08-77E7644014CD}.AppStore|iPhone.ActiveCfg = Debug|Any CPU
		{AA998B0F-242A-4474-AA08-77E7644014CD}.AppStore|iPhone.Build.0 = Debug|Any CPU
		{AA998B0F-242A-4474-AA08-77E7644014CD}.AppStore|iPhoneSimulator.ActiveCfg = Debug|Any CPU
		{AA998B0F-242A-4474-AA08-77E7644014CD}.AppStore|iPhoneSimulator.Build.0 = Debug|Any CPU
		{AA998B0F-242A-4474-AA08-77E7644014CD}.AppStore|x64.ActiveCfg = Debug|Any CPU
		{AA998B0F-242A-4474-AA08-77E7644014CD}.AppStore|x64.Build.0 = Debug|Any CPU
		{AA998B0F-242A-4474-AA08-77E7644014CD}.AppStore|x86.ActiveCfg = Debug|Any CPU
		{AA998B0F-242A-4474-AA08-77E7644014CD}.AppStore|x86.Build.0 = Debug|Any CPU
		{AA998B0F-242A-4474-AA08-77E7644014CD}.Debug|Any CPU.ActiveCfg = Debug|Any CPU
		{AA998B0F-242A-4474-AA08-77E7644014CD}.Debug|Any CPU.Build.0 = Debug|Any CPU
		{AA998B0F-242A-4474-AA08-77E7644014CD}.Debug|ARM.ActiveCfg = Debug|Any CPU
		{AA998B0F-242A-4474-AA08-77E7644014CD}.Debug|ARM.Build.0 = Debug|Any CPU
		{AA998B0F-242A-4474-AA08-77E7644014CD}.Debug|iPhone.ActiveCfg = Debug|Any CPU
		{AA998B0F-242A-4474-AA08-77E7644014CD}.Debug|iPhone.Build.0 = Debug|Any CPU
		{AA998B0F-242A-4474-AA08-77E7644014CD}.Debug|iPhoneSimulator.ActiveCfg = Debug|Any CPU
		{AA998B0F-242A-4474-AA08-77E7644014CD}.Debug|iPhoneSimulator.Build.0 = Debug|Any CPU
		{AA998B0F-242A-4474-AA08-77E7644014CD}.Debug|x64.ActiveCfg = Debug|Any CPU
		{AA998B0F-242A-4474-AA08-77E7644014CD}.Debug|x64.Build.0 = Debug|Any CPU
		{AA998B0F-242A-4474-AA08-77E7644014CD}.Debug|x86.ActiveCfg = Debug|Any CPU
		{AA998B0F-242A-4474-AA08-77E7644014CD}.Debug|x86.Build.0 = Debug|Any CPU
		{AA998B0F-242A-4474-AA08-77E7644014CD}.Release|Any CPU.ActiveCfg = Release|Any CPU
		{AA998B0F-242A-4474-AA08-77E7644014CD}.Release|Any CPU.Build.0 = Release|Any CPU
		{AA998B0F-242A-4474-AA08-77E7644014CD}.Release|ARM.ActiveCfg = Release|Any CPU
		{AA998B0F-242A-4474-AA08-77E7644014CD}.Release|ARM.Build.0 = Release|Any CPU
		{AA998B0F-242A-4474-AA08-77E7644014CD}.Release|iPhone.ActiveCfg = Release|Any CPU
		{AA998B0F-242A-4474-AA08-77E7644014CD}.Release|iPhone.Build.0 = Release|Any CPU
		{AA998B0F-242A-4474-AA08-77E7644014CD}.Release|iPhoneSimulator.ActiveCfg = Release|Any CPU
		{AA998B0F-242A-4474-AA08-77E7644014CD}.Release|iPhoneSimulator.Build.0 = Release|Any CPU
		{AA998B0F-242A-4474-AA08-77E7644014CD}.Release|x64.ActiveCfg = Release|Any CPU
		{AA998B0F-242A-4474-AA08-77E7644014CD}.Release|x64.Build.0 = Release|Any CPU
		{AA998B0F-242A-4474-AA08-77E7644014CD}.Release|x86.ActiveCfg = Release|Any CPU
		{AA998B0F-242A-4474-AA08-77E7644014CD}.Release|x86.Build.0 = Release|Any CPU
		{67463290-23BE-4F81-BBBE-B4E26C040798}.Ad-Hoc|Any CPU.ActiveCfg = Release|Any CPU
		{67463290-23BE-4F81-BBBE-B4E26C040798}.Ad-Hoc|Any CPU.Build.0 = Release|Any CPU
		{67463290-23BE-4F81-BBBE-B4E26C040798}.Ad-Hoc|Any CPU.Deploy.0 = Release|Any CPU
		{67463290-23BE-4F81-BBBE-B4E26C040798}.Ad-Hoc|ARM.ActiveCfg = Release|Any CPU
		{67463290-23BE-4F81-BBBE-B4E26C040798}.Ad-Hoc|ARM.Build.0 = Release|Any CPU
		{67463290-23BE-4F81-BBBE-B4E26C040798}.Ad-Hoc|ARM.Deploy.0 = Release|Any CPU
		{67463290-23BE-4F81-BBBE-B4E26C040798}.Ad-Hoc|iPhone.ActiveCfg = Release|Any CPU
		{67463290-23BE-4F81-BBBE-B4E26C040798}.Ad-Hoc|iPhone.Build.0 = Release|Any CPU
		{67463290-23BE-4F81-BBBE-B4E26C040798}.Ad-Hoc|iPhone.Deploy.0 = Release|Any CPU
		{67463290-23BE-4F81-BBBE-B4E26C040798}.Ad-Hoc|iPhoneSimulator.ActiveCfg = Release|Any CPU
		{67463290-23BE-4F81-BBBE-B4E26C040798}.Ad-Hoc|iPhoneSimulator.Build.0 = Release|Any CPU
		{67463290-23BE-4F81-BBBE-B4E26C040798}.Ad-Hoc|iPhoneSimulator.Deploy.0 = Release|Any CPU
		{67463290-23BE-4F81-BBBE-B4E26C040798}.Ad-Hoc|x64.ActiveCfg = Release|Any CPU
		{67463290-23BE-4F81-BBBE-B4E26C040798}.Ad-Hoc|x64.Build.0 = Release|Any CPU
		{67463290-23BE-4F81-BBBE-B4E26C040798}.Ad-Hoc|x64.Deploy.0 = Release|Any CPU
		{67463290-23BE-4F81-BBBE-B4E26C040798}.Ad-Hoc|x86.ActiveCfg = Release|Any CPU
		{67463290-23BE-4F81-BBBE-B4E26C040798}.Ad-Hoc|x86.Build.0 = Release|Any CPU
		{67463290-23BE-4F81-BBBE-B4E26C040798}.Ad-Hoc|x86.Deploy.0 = Release|Any CPU
		{67463290-23BE-4F81-BBBE-B4E26C040798}.AppStore|Any CPU.ActiveCfg = Release|Any CPU
		{67463290-23BE-4F81-BBBE-B4E26C040798}.AppStore|Any CPU.Build.0 = Release|Any CPU
		{67463290-23BE-4F81-BBBE-B4E26C040798}.AppStore|Any CPU.Deploy.0 = Release|Any CPU
		{67463290-23BE-4F81-BBBE-B4E26C040798}.AppStore|ARM.ActiveCfg = Release|Any CPU
		{67463290-23BE-4F81-BBBE-B4E26C040798}.AppStore|ARM.Build.0 = Release|Any CPU
		{67463290-23BE-4F81-BBBE-B4E26C040798}.AppStore|ARM.Deploy.0 = Release|Any CPU
		{67463290-23BE-4F81-BBBE-B4E26C040798}.AppStore|iPhone.ActiveCfg = Release|Any CPU
		{67463290-23BE-4F81-BBBE-B4E26C040798}.AppStore|iPhone.Build.0 = Release|Any CPU
		{67463290-23BE-4F81-BBBE-B4E26C040798}.AppStore|iPhone.Deploy.0 = Release|Any CPU
		{67463290-23BE-4F81-BBBE-B4E26C040798}.AppStore|iPhoneSimulator.ActiveCfg = Release|Any CPU
		{67463290-23BE-4F81-BBBE-B4E26C040798}.AppStore|iPhoneSimulator.Build.0 = Release|Any CPU
		{67463290-23BE-4F81-BBBE-B4E26C040798}.AppStore|iPhoneSimulator.Deploy.0 = Release|Any CPU
		{67463290-23BE-4F81-BBBE-B4E26C040798}.AppStore|x64.ActiveCfg = Release|Any CPU
		{67463290-23BE-4F81-BBBE-B4E26C040798}.AppStore|x64.Build.0 = Release|Any CPU
		{67463290-23BE-4F81-BBBE-B4E26C040798}.AppStore|x64.Deploy.0 = Release|Any CPU
		{67463290-23BE-4F81-BBBE-B4E26C040798}.AppStore|x86.ActiveCfg = Release|Any CPU
		{67463290-23BE-4F81-BBBE-B4E26C040798}.AppStore|x86.Build.0 = Release|Any CPU
		{67463290-23BE-4F81-BBBE-B4E26C040798}.AppStore|x86.Deploy.0 = Release|Any CPU
		{67463290-23BE-4F81-BBBE-B4E26C040798}.Debug|Any CPU.ActiveCfg = Debug|Any CPU
		{67463290-23BE-4F81-BBBE-B4E26C040798}.Debug|Any CPU.Build.0 = Debug|Any CPU
		{67463290-23BE-4F81-BBBE-B4E26C040798}.Debug|Any CPU.Deploy.0 = Debug|Any CPU
		{67463290-23BE-4F81-BBBE-B4E26C040798}.Debug|ARM.ActiveCfg = Debug|Any CPU
		{67463290-23BE-4F81-BBBE-B4E26C040798}.Debug|ARM.Build.0 = Debug|Any CPU
		{67463290-23BE-4F81-BBBE-B4E26C040798}.Debug|ARM.Deploy.0 = Debug|Any CPU
		{67463290-23BE-4F81-BBBE-B4E26C040798}.Debug|iPhone.ActiveCfg = Debug|Any CPU
		{67463290-23BE-4F81-BBBE-B4E26C040798}.Debug|iPhone.Build.0 = Debug|Any CPU
		{67463290-23BE-4F81-BBBE-B4E26C040798}.Debug|iPhone.Deploy.0 = Debug|Any CPU
		{67463290-23BE-4F81-BBBE-B4E26C040798}.Debug|iPhoneSimulator.ActiveCfg = Debug|Any CPU
		{67463290-23BE-4F81-BBBE-B4E26C040798}.Debug|iPhoneSimulator.Build.0 = Debug|Any CPU
		{67463290-23BE-4F81-BBBE-B4E26C040798}.Debug|iPhoneSimulator.Deploy.0 = Debug|Any CPU
		{67463290-23BE-4F81-BBBE-B4E26C040798}.Debug|x64.ActiveCfg = Debug|Any CPU
		{67463290-23BE-4F81-BBBE-B4E26C040798}.Debug|x64.Build.0 = Debug|Any CPU
		{67463290-23BE-4F81-BBBE-B4E26C040798}.Debug|x64.Deploy.0 = Debug|Any CPU
		{67463290-23BE-4F81-BBBE-B4E26C040798}.Debug|x86.ActiveCfg = Debug|Any CPU
		{67463290-23BE-4F81-BBBE-B4E26C040798}.Debug|x86.Build.0 = Debug|Any CPU
		{67463290-23BE-4F81-BBBE-B4E26C040798}.Debug|x86.Deploy.0 = Debug|Any CPU
		{67463290-23BE-4F81-BBBE-B4E26C040798}.Release|Any CPU.ActiveCfg = Release|Any CPU
		{67463290-23BE-4F81-BBBE-B4E26C040798}.Release|Any CPU.Build.0 = Release|Any CPU
		{67463290-23BE-4F81-BBBE-B4E26C040798}.Release|Any CPU.Deploy.0 = Release|Any CPU
		{67463290-23BE-4F81-BBBE-B4E26C040798}.Release|ARM.ActiveCfg = Release|Any CPU
		{67463290-23BE-4F81-BBBE-B4E26C040798}.Release|ARM.Build.0 = Release|Any CPU
		{67463290-23BE-4F81-BBBE-B4E26C040798}.Release|ARM.Deploy.0 = Release|Any CPU
		{67463290-23BE-4F81-BBBE-B4E26C040798}.Release|iPhone.ActiveCfg = Release|Any CPU
		{67463290-23BE-4F81-BBBE-B4E26C040798}.Release|iPhone.Build.0 = Release|Any CPU
		{67463290-23BE-4F81-BBBE-B4E26C040798}.Release|iPhone.Deploy.0 = Release|Any CPU
		{67463290-23BE-4F81-BBBE-B4E26C040798}.Release|iPhoneSimulator.ActiveCfg = Release|Any CPU
		{67463290-23BE-4F81-BBBE-B4E26C040798}.Release|iPhoneSimulator.Build.0 = Release|Any CPU
		{67463290-23BE-4F81-BBBE-B4E26C040798}.Release|iPhoneSimulator.Deploy.0 = Release|Any CPU
		{67463290-23BE-4F81-BBBE-B4E26C040798}.Release|x64.ActiveCfg = Release|Any CPU
		{67463290-23BE-4F81-BBBE-B4E26C040798}.Release|x64.Build.0 = Release|Any CPU
		{67463290-23BE-4F81-BBBE-B4E26C040798}.Release|x64.Deploy.0 = Release|Any CPU
		{67463290-23BE-4F81-BBBE-B4E26C040798}.Release|x86.ActiveCfg = Release|Any CPU
		{67463290-23BE-4F81-BBBE-B4E26C040798}.Release|x86.Build.0 = Release|Any CPU
		{67463290-23BE-4F81-BBBE-B4E26C040798}.Release|x86.Deploy.0 = Release|Any CPU
		{CCFC59ED-63EF-4666-A908-4884B8845934}.Ad-Hoc|Any CPU.ActiveCfg = Ad-Hoc|iPhone
		{CCFC59ED-63EF-4666-A908-4884B8845934}.Ad-Hoc|ARM.ActiveCfg = Ad-Hoc|iPhone
		{CCFC59ED-63EF-4666-A908-4884B8845934}.Ad-Hoc|iPhone.ActiveCfg = Ad-Hoc|iPhone
		{CCFC59ED-63EF-4666-A908-4884B8845934}.Ad-Hoc|iPhone.Build.0 = Ad-Hoc|iPhone
		{CCFC59ED-63EF-4666-A908-4884B8845934}.Ad-Hoc|iPhoneSimulator.ActiveCfg = Ad-Hoc|iPhoneSimulator
		{CCFC59ED-63EF-4666-A908-4884B8845934}.Ad-Hoc|iPhoneSimulator.Build.0 = Ad-Hoc|iPhoneSimulator
		{CCFC59ED-63EF-4666-A908-4884B8845934}.Ad-Hoc|x64.ActiveCfg = Ad-Hoc|iPhone
		{CCFC59ED-63EF-4666-A908-4884B8845934}.Ad-Hoc|x86.ActiveCfg = Ad-Hoc|iPhone
		{CCFC59ED-63EF-4666-A908-4884B8845934}.AppStore|Any CPU.ActiveCfg = AppStore|iPhone
		{CCFC59ED-63EF-4666-A908-4884B8845934}.AppStore|ARM.ActiveCfg = AppStore|iPhone
		{CCFC59ED-63EF-4666-A908-4884B8845934}.AppStore|iPhone.ActiveCfg = AppStore|iPhone
		{CCFC59ED-63EF-4666-A908-4884B8845934}.AppStore|iPhone.Build.0 = AppStore|iPhone
		{CCFC59ED-63EF-4666-A908-4884B8845934}.AppStore|iPhoneSimulator.ActiveCfg = AppStore|iPhoneSimulator
		{CCFC59ED-63EF-4666-A908-4884B8845934}.AppStore|iPhoneSimulator.Build.0 = AppStore|iPhoneSimulator
		{CCFC59ED-63EF-4666-A908-4884B8845934}.AppStore|x64.ActiveCfg = AppStore|iPhone
		{CCFC59ED-63EF-4666-A908-4884B8845934}.AppStore|x86.ActiveCfg = AppStore|iPhone
		{CCFC59ED-63EF-4666-A908-4884B8845934}.Debug|Any CPU.ActiveCfg = Debug|iPhone
		{CCFC59ED-63EF-4666-A908-4884B8845934}.Debug|ARM.ActiveCfg = Debug|iPhone
		{CCFC59ED-63EF-4666-A908-4884B8845934}.Debug|iPhone.ActiveCfg = Debug|iPhone
		{CCFC59ED-63EF-4666-A908-4884B8845934}.Debug|iPhone.Build.0 = Debug|iPhone
		{CCFC59ED-63EF-4666-A908-4884B8845934}.Debug|iPhoneSimulator.ActiveCfg = Debug|iPhoneSimulator
		{CCFC59ED-63EF-4666-A908-4884B8845934}.Debug|iPhoneSimulator.Build.0 = Debug|iPhoneSimulator
		{CCFC59ED-63EF-4666-A908-4884B8845934}.Debug|x64.ActiveCfg = Debug|iPhone
		{CCFC59ED-63EF-4666-A908-4884B8845934}.Debug|x86.ActiveCfg = Debug|iPhone
		{CCFC59ED-63EF-4666-A908-4884B8845934}.Release|Any CPU.ActiveCfg = Release|iPhone
		{CCFC59ED-63EF-4666-A908-4884B8845934}.Release|ARM.ActiveCfg = Release|iPhone
		{CCFC59ED-63EF-4666-A908-4884B8845934}.Release|iPhone.ActiveCfg = Release|iPhone
		{CCFC59ED-63EF-4666-A908-4884B8845934}.Release|iPhone.Build.0 = Release|iPhone
		{CCFC59ED-63EF-4666-A908-4884B8845934}.Release|iPhoneSimulator.ActiveCfg = Release|iPhoneSimulator
		{CCFC59ED-63EF-4666-A908-4884B8845934}.Release|iPhoneSimulator.Build.0 = Release|iPhoneSimulator
		{CCFC59ED-63EF-4666-A908-4884B8845934}.Release|x64.ActiveCfg = Release|iPhone
		{CCFC59ED-63EF-4666-A908-4884B8845934}.Release|x86.ActiveCfg = Release|iPhone
		{E9B984D7-B620-4C3C-98CE-E906B9C1D901}.Ad-Hoc|Any CPU.ActiveCfg = Release|x86
		{E9B984D7-B620-4C3C-98CE-E906B9C1D901}.Ad-Hoc|Any CPU.Build.0 = Release|x86
		{E9B984D7-B620-4C3C-98CE-E906B9C1D901}.Ad-Hoc|Any CPU.Deploy.0 = Release|x86
		{E9B984D7-B620-4C3C-98CE-E906B9C1D901}.Ad-Hoc|ARM.ActiveCfg = Release|ARM
		{E9B984D7-B620-4C3C-98CE-E906B9C1D901}.Ad-Hoc|ARM.Build.0 = Release|ARM
		{E9B984D7-B620-4C3C-98CE-E906B9C1D901}.Ad-Hoc|ARM.Deploy.0 = Release|ARM
		{E9B984D7-B620-4C3C-98CE-E906B9C1D901}.Ad-Hoc|iPhone.ActiveCfg = Release|x86
		{E9B984D7-B620-4C3C-98CE-E906B9C1D901}.Ad-Hoc|iPhone.Build.0 = Release|x86
		{E9B984D7-B620-4C3C-98CE-E906B9C1D901}.Ad-Hoc|iPhone.Deploy.0 = Release|x86
		{E9B984D7-B620-4C3C-98CE-E906B9C1D901}.Ad-Hoc|iPhoneSimulator.ActiveCfg = Release|x86
		{E9B984D7-B620-4C3C-98CE-E906B9C1D901}.Ad-Hoc|iPhoneSimulator.Build.0 = Release|x86
		{E9B984D7-B620-4C3C-98CE-E906B9C1D901}.Ad-Hoc|iPhoneSimulator.Deploy.0 = Release|x86
		{E9B984D7-B620-4C3C-98CE-E906B9C1D901}.Ad-Hoc|x64.ActiveCfg = Release|x64
		{E9B984D7-B620-4C3C-98CE-E906B9C1D901}.Ad-Hoc|x64.Build.0 = Release|x64
		{E9B984D7-B620-4C3C-98CE-E906B9C1D901}.Ad-Hoc|x64.Deploy.0 = Release|x64
		{E9B984D7-B620-4C3C-98CE-E906B9C1D901}.Ad-Hoc|x86.ActiveCfg = Release|x86
		{E9B984D7-B620-4C3C-98CE-E906B9C1D901}.Ad-Hoc|x86.Build.0 = Release|x86
		{E9B984D7-B620-4C3C-98CE-E906B9C1D901}.Ad-Hoc|x86.Deploy.0 = Release|x86
		{E9B984D7-B620-4C3C-98CE-E906B9C1D901}.AppStore|Any CPU.ActiveCfg = Release|x86
		{E9B984D7-B620-4C3C-98CE-E906B9C1D901}.AppStore|Any CPU.Build.0 = Release|x86
		{E9B984D7-B620-4C3C-98CE-E906B9C1D901}.AppStore|Any CPU.Deploy.0 = Release|x86
		{E9B984D7-B620-4C3C-98CE-E906B9C1D901}.AppStore|ARM.ActiveCfg = Release|ARM
		{E9B984D7-B620-4C3C-98CE-E906B9C1D901}.AppStore|ARM.Build.0 = Release|ARM
		{E9B984D7-B620-4C3C-98CE-E906B9C1D901}.AppStore|ARM.Deploy.0 = Release|ARM
		{E9B984D7-B620-4C3C-98CE-E906B9C1D901}.AppStore|iPhone.ActiveCfg = Release|x86
		{E9B984D7-B620-4C3C-98CE-E906B9C1D901}.AppStore|iPhone.Build.0 = Release|x86
		{E9B984D7-B620-4C3C-98CE-E906B9C1D901}.AppStore|iPhone.Deploy.0 = Release|x86
		{E9B984D7-B620-4C3C-98CE-E906B9C1D901}.AppStore|iPhoneSimulator.ActiveCfg = Release|x86
		{E9B984D7-B620-4C3C-98CE-E906B9C1D901}.AppStore|iPhoneSimulator.Build.0 = Release|x86
		{E9B984D7-B620-4C3C-98CE-E906B9C1D901}.AppStore|iPhoneSimulator.Deploy.0 = Release|x86
		{E9B984D7-B620-4C3C-98CE-E906B9C1D901}.AppStore|x64.ActiveCfg = Release|x64
		{E9B984D7-B620-4C3C-98CE-E906B9C1D901}.AppStore|x64.Build.0 = Release|x64
		{E9B984D7-B620-4C3C-98CE-E906B9C1D901}.AppStore|x64.Deploy.0 = Release|x64
		{E9B984D7-B620-4C3C-98CE-E906B9C1D901}.AppStore|x86.ActiveCfg = Release|x86
		{E9B984D7-B620-4C3C-98CE-E906B9C1D901}.AppStore|x86.Build.0 = Release|x86
		{E9B984D7-B620-4C3C-98CE-E906B9C1D901}.AppStore|x86.Deploy.0 = Release|x86
		{E9B984D7-B620-4C3C-98CE-E906B9C1D901}.Debug|Any CPU.ActiveCfg = Debug|x86
		{E9B984D7-B620-4C3C-98CE-E906B9C1D901}.Debug|ARM.ActiveCfg = Debug|ARM
		{E9B984D7-B620-4C3C-98CE-E906B9C1D901}.Debug|ARM.Build.0 = Debug|ARM
		{E9B984D7-B620-4C3C-98CE-E906B9C1D901}.Debug|ARM.Deploy.0 = Debug|ARM
		{E9B984D7-B620-4C3C-98CE-E906B9C1D901}.Debug|iPhone.ActiveCfg = Debug|x86
		{E9B984D7-B620-4C3C-98CE-E906B9C1D901}.Debug|iPhoneSimulator.ActiveCfg = Debug|x86
		{E9B984D7-B620-4C3C-98CE-E906B9C1D901}.Debug|x64.ActiveCfg = Debug|x64
		{E9B984D7-B620-4C3C-98CE-E906B9C1D901}.Debug|x64.Build.0 = Debug|x64
		{E9B984D7-B620-4C3C-98CE-E906B9C1D901}.Debug|x64.Deploy.0 = Debug|x64
		{E9B984D7-B620-4C3C-98CE-E906B9C1D901}.Debug|x86.ActiveCfg = Debug|x86
		{E9B984D7-B620-4C3C-98CE-E906B9C1D901}.Debug|x86.Build.0 = Debug|x86
		{E9B984D7-B620-4C3C-98CE-E906B9C1D901}.Debug|x86.Deploy.0 = Debug|x86
		{E9B984D7-B620-4C3C-98CE-E906B9C1D901}.Release|Any CPU.ActiveCfg = Release|x86
		{E9B984D7-B620-4C3C-98CE-E906B9C1D901}.Release|ARM.ActiveCfg = Release|ARM
		{E9B984D7-B620-4C3C-98CE-E906B9C1D901}.Release|ARM.Build.0 = Release|ARM
		{E9B984D7-B620-4C3C-98CE-E906B9C1D901}.Release|ARM.Deploy.0 = Release|ARM
		{E9B984D7-B620-4C3C-98CE-E906B9C1D901}.Release|iPhone.ActiveCfg = Release|x86
		{E9B984D7-B620-4C3C-98CE-E906B9C1D901}.Release|iPhoneSimulator.ActiveCfg = Release|x86
		{E9B984D7-B620-4C3C-98CE-E906B9C1D901}.Release|x64.ActiveCfg = Release|x64
		{E9B984D7-B620-4C3C-98CE-E906B9C1D901}.Release|x64.Build.0 = Release|x64
		{E9B984D7-B620-4C3C-98CE-E906B9C1D901}.Release|x64.Deploy.0 = Release|x64
		{E9B984D7-B620-4C3C-98CE-E906B9C1D901}.Release|x86.ActiveCfg = Release|x86
		{E9B984D7-B620-4C3C-98CE-E906B9C1D901}.Release|x86.Build.0 = Release|x86
		{E9B984D7-B620-4C3C-98CE-E906B9C1D901}.Release|x86.Deploy.0 = Release|x86
	EndGlobalSection
	GlobalSection(SolutionProperties) = preSolution
		HideSolutionNode = FALSE
	EndGlobalSection
	GlobalSection(ExtensibilityGlobals) = postSolution
		SolutionGuid = {5841755F-CB01-44E0-A3C0-5E3891A08427}
	EndGlobalSection
EndGlobal
