
Microsoft Visual Studio Solution File, Format Version 12.00
# Visual Studio Version 16
VisualStudioVersion = 16.0.28803.352
MinimumVisualStudioVersion = 10.0.40219.1
Project("{FAE04EC0-301F-11D3-BF4B-00C04F79EFBC}") = "XF3030", "XF3030\XF3030\XF3030.csproj", "{9B7FDCCA-BB40-4867-8CD7-7C9C8FC4B640}"
EndProject
Project("{FAE04EC0-301F-11D3-BF4B-00C04F79EFBC}") = "XF3030.Android", "XF3030\XF3030.Android\XF3030.Android.csproj", "{C64224EE-2403-4713-9FD9-76472867DDAA}"
EndProject
Project("{FAE04EC0-301F-11D3-BF4B-00C04F79EFBC}") = "XF3030.iOS", "XF3030\XF3030.iOS\XF3030.iOS.csproj", "{23C8B8CD-D751-446B-987D-06E141AA4A6D}"
EndProject
Project("{FAE04EC0-301F-11D3-BF4B-00C04F79EFBC}") = "XF3030.UWP", "XF3030\XF3030.UWP\XF3030.UWP.csproj", "{BD1C62C8-6ADC-4E79-8533-E2043101CD36}"
EndProject
Global
	GlobalSection(SolutionConfigurationPlatforms) = preSolution
		Ad-Hoc|Any CPU = Ad-Hoc|Any CPU
		Ad-Hoc|ARM = Ad-Hoc|ARM
		Ad-Hoc|iPhone = Ad-Hoc|iPhone
		Ad-Hoc|iPhoneSimulator = Ad-Hoc|iPhoneSimulator
		Ad-Hoc|x64 = Ad-Hoc|x64
		Ad-Hoc|x86 = Ad-Hoc|x86
		AppStore|Any CPU = AppStore|Any CPU
		AppStore|ARM = AppStore|ARM
		AppStore|iPhone = AppStore|iPhone
		AppStore|iPhoneSimulator = AppStore|iPhoneSimulator
		AppStore|x64 = AppStore|x64
		AppStore|x86 = AppStore|x86
		Debug|Any CPU = Debug|Any CPU
		Debug|ARM = Debug|ARM
		Debug|iPhone = Debug|iPhone
		Debug|iPhoneSimulator = Debug|iPhoneSimulator
		Debug|x64 = Debug|x64
		Debug|x86 = Debug|x86
		Release|Any CPU = Release|Any CPU
		Release|ARM = Release|ARM
		Release|iPhone = Release|iPhone
		Release|iPhoneSimulator = Release|iPhoneSimulator
		Release|x64 = Release|x64
		Release|x86 = Release|x86
	EndGlobalSection
	GlobalSection(ProjectConfigurationPlatforms) = postSolution
		{9B7FDCCA-BB40-4867-8CD7-7C9C8FC4B640}.Ad-Hoc|Any CPU.ActiveCfg = Debug|Any CPU
		{9B7FDCCA-BB40-4867-8CD7-7C9C8FC4B640}.Ad-Hoc|Any CPU.Build.0 = Debug|Any CPU
		{9B7FDCCA-BB40-4867-8CD7-7C9C8FC4B640}.Ad-Hoc|ARM.ActiveCfg = Debug|Any CPU
		{9B7FDCCA-BB40-4867-8CD7-7C9C8FC4B640}.Ad-Hoc|ARM.Build.0 = Debug|Any CPU
		{9B7FDCCA-BB40-4867-8CD7-7C9C8FC4B640}.Ad-Hoc|iPhone.ActiveCfg = Debug|Any CPU
		{9B7FDCCA-BB40-4867-8CD7-7C9C8FC4B640}.Ad-Hoc|iPhone.Build.0 = Debug|Any CPU
		{9B7FDCCA-BB40-4867-8CD7-7C9C8FC4B640}.Ad-Hoc|iPhoneSimulator.ActiveCfg = Debug|Any CPU
		{9B7FDCCA-BB40-4867-8CD7-7C9C8FC4B640}.Ad-Hoc|iPhoneSimulator.Build.0 = Debug|Any CPU
		{9B7FDCCA-BB40-4867-8CD7-7C9C8FC4B640}.Ad-Hoc|x64.ActiveCfg = Debug|Any CPU
		{9B7FDCCA-BB40-4867-8CD7-7C9C8FC4B640}.Ad-Hoc|x64.Build.0 = Debug|Any CPU
		{9B7FDCCA-BB40-4867-8CD7-7C9C8FC4B640}.Ad-Hoc|x86.ActiveCfg = Debug|Any CPU
		{9B7FDCCA-BB40-4867-8CD7-7C9C8FC4B640}.Ad-Hoc|x86.Build.0 = Debug|Any CPU
		{9B7FDCCA-BB40-4867-8CD7-7C9C8FC4B640}.AppStore|Any CPU.ActiveCfg = Debug|Any CPU
		{9B7FDCCA-BB40-4867-8CD7-7C9C8FC4B640}.AppStore|Any CPU.Build.0 = Debug|Any CPU
		{9B7FDCCA-BB40-4867-8CD7-7C9C8FC4B640}.AppStore|ARM.ActiveCfg = Debug|Any CPU
		{9B7FDCCA-BB40-4867-8CD7-7C9C8FC4B640}.AppStore|ARM.Build.0 = Debug|Any CPU
		{9B7FDCCA-BB40-4867-8CD7-7C9C8FC4B640}.AppStore|iPhone.ActiveCfg = Debug|Any CPU
		{9B7FDCCA-BB40-4867-8CD7-7C9C8FC4B640}.AppStore|iPhone.Build.0 = Debug|Any CPU
		{9B7FDCCA-BB40-4867-8CD7-7C9C8FC4B640}.AppStore|iPhoneSimulator.ActiveCfg = Debug|Any CPU
		{9B7FDCCA-BB40-4867-8CD7-7C9C8FC4B640}.AppStore|iPhoneSimulator.Build.0 = Debug|Any CPU
		{9B7FDCCA-BB40-4867-8CD7-7C9C8FC4B640}.AppStore|x64.ActiveCfg = Debug|Any CPU
		{9B7FDCCA-BB40-4867-8CD7-7C9C8FC4B640}.AppStore|x64.Build.0 = Debug|Any CPU
		{9B7FDCCA-BB40-4867-8CD7-7C9C8FC4B640}.AppStore|x86.ActiveCfg = Debug|Any CPU
		{9B7FDCCA-BB40-4867-8CD7-7C9C8FC4B640}.AppStore|x86.Build.0 = Debug|Any CPU
		{9B7FDCCA-BB40-4867-8CD7-7C9C8FC4B640}.Debug|Any CPU.ActiveCfg = Debug|Any CPU
		{9B7FDCCA-BB40-4867-8CD7-7C9C8FC4B640}.Debug|Any CPU.Build.0 = Debug|Any CPU
		{9B7FDCCA-BB40-4867-8CD7-7C9C8FC4B640}.Debug|ARM.ActiveCfg = Debug|Any CPU
		{9B7FDCCA-BB40-4867-8CD7-7C9C8FC4B640}.Debug|ARM.Build.0 = Debug|Any CPU
		{9B7FDCCA-BB40-4867-8CD7-7C9C8FC4B640}.Debug|iPhone.ActiveCfg = Debug|Any CPU
		{9B7FDCCA-BB40-4867-8CD7-7C9C8FC4B640}.Debug|iPhone.Build.0 = Debug|Any CPU
		{9B7FDCCA-BB40-4867-8CD7-7C9C8FC4B640}.Debug|iPhoneSimulator.ActiveCfg = Debug|Any CPU
		{9B7FDCCA-BB40-4867-8CD7-7C9C8FC4B640}.Debug|iPhoneSimulator.Build.0 = Debug|Any CPU
		{9B7FDCCA-BB40-4867-8CD7-7C9C8FC4B640}.Debug|x64.ActiveCfg = Debug|Any CPU
		{9B7FDCCA-BB40-4867-8CD7-7C9C8FC4B640}.Debug|x64.Build.0 = Debug|Any CPU
		{9B7FDCCA-BB40-4867-8CD7-7C9C8FC4B640}.Debug|x86.ActiveCfg = Debug|Any CPU
		{9B7FDCCA-BB40-4867-8CD7-7C9C8FC4B640}.Debug|x86.Build.0 = Debug|Any CPU
		{9B7FDCCA-BB40-4867-8CD7-7C9C8FC4B640}.Release|Any CPU.ActiveCfg = Release|Any CPU
		{9B7FDCCA-BB40-4867-8CD7-7C9C8FC4B640}.Release|Any CPU.Build.0 = Release|Any CPU
		{9B7FDCCA-BB40-4867-8CD7-7C9C8FC4B640}.Release|ARM.ActiveCfg = Release|Any CPU
		{9B7FDCCA-BB40-4867-8CD7-7C9C8FC4B640}.Release|ARM.Build.0 = Release|Any CPU
		{9B7FDCCA-BB40-4867-8CD7-7C9C8FC4B640}.Release|iPhone.ActiveCfg = Release|Any CPU
		{9B7FDCCA-BB40-4867-8CD7-7C9C8FC4B640}.Release|iPhone.Build.0 = Release|Any CPU
		{9B7FDCCA-BB40-4867-8CD7-7C9C8FC4B640}.Release|iPhoneSimulator.ActiveCfg = Release|Any CPU
		{9B7FDCCA-BB40-4867-8CD7-7C9C8FC4B640}.Release|iPhoneSimulator.Build.0 = Release|Any CPU
		{9B7FDCCA-BB40-4867-8CD7-7C9C8FC4B640}.Release|x64.ActiveCfg = Release|Any CPU
		{9B7FDCCA-BB40-4867-8CD7-7C9C8FC4B640}.Release|x64.Build.0 = Release|Any CPU
		{9B7FDCCA-BB40-4867-8CD7-7C9C8FC4B640}.Release|x86.ActiveCfg = Release|Any CPU
		{9B7FDCCA-BB40-4867-8CD7-7C9C8FC4B640}.Release|x86.Build.0 = Release|Any CPU
		{C64224EE-2403-4713-9FD9-76472867DDAA}.Ad-Hoc|Any CPU.ActiveCfg = Release|Any CPU
		{C64224EE-2403-4713-9FD9-76472867DDAA}.Ad-Hoc|Any CPU.Build.0 = Release|Any CPU
		{C64224EE-2403-4713-9FD9-76472867DDAA}.Ad-Hoc|Any CPU.Deploy.0 = Release|Any CPU
		{C64224EE-2403-4713-9FD9-76472867DDAA}.Ad-Hoc|ARM.ActiveCfg = Release|Any CPU
		{C64224EE-2403-4713-9FD9-76472867DDAA}.Ad-Hoc|ARM.Build.0 = Release|Any CPU
		{C64224EE-2403-4713-9FD9-76472867DDAA}.Ad-Hoc|ARM.Deploy.0 = Release|Any CPU
		{C64224EE-2403-4713-9FD9-76472867DDAA}.Ad-Hoc|iPhone.ActiveCfg = Release|Any CPU
		{C64224EE-2403-4713-9FD9-76472867DDAA}.Ad-Hoc|iPhone.Build.0 = Release|Any CPU
		{C64224EE-2403-4713-9FD9-76472867DDAA}.Ad-Hoc|iPhone.Deploy.0 = Release|Any CPU
		{C64224EE-2403-4713-9FD9-76472867DDAA}.Ad-Hoc|iPhoneSimulator.ActiveCfg = Release|Any CPU
		{C64224EE-2403-4713-9FD9-76472867DDAA}.Ad-Hoc|iPhoneSimulator.Build.0 = Release|Any CPU
		{C64224EE-2403-4713-9FD9-76472867DDAA}.Ad-Hoc|iPhoneSimulator.Deploy.0 = Release|Any CPU
		{C64224EE-2403-4713-9FD9-76472867DDAA}.Ad-Hoc|x64.ActiveCfg = Release|Any CPU
		{C64224EE-2403-4713-9FD9-76472867DDAA}.Ad-Hoc|x64.Build.0 = Release|Any CPU
		{C64224EE-2403-4713-9FD9-76472867DDAA}.Ad-Hoc|x64.Deploy.0 = Release|Any CPU
		{C64224EE-2403-4713-9FD9-76472867DDAA}.Ad-Hoc|x86.ActiveCfg = Release|Any CPU
		{C64224EE-2403-4713-9FD9-76472867DDAA}.Ad-Hoc|x86.Build.0 = Release|Any CPU
		{C64224EE-2403-4713-9FD9-76472867DDAA}.Ad-Hoc|x86.Deploy.0 = Release|Any CPU
		{C64224EE-2403-4713-9FD9-76472867DDAA}.AppStore|Any CPU.ActiveCfg = Release|Any CPU
		{C64224EE-2403-4713-9FD9-76472867DDAA}.AppStore|Any CPU.Build.0 = Release|Any CPU
		{C64224EE-2403-4713-9FD9-76472867DDAA}.AppStore|Any CPU.Deploy.0 = Release|Any CPU
		{C64224EE-2403-4713-9FD9-76472867DDAA}.AppStore|ARM.ActiveCfg = Release|Any CPU
		{C64224EE-2403-4713-9FD9-76472867DDAA}.AppStore|ARM.Build.0 = Release|Any CPU
		{C64224EE-2403-4713-9FD9-76472867DDAA}.AppStore|ARM.Deploy.0 = Release|Any CPU
		{C64224EE-2403-4713-9FD9-76472867DDAA}.AppStore|iPhone.ActiveCfg = Release|Any CPU
		{C64224EE-2403-4713-9FD9-76472867DDAA}.AppStore|iPhone.Build.0 = Release|Any CPU
		{C64224EE-2403-4713-9FD9-76472867DDAA}.AppStore|iPhone.Deploy.0 = Release|Any CPU
		{C64224EE-2403-4713-9FD9-76472867DDAA}.AppStore|iPhoneSimulator.ActiveCfg = Release|Any CPU
		{C64224EE-2403-4713-9FD9-76472867DDAA}.AppStore|iPhoneSimulator.Build.0 = Release|Any CPU
		{C64224EE-2403-4713-9FD9-76472867DDAA}.AppStore|iPhoneSimulator.Deploy.0 = Release|Any CPU
		{C64224EE-2403-4713-9FD9-76472867DDAA}.AppStore|x64.ActiveCfg = Release|Any CPU
		{C64224EE-2403-4713-9FD9-76472867DDAA}.AppStore|x64.Build.0 = Release|Any CPU
		{C64224EE-2403-4713-9FD9-76472867DDAA}.AppStore|x64.Deploy.0 = Release|Any CPU
		{C64224EE-2403-4713-9FD9-76472867DDAA}.AppStore|x86.ActiveCfg = Release|Any CPU
		{C64224EE-2403-4713-9FD9-76472867DDAA}.AppStore|x86.Build.0 = Release|Any CPU
		{C64224EE-2403-4713-9FD9-76472867DDAA}.AppStore|x86.Deploy.0 = Release|Any CPU
		{C64224EE-2403-4713-9FD9-76472867DDAA}.Debug|Any CPU.ActiveCfg = Debug|Any CPU
		{C64224EE-2403-4713-9FD9-76472867DDAA}.Debug|Any CPU.Build.0 = Debug|Any CPU
		{C64224EE-2403-4713-9FD9-76472867DDAA}.Debug|Any CPU.Deploy.0 = Debug|Any CPU
		{C64224EE-2403-4713-9FD9-76472867DDAA}.Debug|ARM.ActiveCfg = Debug|Any CPU
		{C64224EE-2403-4713-9FD9-76472867DDAA}.Debug|ARM.Build.0 = Debug|Any CPU
		{C64224EE-2403-4713-9FD9-76472867DDAA}.Debug|ARM.Deploy.0 = Debug|Any CPU
		{C64224EE-2403-4713-9FD9-76472867DDAA}.Debug|iPhone.ActiveCfg = Debug|Any CPU
		{C64224EE-2403-4713-9FD9-76472867DDAA}.Debug|iPhone.Build.0 = Debug|Any CPU
		{C64224EE-2403-4713-9FD9-76472867DDAA}.Debug|iPhone.Deploy.0 = Debug|Any CPU
		{C64224EE-2403-4713-9FD9-76472867DDAA}.Debug|iPhoneSimulator.ActiveCfg = Debug|Any CPU
		{C64224EE-2403-4713-9FD9-76472867DDAA}.Debug|iPhoneSimulator.Build.0 = Debug|Any CPU
		{C64224EE-2403-4713-9FD9-76472867DDAA}.Debug|iPhoneSimulator.Deploy.0 = Debug|Any CPU
		{C64224EE-2403-4713-9FD9-76472867DDAA}.Debug|x64.ActiveCfg = Debug|Any CPU
		{C64224EE-2403-4713-9FD9-76472867DDAA}.Debug|x64.Build.0 = Debug|Any CPU
		{C64224EE-2403-4713-9FD9-76472867DDAA}.Debug|x64.Deploy.0 = Debug|Any CPU
		{C64224EE-2403-4713-9FD9-76472867DDAA}.Debug|x86.ActiveCfg = Debug|Any CPU
		{C64224EE-2403-4713-9FD9-76472867DDAA}.Debug|x86.Build.0 = Debug|Any CPU
		{C64224EE-2403-4713-9FD9-76472867DDAA}.Debug|x86.Deploy.0 = Debug|Any CPU
		{C64224EE-2403-4713-9FD9-76472867DDAA}.Release|Any CPU.ActiveCfg = Release|Any CPU
		{C64224EE-2403-4713-9FD9-76472867DDAA}.Release|Any CPU.Build.0 = Release|Any CPU
		{C64224EE-2403-4713-9FD9-76472867DDAA}.Release|Any CPU.Deploy.0 = Release|Any CPU
		{C64224EE-2403-4713-9FD9-76472867DDAA}.Release|ARM.ActiveCfg = Release|Any CPU
		{C64224EE-2403-4713-9FD9-76472867DDAA}.Release|ARM.Build.0 = Release|Any CPU
		{C64224EE-2403-4713-9FD9-76472867DDAA}.Release|ARM.Deploy.0 = Release|Any CPU
		{C64224EE-2403-4713-9FD9-76472867DDAA}.Release|iPhone.ActiveCfg = Release|Any CPU
		{C64224EE-2403-4713-9FD9-76472867DDAA}.Release|iPhone.Build.0 = Release|Any CPU
		{C64224EE-2403-4713-9FD9-76472867DDAA}.Release|iPhone.Deploy.0 = Release|Any CPU
		{C64224EE-2403-4713-9FD9-76472867DDAA}.Release|iPhoneSimulator.ActiveCfg = Release|Any CPU
		{C64224EE-2403-4713-9FD9-76472867DDAA}.Release|iPhoneSimulator.Build.0 = Release|Any CPU
		{C64224EE-2403-4713-9FD9-76472867DDAA}.Release|iPhoneSimulator.Deploy.0 = Release|Any CPU
		{C64224EE-2403-4713-9FD9-76472867DDAA}.Release|x64.ActiveCfg = Release|Any CPU
		{C64224EE-2403-4713-9FD9-76472867DDAA}.Release|x64.Build.0 = Release|Any CPU
		{C64224EE-2403-4713-9FD9-76472867DDAA}.Release|x64.Deploy.0 = Release|Any CPU
		{C64224EE-2403-4713-9FD9-76472867DDAA}.Release|x86.ActiveCfg = Release|Any CPU
		{C64224EE-2403-4713-9FD9-76472867DDAA}.Release|x86.Build.0 = Release|Any CPU
		{C64224EE-2403-4713-9FD9-76472867DDAA}.Release|x86.Deploy.0 = Release|Any CPU
		{23C8B8CD-D751-446B-987D-06E141AA4A6D}.Ad-Hoc|Any CPU.ActiveCfg = Ad-Hoc|iPhone
		{23C8B8CD-D751-446B-987D-06E141AA4A6D}.Ad-Hoc|ARM.ActiveCfg = Ad-Hoc|iPhone
		{23C8B8CD-D751-446B-987D-06E141AA4A6D}.Ad-Hoc|iPhone.ActiveCfg = Ad-Hoc|iPhone
		{23C8B8CD-D751-446B-987D-06E141AA4A6D}.Ad-Hoc|iPhone.Build.0 = Ad-Hoc|iPhone
		{23C8B8CD-D751-446B-987D-06E141AA4A6D}.Ad-Hoc|iPhoneSimulator.ActiveCfg = Ad-Hoc|iPhoneSimulator
		{23C8B8CD-D751-446B-987D-06E141AA4A6D}.Ad-Hoc|iPhoneSimulator.Build.0 = Ad-Hoc|iPhoneSimulator
		{23C8B8CD-D751-446B-987D-06E141AA4A6D}.Ad-Hoc|x64.ActiveCfg = Ad-Hoc|iPhone
		{23C8B8CD-D751-446B-987D-06E141AA4A6D}.Ad-Hoc|x86.ActiveCfg = Ad-Hoc|iPhone
		{23C8B8CD-D751-446B-987D-06E141AA4A6D}.AppStore|Any CPU.ActiveCfg = AppStore|iPhone
		{23C8B8CD-D751-446B-987D-06E141AA4A6D}.AppStore|ARM.ActiveCfg = AppStore|iPhone
		{23C8B8CD-D751-446B-987D-06E141AA4A6D}.AppStore|iPhone.ActiveCfg = AppStore|iPhone
		{23C8B8CD-D751-446B-987D-06E141AA4A6D}.AppStore|iPhone.Build.0 = AppStore|iPhone
		{23C8B8CD-D751-446B-987D-06E141AA4A6D}.AppStore|iPhoneSimulator.ActiveCfg = AppStore|iPhoneSimulator
		{23C8B8CD-D751-446B-987D-06E141AA4A6D}.AppStore|iPhoneSimulator.Build.0 = AppStore|iPhoneSimulator
		{23C8B8CD-D751-446B-987D-06E141AA4A6D}.AppStore|x64.ActiveCfg = AppStore|iPhone
		{23C8B8CD-D751-446B-987D-06E141AA4A6D}.AppStore|x86.ActiveCfg = AppStore|iPhone
		{23C8B8CD-D751-446B-987D-06E141AA4A6D}.Debug|Any CPU.ActiveCfg = Debug|iPhone
		{23C8B8CD-D751-446B-987D-06E141AA4A6D}.Debug|ARM.ActiveCfg = Debug|iPhone
		{23C8B8CD-D751-446B-987D-06E141AA4A6D}.Debug|iPhone.ActiveCfg = Debug|iPhone
		{23C8B8CD-D751-446B-987D-06E141AA4A6D}.Debug|iPhone.Build.0 = Debug|iPhone
		{23C8B8CD-D751-446B-987D-06E141AA4A6D}.Debug|iPhoneSimulator.ActiveCfg = Debug|iPhoneSimulator
		{23C8B8CD-D751-446B-987D-06E141AA4A6D}.Debug|iPhoneSimulator.Build.0 = Debug|iPhoneSimulator
		{23C8B8CD-D751-446B-987D-06E141AA4A6D}.Debug|x64.ActiveCfg = Debug|iPhone
		{23C8B8CD-D751-446B-987D-06E141AA4A6D}.Debug|x86.ActiveCfg = Debug|iPhone
		{23C8B8CD-D751-446B-987D-06E141AA4A6D}.Release|Any CPU.ActiveCfg = Release|iPhone
		{23C8B8CD-D751-446B-987D-06E141AA4A6D}.Release|ARM.ActiveCfg = Release|iPhone
		{23C8B8CD-D751-446B-987D-06E141AA4A6D}.Release|iPhone.ActiveCfg = Release|iPhone
		{23C8B8CD-D751-446B-987D-06E141AA4A6D}.Release|iPhone.Build.0 = Release|iPhone
		{23C8B8CD-D751-446B-987D-06E141AA4A6D}.Release|iPhoneSimulator.ActiveCfg = Release|iPhoneSimulator
		{23C8B8CD-D751-446B-987D-06E141AA4A6D}.Release|iPhoneSimulator.Build.0 = Release|iPhoneSimulator
		{23C8B8CD-D751-446B-987D-06E141AA4A6D}.Release|x64.ActiveCfg = Release|iPhone
		{23C8B8CD-D751-446B-987D-06E141AA4A6D}.Release|x86.ActiveCfg = Release|iPhone
		{BD1C62C8-6ADC-4E79-8533-E2043101CD36}.Ad-Hoc|Any CPU.ActiveCfg = Release|x86
		{BD1C62C8-6ADC-4E79-8533-E2043101CD36}.Ad-Hoc|Any CPU.Build.0 = Release|x86
		{BD1C62C8-6ADC-4E79-8533-E2043101CD36}.Ad-Hoc|Any CPU.Deploy.0 = Release|x86
		{BD1C62C8-6ADC-4E79-8533-E2043101CD36}.Ad-Hoc|ARM.ActiveCfg = Release|ARM
		{BD1C62C8-6ADC-4E79-8533-E2043101CD36}.Ad-Hoc|ARM.Build.0 = Release|ARM
		{BD1C62C8-6ADC-4E79-8533-E2043101CD36}.Ad-Hoc|ARM.Deploy.0 = Release|ARM
		{BD1C62C8-6ADC-4E79-8533-E2043101CD36}.Ad-Hoc|iPhone.ActiveCfg = Release|x86
		{BD1C62C8-6ADC-4E79-8533-E2043101CD36}.Ad-Hoc|iPhone.Build.0 = Release|x86
		{BD1C62C8-6ADC-4E79-8533-E2043101CD36}.Ad-Hoc|iPhone.Deploy.0 = Release|x86
		{BD1C62C8-6ADC-4E79-8533-E2043101CD36}.Ad-Hoc|iPhoneSimulator.ActiveCfg = Release|x86
		{BD1C62C8-6ADC-4E79-8533-E2043101CD36}.Ad-Hoc|iPhoneSimulator.Build.0 = Release|x86
		{BD1C62C8-6ADC-4E79-8533-E2043101CD36}.Ad-Hoc|iPhoneSimulator.Deploy.0 = Release|x86
		{BD1C62C8-6ADC-4E79-8533-E2043101CD36}.Ad-Hoc|x64.ActiveCfg = Release|x64
		{BD1C62C8-6ADC-4E79-8533-E2043101CD36}.Ad-Hoc|x64.Build.0 = Release|x64
		{BD1C62C8-6ADC-4E79-8533-E2043101CD36}.Ad-Hoc|x64.Deploy.0 = Release|x64
		{BD1C62C8-6ADC-4E79-8533-E2043101CD36}.Ad-Hoc|x86.ActiveCfg = Release|x86
		{BD1C62C8-6ADC-4E79-8533-E2043101CD36}.Ad-Hoc|x86.Build.0 = Release|x86
		{BD1C62C8-6ADC-4E79-8533-E2043101CD36}.Ad-Hoc|x86.Deploy.0 = Release|x86
		{BD1C62C8-6ADC-4E79-8533-E2043101CD36}.AppStore|Any CPU.ActiveCfg = Release|x86
		{BD1C62C8-6ADC-4E79-8533-E2043101CD36}.AppStore|Any CPU.Build.0 = Release|x86
		{BD1C62C8-6ADC-4E79-8533-E2043101CD36}.AppStore|Any CPU.Deploy.0 = Release|x86
		{BD1C62C8-6ADC-4E79-8533-E2043101CD36}.AppStore|ARM.ActiveCfg = Release|ARM
		{BD1C62C8-6ADC-4E79-8533-E2043101CD36}.AppStore|ARM.Build.0 = Release|ARM
		{BD1C62C8-6ADC-4E79-8533-E2043101CD36}.AppStore|ARM.Deploy.0 = Release|ARM
		{BD1C62C8-6ADC-4E79-8533-E2043101CD36}.AppStore|iPhone.ActiveCfg = Release|x86
		{BD1C62C8-6ADC-4E79-8533-E2043101CD36}.AppStore|iPhone.Build.0 = Release|x86
		{BD1C62C8-6ADC-4E79-8533-E2043101CD36}.AppStore|iPhone.Deploy.0 = Release|x86
		{BD1C62C8-6ADC-4E79-8533-E2043101CD36}.AppStore|iPhoneSimulator.ActiveCfg = Release|x86
		{BD1C62C8-6ADC-4E79-8533-E2043101CD36}.AppStore|iPhoneSimulator.Build.0 = Release|x86
		{BD1C62C8-6ADC-4E79-8533-E2043101CD36}.AppStore|iPhoneSimulator.Deploy.0 = Release|x86
		{BD1C62C8-6ADC-4E79-8533-E2043101CD36}.AppStore|x64.ActiveCfg = Release|x64
		{BD1C62C8-6ADC-4E79-8533-E2043101CD36}.AppStore|x64.Build.0 = Release|x64
		{BD1C62C8-6ADC-4E79-8533-E2043101CD36}.AppStore|x64.Deploy.0 = Release|x64
		{BD1C62C8-6ADC-4E79-8533-E2043101CD36}.AppStore|x86.ActiveCfg = Release|x86
		{BD1C62C8-6ADC-4E79-8533-E2043101CD36}.AppStore|x86.Build.0 = Release|x86
		{BD1C62C8-6ADC-4E79-8533-E2043101CD36}.AppStore|x86.Deploy.0 = Release|x86
		{BD1C62C8-6ADC-4E79-8533-E2043101CD36}.Debug|Any CPU.ActiveCfg = Debug|x86
		{BD1C62C8-6ADC-4E79-8533-E2043101CD36}.Debug|ARM.ActiveCfg = Debug|ARM
		{BD1C62C8-6ADC-4E79-8533-E2043101CD36}.Debug|ARM.Build.0 = Debug|ARM
		{BD1C62C8-6ADC-4E79-8533-E2043101CD36}.Debug|ARM.Deploy.0 = Debug|ARM
		{BD1C62C8-6ADC-4E79-8533-E2043101CD36}.Debug|iPhone.ActiveCfg = Debug|x86
		{BD1C62C8-6ADC-4E79-8533-E2043101CD36}.Debug|iPhoneSimulator.ActiveCfg = Debug|x86
		{BD1C62C8-6ADC-4E79-8533-E2043101CD36}.Debug|x64.ActiveCfg = Debug|x64
		{BD1C62C8-6ADC-4E79-8533-E2043101CD36}.Debug|x64.Build.0 = Debug|x64
		{BD1C62C8-6ADC-4E79-8533-E2043101CD36}.Debug|x64.Deploy.0 = Debug|x64
		{BD1C62C8-6ADC-4E79-8533-E2043101CD36}.Debug|x86.ActiveCfg = Debug|x86
		{BD1C62C8-6ADC-4E79-8533-E2043101CD36}.Debug|x86.Build.0 = Debug|x86
		{BD1C62C8-6ADC-4E79-8533-E2043101CD36}.Debug|x86.Deploy.0 = Debug|x86
		{BD1C62C8-6ADC-4E79-8533-E2043101CD36}.Release|Any CPU.ActiveCfg = Release|x86
		{BD1C62C8-6ADC-4E79-8533-E2043101CD36}.Release|ARM.ActiveCfg = Release|ARM
		{BD1C62C8-6ADC-4E79-8533-E2043101CD36}.Release|ARM.Build.0 = Release|ARM
		{BD1C62C8-6ADC-4E79-8533-E2043101CD36}.Release|ARM.Deploy.0 = Release|ARM
		{BD1C62C8-6ADC-4E79-8533-E2043101CD36}.Release|iPhone.ActiveCfg = Release|x86
		{BD1C62C8-6ADC-4E79-8533-E2043101CD36}.Release|iPhoneSimulator.ActiveCfg = Release|x86
		{BD1C62C8-6ADC-4E79-8533-E2043101CD36}.Release|x64.ActiveCfg = Release|x64
		{BD1C62C8-6ADC-4E79-8533-E2043101CD36}.Release|x64.Build.0 = Release|x64
		{BD1C62C8-6ADC-4E79-8533-E2043101CD36}.Release|x64.Deploy.0 = Release|x64
		{BD1C62C8-6ADC-4E79-8533-E2043101CD36}.Release|x86.ActiveCfg = Release|x86
		{BD1C62C8-6ADC-4E79-8533-E2043101CD36}.Release|x86.Build.0 = Release|x86
		{BD1C62C8-6ADC-4E79-8533-E2043101CD36}.Release|x86.Deploy.0 = Release|x86
	EndGlobalSection
	GlobalSection(SolutionProperties) = preSolution
		HideSolutionNode = FALSE
	EndGlobalSection
	GlobalSection(ExtensibilityGlobals) = postSolution
		SolutionGuid = {2E899441-2D45-439C-879A-03F1C0BF7AF0}
	EndGlobalSection
EndGlobal
