
Microsoft Visual Studio Solution File, Format Version 12.00
# Visual Studio Version 16
VisualStudioVersion = 16.0.28803.352
MinimumVisualStudioVersion = 10.0.40219.1
Project("{FAE04EC0-301F-11D3-BF4B-00C04F79EFBC}") = "XF3012", "XF3012\XF3012\XF3012.csproj", "{48BF8743-03BC-4448-BEE9-E170BAE21EC1}"
EndProject
Project("{FAE04EC0-301F-11D3-BF4B-00C04F79EFBC}") = "XF3012.Android", "XF3012\XF3012.Android\XF3012.Android.csproj", "{A349B57C-187E-4656-B9FD-DB4547252DCF}"
EndProject
Project("{FAE04EC0-301F-11D3-BF4B-00C04F79EFBC}") = "XF3012.iOS", "XF3012\XF3012.iOS\XF3012.iOS.csproj", "{8FA6F7CF-13B2-4A02-8F47-9B6B6DD1F320}"
EndProject
Project("{FAE04EC0-301F-11D3-BF4B-00C04F79EFBC}") = "XF3012.UWP", "XF3012\XF3012.UWP\XF3012.UWP.csproj", "{488753A1-BA67-4882-B774-5CAE631A631D}"
EndProject
Global
	GlobalSection(SolutionConfigurationPlatforms) = preSolution
		Ad-Hoc|Any CPU = Ad-Hoc|Any CPU
		Ad-Hoc|ARM = Ad-Hoc|ARM
		Ad-Hoc|iPhone = Ad-Hoc|iPhone
		Ad-Hoc|iPhoneSimulator = Ad-Hoc|iPhoneSimulator
		Ad-Hoc|x64 = Ad-Hoc|x64
		Ad-Hoc|x86 = Ad-Hoc|x86
		AppStore|Any CPU = AppStore|Any CPU
		AppStore|ARM = AppStore|ARM
		AppStore|iPhone = AppStore|iPhone
		AppStore|iPhoneSimulator = AppStore|iPhoneSimulator
		AppStore|x64 = AppStore|x64
		AppStore|x86 = AppStore|x86
		Debug|Any CPU = Debug|Any CPU
		Debug|ARM = Debug|ARM
		Debug|iPhone = Debug|iPhone
		Debug|iPhoneSimulator = Debug|iPhoneSimulator
		Debug|x64 = Debug|x64
		Debug|x86 = Debug|x86
		Release|Any CPU = Release|Any CPU
		Release|ARM = Release|ARM
		Release|iPhone = Release|iPhone
		Release|iPhoneSimulator = Release|iPhoneSimulator
		Release|x64 = Release|x64
		Release|x86 = Release|x86
	EndGlobalSection
	GlobalSection(ProjectConfigurationPlatforms) = postSolution
		{48BF8743-03BC-4448-BEE9-E170BAE21EC1}.Ad-Hoc|Any CPU.ActiveCfg = Debug|Any CPU
		{48BF8743-03BC-4448-BEE9-E170BAE21EC1}.Ad-Hoc|Any CPU.Build.0 = Debug|Any CPU
		{48BF8743-03BC-4448-BEE9-E170BAE21EC1}.Ad-Hoc|ARM.ActiveCfg = Debug|Any CPU
		{48BF8743-03BC-4448-BEE9-E170BAE21EC1}.Ad-Hoc|ARM.Build.0 = Debug|Any CPU
		{48BF8743-03BC-4448-BEE9-E170BAE21EC1}.Ad-Hoc|iPhone.ActiveCfg = Debug|Any CPU
		{48BF8743-03BC-4448-BEE9-E170BAE21EC1}.Ad-Hoc|iPhone.Build.0 = Debug|Any CPU
		{48BF8743-03BC-4448-BEE9-E170BAE21EC1}.Ad-Hoc|iPhoneSimulator.ActiveCfg = Debug|Any CPU
		{48BF8743-03BC-4448-BEE9-E170BAE21EC1}.Ad-Hoc|iPhoneSimulator.Build.0 = Debug|Any CPU
		{48BF8743-03BC-4448-BEE9-E170BAE21EC1}.Ad-Hoc|x64.ActiveCfg = Debug|Any CPU
		{48BF8743-03BC-4448-BEE9-E170BAE21EC1}.Ad-Hoc|x64.Build.0 = Debug|Any CPU
		{48BF8743-03BC-4448-BEE9-E170BAE21EC1}.Ad-Hoc|x86.ActiveCfg = Debug|Any CPU
		{48BF8743-03BC-4448-BEE9-E170BAE21EC1}.Ad-Hoc|x86.Build.0 = Debug|Any CPU
		{48BF8743-03BC-4448-BEE9-E170BAE21EC1}.AppStore|Any CPU.ActiveCfg = Debug|Any CPU
		{48BF8743-03BC-4448-BEE9-E170BAE21EC1}.AppStore|Any CPU.Build.0 = Debug|Any CPU
		{48BF8743-03BC-4448-BEE9-E170BAE21EC1}.AppStore|ARM.ActiveCfg = Debug|Any CPU
		{48BF8743-03BC-4448-BEE9-E170BAE21EC1}.AppStore|ARM.Build.0 = Debug|Any CPU
		{48BF8743-03BC-4448-BEE9-E170BAE21EC1}.AppStore|iPhone.ActiveCfg = Debug|Any CPU
		{48BF8743-03BC-4448-BEE9-E170BAE21EC1}.AppStore|iPhone.Build.0 = Debug|Any CPU
		{48BF8743-03BC-4448-BEE9-E170BAE21EC1}.AppStore|iPhoneSimulator.ActiveCfg = Debug|Any CPU
		{48BF8743-03BC-4448-BEE9-E170BAE21EC1}.AppStore|iPhoneSimulator.Build.0 = Debug|Any CPU
		{48BF8743-03BC-4448-BEE9-E170BAE21EC1}.AppStore|x64.ActiveCfg = Debug|Any CPU
		{48BF8743-03BC-4448-BEE9-E170BAE21EC1}.AppStore|x64.Build.0 = Debug|Any CPU
		{48BF8743-03BC-4448-BEE9-E170BAE21EC1}.AppStore|x86.ActiveCfg = Debug|Any CPU
		{48BF8743-03BC-4448-BEE9-E170BAE21EC1}.AppStore|x86.Build.0 = Debug|Any CPU
		{48BF8743-03BC-4448-BEE9-E170BAE21EC1}.Debug|Any CPU.ActiveCfg = Debug|Any CPU
		{48BF8743-03BC-4448-BEE9-E170BAE21EC1}.Debug|Any CPU.Build.0 = Debug|Any CPU
		{48BF8743-03BC-4448-BEE9-E170BAE21EC1}.Debug|ARM.ActiveCfg = Debug|Any CPU
		{48BF8743-03BC-4448-BEE9-E170BAE21EC1}.Debug|ARM.Build.0 = Debug|Any CPU
		{48BF8743-03BC-4448-BEE9-E170BAE21EC1}.Debug|iPhone.ActiveCfg = Debug|Any CPU
		{48BF8743-03BC-4448-BEE9-E170BAE21EC1}.Debug|iPhone.Build.0 = Debug|Any CPU
		{48BF8743-03BC-4448-BEE9-E170BAE21EC1}.Debug|iPhoneSimulator.ActiveCfg = Debug|Any CPU
		{48BF8743-03BC-4448-BEE9-E170BAE21EC1}.Debug|iPhoneSimulator.Build.0 = Debug|Any CPU
		{48BF8743-03BC-4448-BEE9-E170BAE21EC1}.Debug|x64.ActiveCfg = Debug|Any CPU
		{48BF8743-03BC-4448-BEE9-E170BAE21EC1}.Debug|x64.Build.0 = Debug|Any CPU
		{48BF8743-03BC-4448-BEE9-E170BAE21EC1}.Debug|x86.ActiveCfg = Debug|Any CPU
		{48BF8743-03BC-4448-BEE9-E170BAE21EC1}.Debug|x86.Build.0 = Debug|Any CPU
		{48BF8743-03BC-4448-BEE9-E170BAE21EC1}.Release|Any CPU.ActiveCfg = Release|Any CPU
		{48BF8743-03BC-4448-BEE9-E170BAE21EC1}.Release|Any CPU.Build.0 = Release|Any CPU
		{48BF8743-03BC-4448-BEE9-E170BAE21EC1}.Release|ARM.ActiveCfg = Release|Any CPU
		{48BF8743-03BC-4448-BEE9-E170BAE21EC1}.Release|ARM.Build.0 = Release|Any CPU
		{48BF8743-03BC-4448-BEE9-E170BAE21EC1}.Release|iPhone.ActiveCfg = Release|Any CPU
		{48BF8743-03BC-4448-BEE9-E170BAE21EC1}.Release|iPhone.Build.0 = Release|Any CPU
		{48BF8743-03BC-4448-BEE9-E170BAE21EC1}.Release|iPhoneSimulator.ActiveCfg = Release|Any CPU
		{48BF8743-03BC-4448-BEE9-E170BAE21EC1}.Release|iPhoneSimulator.Build.0 = Release|Any CPU
		{48BF8743-03BC-4448-BEE9-E170BAE21EC1}.Release|x64.ActiveCfg = Release|Any CPU
		{48BF8743-03BC-4448-BEE9-E170BAE21EC1}.Release|x64.Build.0 = Release|Any CPU
		{48BF8743-03BC-4448-BEE9-E170BAE21EC1}.Release|x86.ActiveCfg = Release|Any CPU
		{48BF8743-03BC-4448-BEE9-E170BAE21EC1}.Release|x86.Build.0 = Release|Any CPU
		{A349B57C-187E-4656-B9FD-DB4547252DCF}.Ad-Hoc|Any CPU.ActiveCfg = Release|Any CPU
		{A349B57C-187E-4656-B9FD-DB4547252DCF}.Ad-Hoc|Any CPU.Build.0 = Release|Any CPU
		{A349B57C-187E-4656-B9FD-DB4547252DCF}.Ad-Hoc|Any CPU.Deploy.0 = Release|Any CPU
		{A349B57C-187E-4656-B9FD-DB4547252DCF}.Ad-Hoc|ARM.ActiveCfg = Release|Any CPU
		{A349B57C-187E-4656-B9FD-DB4547252DCF}.Ad-Hoc|ARM.Build.0 = Release|Any CPU
		{A349B57C-187E-4656-B9FD-DB4547252DCF}.Ad-Hoc|ARM.Deploy.0 = Release|Any CPU
		{A349B57C-187E-4656-B9FD-DB4547252DCF}.Ad-Hoc|iPhone.ActiveCfg = Release|Any CPU
		{A349B57C-187E-4656-B9FD-DB4547252DCF}.Ad-Hoc|iPhone.Build.0 = Release|Any CPU
		{A349B57C-187E-4656-B9FD-DB4547252DCF}.Ad-Hoc|iPhone.Deploy.0 = Release|Any CPU
		{A349B57C-187E-4656-B9FD-DB4547252DCF}.Ad-Hoc|iPhoneSimulator.ActiveCfg = Release|Any CPU
		{A349B57C-187E-4656-B9FD-DB4547252DCF}.Ad-Hoc|iPhoneSimulator.Build.0 = Release|Any CPU
		{A349B57C-187E-4656-B9FD-DB4547252DCF}.Ad-Hoc|iPhoneSimulator.Deploy.0 = Release|Any CPU
		{A349B57C-187E-4656-B9FD-DB4547252DCF}.Ad-Hoc|x64.ActiveCfg = Release|Any CPU
		{A349B57C-187E-4656-B9FD-DB4547252DCF}.Ad-Hoc|x64.Build.0 = Release|Any CPU
		{A349B57C-187E-4656-B9FD-DB4547252DCF}.Ad-Hoc|x64.Deploy.0 = Release|Any CPU
		{A349B57C-187E-4656-B9FD-DB4547252DCF}.Ad-Hoc|x86.ActiveCfg = Release|Any CPU
		{A349B57C-187E-4656-B9FD-DB4547252DCF}.Ad-Hoc|x86.Build.0 = Release|Any CPU
		{A349B57C-187E-4656-B9FD-DB4547252DCF}.Ad-Hoc|x86.Deploy.0 = Release|Any CPU
		{A349B57C-187E-4656-B9FD-DB4547252DCF}.AppStore|Any CPU.ActiveCfg = Release|Any CPU
		{A349B57C-187E-4656-B9FD-DB4547252DCF}.AppStore|Any CPU.Build.0 = Release|Any CPU
		{A349B57C-187E-4656-B9FD-DB4547252DCF}.AppStore|Any CPU.Deploy.0 = Release|Any CPU
		{A349B57C-187E-4656-B9FD-DB4547252DCF}.AppStore|ARM.ActiveCfg = Release|Any CPU
		{A349B57C-187E-4656-B9FD-DB4547252DCF}.AppStore|ARM.Build.0 = Release|Any CPU
		{A349B57C-187E-4656-B9FD-DB4547252DCF}.AppStore|ARM.Deploy.0 = Release|Any CPU
		{A349B57C-187E-4656-B9FD-DB4547252DCF}.AppStore|iPhone.ActiveCfg = Release|Any CPU
		{A349B57C-187E-4656-B9FD-DB4547252DCF}.AppStore|iPhone.Build.0 = Release|Any CPU
		{A349B57C-187E-4656-B9FD-DB4547252DCF}.AppStore|iPhone.Deploy.0 = Release|Any CPU
		{A349B57C-187E-4656-B9FD-DB4547252DCF}.AppStore|iPhoneSimulator.ActiveCfg = Release|Any CPU
		{A349B57C-187E-4656-B9FD-DB4547252DCF}.AppStore|iPhoneSimulator.Build.0 = Release|Any CPU
		{A349B57C-187E-4656-B9FD-DB4547252DCF}.AppStore|iPhoneSimulator.Deploy.0 = Release|Any CPU
		{A349B57C-187E-4656-B9FD-DB4547252DCF}.AppStore|x64.ActiveCfg = Release|Any CPU
		{A349B57C-187E-4656-B9FD-DB4547252DCF}.AppStore|x64.Build.0 = Release|Any CPU
		{A349B57C-187E-4656-B9FD-DB4547252DCF}.AppStore|x64.Deploy.0 = Release|Any CPU
		{A349B57C-187E-4656-B9FD-DB4547252DCF}.AppStore|x86.ActiveCfg = Release|Any CPU
		{A349B57C-187E-4656-B9FD-DB4547252DCF}.AppStore|x86.Build.0 = Release|Any CPU
		{A349B57C-187E-4656-B9FD-DB4547252DCF}.AppStore|x86.Deploy.0 = Release|Any CPU
		{A349B57C-187E-4656-B9FD-DB4547252DCF}.Debug|Any CPU.ActiveCfg = Debug|Any CPU
		{A349B57C-187E-4656-B9FD-DB4547252DCF}.Debug|Any CPU.Build.0 = Debug|Any CPU
		{A349B57C-187E-4656-B9FD-DB4547252DCF}.Debug|Any CPU.Deploy.0 = Debug|Any CPU
		{A349B57C-187E-4656-B9FD-DB4547252DCF}.Debug|ARM.ActiveCfg = Debug|Any CPU
		{A349B57C-187E-4656-B9FD-DB4547252DCF}.Debug|ARM.Build.0 = Debug|Any CPU
		{A349B57C-187E-4656-B9FD-DB4547252DCF}.Debug|ARM.Deploy.0 = Debug|Any CPU
		{A349B57C-187E-4656-B9FD-DB4547252DCF}.Debug|iPhone.ActiveCfg = Debug|Any CPU
		{A349B57C-187E-4656-B9FD-DB4547252DCF}.Debug|iPhone.Build.0 = Debug|Any CPU
		{A349B57C-187E-4656-B9FD-DB4547252DCF}.Debug|iPhone.Deploy.0 = Debug|Any CPU
		{A349B57C-187E-4656-B9FD-DB4547252DCF}.Debug|iPhoneSimulator.ActiveCfg = Debug|Any CPU
		{A349B57C-187E-4656-B9FD-DB4547252DCF}.Debug|iPhoneSimulator.Build.0 = Debug|Any CPU
		{A349B57C-187E-4656-B9FD-DB4547252DCF}.Debug|iPhoneSimulator.Deploy.0 = Debug|Any CPU
		{A349B57C-187E-4656-B9FD-DB4547252DCF}.Debug|x64.ActiveCfg = Debug|Any CPU
		{A349B57C-187E-4656-B9FD-DB4547252DCF}.Debug|x64.Build.0 = Debug|Any CPU
		{A349B57C-187E-4656-B9FD-DB4547252DCF}.Debug|x64.Deploy.0 = Debug|Any CPU
		{A349B57C-187E-4656-B9FD-DB4547252DCF}.Debug|x86.ActiveCfg = Debug|Any CPU
		{A349B57C-187E-4656-B9FD-DB4547252DCF}.Debug|x86.Build.0 = Debug|Any CPU
		{A349B57C-187E-4656-B9FD-DB4547252DCF}.Debug|x86.Deploy.0 = Debug|Any CPU
		{A349B57C-187E-4656-B9FD-DB4547252DCF}.Release|Any CPU.ActiveCfg = Release|Any CPU
		{A349B57C-187E-4656-B9FD-DB4547252DCF}.Release|Any CPU.Build.0 = Release|Any CPU
		{A349B57C-187E-4656-B9FD-DB4547252DCF}.Release|Any CPU.Deploy.0 = Release|Any CPU
		{A349B57C-187E-4656-B9FD-DB4547252DCF}.Release|ARM.ActiveCfg = Release|Any CPU
		{A349B57C-187E-4656-B9FD-DB4547252DCF}.Release|ARM.Build.0 = Release|Any CPU
		{A349B57C-187E-4656-B9FD-DB4547252DCF}.Release|ARM.Deploy.0 = Release|Any CPU
		{A349B57C-187E-4656-B9FD-DB4547252DCF}.Release|iPhone.ActiveCfg = Release|Any CPU
		{A349B57C-187E-4656-B9FD-DB4547252DCF}.Release|iPhone.Build.0 = Release|Any CPU
		{A349B57C-187E-4656-B9FD-DB4547252DCF}.Release|iPhone.Deploy.0 = Release|Any CPU
		{A349B57C-187E-4656-B9FD-DB4547252DCF}.Release|iPhoneSimulator.ActiveCfg = Release|Any CPU
		{A349B57C-187E-4656-B9FD-DB4547252DCF}.Release|iPhoneSimulator.Build.0 = Release|Any CPU
		{A349B57C-187E-4656-B9FD-DB4547252DCF}.Release|iPhoneSimulator.Deploy.0 = Release|Any CPU
		{A349B57C-187E-4656-B9FD-DB4547252DCF}.Release|x64.ActiveCfg = Release|Any CPU
		{A349B57C-187E-4656-B9FD-DB4547252DCF}.Release|x64.Build.0 = Release|Any CPU
		{A349B57C-187E-4656-B9FD-DB4547252DCF}.Release|x64.Deploy.0 = Release|Any CPU
		{A349B57C-187E-4656-B9FD-DB4547252DCF}.Release|x86.ActiveCfg = Release|Any CPU
		{A349B57C-187E-4656-B9FD-DB4547252DCF}.Release|x86.Build.0 = Release|Any CPU
		{A349B57C-187E-4656-B9FD-DB4547252DCF}.Release|x86.Deploy.0 = Release|Any CPU
		{8FA6F7CF-13B2-4A02-8F47-9B6B6DD1F320}.Ad-Hoc|Any CPU.ActiveCfg = Ad-Hoc|iPhone
		{8FA6F7CF-13B2-4A02-8F47-9B6B6DD1F320}.Ad-Hoc|ARM.ActiveCfg = Ad-Hoc|iPhone
		{8FA6F7CF-13B2-4A02-8F47-9B6B6DD1F320}.Ad-Hoc|iPhone.ActiveCfg = Ad-Hoc|iPhone
		{8FA6F7CF-13B2-4A02-8F47-9B6B6DD1F320}.Ad-Hoc|iPhone.Build.0 = Ad-Hoc|iPhone
		{8FA6F7CF-13B2-4A02-8F47-9B6B6DD1F320}.Ad-Hoc|iPhoneSimulator.ActiveCfg = Ad-Hoc|iPhoneSimulator
		{8FA6F7CF-13B2-4A02-8F47-9B6B6DD1F320}.Ad-Hoc|iPhoneSimulator.Build.0 = Ad-Hoc|iPhoneSimulator
		{8FA6F7CF-13B2-4A02-8F47-9B6B6DD1F320}.Ad-Hoc|x64.ActiveCfg = Ad-Hoc|iPhone
		{8FA6F7CF-13B2-4A02-8F47-9B6B6DD1F320}.Ad-Hoc|x86.ActiveCfg = Ad-Hoc|iPhone
		{8FA6F7CF-13B2-4A02-8F47-9B6B6DD1F320}.AppStore|Any CPU.ActiveCfg = AppStore|iPhone
		{8FA6F7CF-13B2-4A02-8F47-9B6B6DD1F320}.AppStore|ARM.ActiveCfg = AppStore|iPhone
		{8FA6F7CF-13B2-4A02-8F47-9B6B6DD1F320}.AppStore|iPhone.ActiveCfg = AppStore|iPhone
		{8FA6F7CF-13B2-4A02-8F47-9B6B6DD1F320}.AppStore|iPhone.Build.0 = AppStore|iPhone
		{8FA6F7CF-13B2-4A02-8F47-9B6B6DD1F320}.AppStore|iPhoneSimulator.ActiveCfg = AppStore|iPhoneSimulator
		{8FA6F7CF-13B2-4A02-8F47-9B6B6DD1F320}.AppStore|iPhoneSimulator.Build.0 = AppStore|iPhoneSimulator
		{8FA6F7CF-13B2-4A02-8F47-9B6B6DD1F320}.AppStore|x64.ActiveCfg = AppStore|iPhone
		{8FA6F7CF-13B2-4A02-8F47-9B6B6DD1F320}.AppStore|x86.ActiveCfg = AppStore|iPhone
		{8FA6F7CF-13B2-4A02-8F47-9B6B6DD1F320}.Debug|Any CPU.ActiveCfg = Debug|iPhone
		{8FA6F7CF-13B2-4A02-8F47-9B6B6DD1F320}.Debug|ARM.ActiveCfg = Debug|iPhone
		{8FA6F7CF-13B2-4A02-8F47-9B6B6DD1F320}.Debug|iPhone.ActiveCfg = Debug|iPhone
		{8FA6F7CF-13B2-4A02-8F47-9B6B6DD1F320}.Debug|iPhone.Build.0 = Debug|iPhone
		{8FA6F7CF-13B2-4A02-8F47-9B6B6DD1F320}.Debug|iPhoneSimulator.ActiveCfg = Debug|iPhoneSimulator
		{8FA6F7CF-13B2-4A02-8F47-9B6B6DD1F320}.Debug|iPhoneSimulator.Build.0 = Debug|iPhoneSimulator
		{8FA6F7CF-13B2-4A02-8F47-9B6B6DD1F320}.Debug|x64.ActiveCfg = Debug|iPhone
		{8FA6F7CF-13B2-4A02-8F47-9B6B6DD1F320}.Debug|x86.ActiveCfg = Debug|iPhone
		{8FA6F7CF-13B2-4A02-8F47-9B6B6DD1F320}.Release|Any CPU.ActiveCfg = Release|iPhone
		{8FA6F7CF-13B2-4A02-8F47-9B6B6DD1F320}.Release|ARM.ActiveCfg = Release|iPhone
		{8FA6F7CF-13B2-4A02-8F47-9B6B6DD1F320}.Release|iPhone.ActiveCfg = Release|iPhone
		{8FA6F7CF-13B2-4A02-8F47-9B6B6DD1F320}.Release|iPhone.Build.0 = Release|iPhone
		{8FA6F7CF-13B2-4A02-8F47-9B6B6DD1F320}.Release|iPhoneSimulator.ActiveCfg = Release|iPhoneSimulator
		{8FA6F7CF-13B2-4A02-8F47-9B6B6DD1F320}.Release|iPhoneSimulator.Build.0 = Release|iPhoneSimulator
		{8FA6F7CF-13B2-4A02-8F47-9B6B6DD1F320}.Release|x64.ActiveCfg = Release|iPhone
		{8FA6F7CF-13B2-4A02-8F47-9B6B6DD1F320}.Release|x86.ActiveCfg = Release|iPhone
		{488753A1-BA67-4882-B774-5CAE631A631D}.Ad-Hoc|Any CPU.ActiveCfg = Release|x86
		{488753A1-BA67-4882-B774-5CAE631A631D}.Ad-Hoc|Any CPU.Build.0 = Release|x86
		{488753A1-BA67-4882-B774-5CAE631A631D}.Ad-Hoc|Any CPU.Deploy.0 = Release|x86
		{488753A1-BA67-4882-B774-5CAE631A631D}.Ad-Hoc|ARM.ActiveCfg = Release|ARM
		{488753A1-BA67-4882-B774-5CAE631A631D}.Ad-Hoc|ARM.Build.0 = Release|ARM
		{488753A1-BA67-4882-B774-5CAE631A631D}.Ad-Hoc|ARM.Deploy.0 = Release|ARM
		{488753A1-BA67-4882-B774-5CAE631A631D}.Ad-Hoc|iPhone.ActiveCfg = Release|x86
		{488753A1-BA67-4882-B774-5CAE631A631D}.Ad-Hoc|iPhone.Build.0 = Release|x86
		{488753A1-BA67-4882-B774-5CAE631A631D}.Ad-Hoc|iPhone.Deploy.0 = Release|x86
		{488753A1-BA67-4882-B774-5CAE631A631D}.Ad-Hoc|iPhoneSimulator.ActiveCfg = Release|x86
		{488753A1-BA67-4882-B774-5CAE631A631D}.Ad-Hoc|iPhoneSimulator.Build.0 = Release|x86
		{488753A1-BA67-4882-B774-5CAE631A631D}.Ad-Hoc|iPhoneSimulator.Deploy.0 = Release|x86
		{488753A1-BA67-4882-B774-5CAE631A631D}.Ad-Hoc|x64.ActiveCfg = Release|x64
		{488753A1-BA67-4882-B774-5CAE631A631D}.Ad-Hoc|x64.Build.0 = Release|x64
		{488753A1-BA67-4882-B774-5CAE631A631D}.Ad-Hoc|x64.Deploy.0 = Release|x64
		{488753A1-BA67-4882-B774-5CAE631A631D}.Ad-Hoc|x86.ActiveCfg = Release|x86
		{488753A1-BA67-4882-B774-5CAE631A631D}.Ad-Hoc|x86.Build.0 = Release|x86
		{488753A1-BA67-4882-B774-5CAE631A631D}.Ad-Hoc|x86.Deploy.0 = Release|x86
		{488753A1-BA67-4882-B774-5CAE631A631D}.AppStore|Any CPU.ActiveCfg = Release|x86
		{488753A1-BA67-4882-B774-5CAE631A631D}.AppStore|Any CPU.Build.0 = Release|x86
		{488753A1-BA67-4882-B774-5CAE631A631D}.AppStore|Any CPU.Deploy.0 = Release|x86
		{488753A1-BA67-4882-B774-5CAE631A631D}.AppStore|ARM.ActiveCfg = Release|ARM
		{488753A1-BA67-4882-B774-5CAE631A631D}.AppStore|ARM.Build.0 = Release|ARM
		{488753A1-BA67-4882-B774-5CAE631A631D}.AppStore|ARM.Deploy.0 = Release|ARM
		{488753A1-BA67-4882-B774-5CAE631A631D}.AppStore|iPhone.ActiveCfg = Release|x86
		{488753A1-BA67-4882-B774-5CAE631A631D}.AppStore|iPhone.Build.0 = Release|x86
		{488753A1-BA67-4882-B774-5CAE631A631D}.AppStore|iPhone.Deploy.0 = Release|x86
		{488753A1-BA67-4882-B774-5CAE631A631D}.AppStore|iPhoneSimulator.ActiveCfg = Release|x86
		{488753A1-BA67-4882-B774-5CAE631A631D}.AppStore|iPhoneSimulator.Build.0 = Release|x86
		{488753A1-BA67-4882-B774-5CAE631A631D}.AppStore|iPhoneSimulator.Deploy.0 = Release|x86
		{488753A1-BA67-4882-B774-5CAE631A631D}.AppStore|x64.ActiveCfg = Release|x64
		{488753A1-BA67-4882-B774-5CAE631A631D}.AppStore|x64.Build.0 = Release|x64
		{488753A1-BA67-4882-B774-5CAE631A631D}.AppStore|x64.Deploy.0 = Release|x64
		{488753A1-BA67-4882-B774-5CAE631A631D}.AppStore|x86.ActiveCfg = Release|x86
		{488753A1-BA67-4882-B774-5CAE631A631D}.AppStore|x86.Build.0 = Release|x86
		{488753A1-BA67-4882-B774-5CAE631A631D}.AppStore|x86.Deploy.0 = Release|x86
		{488753A1-BA67-4882-B774-5CAE631A631D}.Debug|Any CPU.ActiveCfg = Debug|x86
		{488753A1-BA67-4882-B774-5CAE631A631D}.Debug|ARM.ActiveCfg = Debug|ARM
		{488753A1-BA67-4882-B774-5CAE631A631D}.Debug|ARM.Build.0 = Debug|ARM
		{488753A1-BA67-4882-B774-5CAE631A631D}.Debug|ARM.Deploy.0 = Debug|ARM
		{488753A1-BA67-4882-B774-5CAE631A631D}.Debug|iPhone.ActiveCfg = Debug|x86
		{488753A1-BA67-4882-B774-5CAE631A631D}.Debug|iPhoneSimulator.ActiveCfg = Debug|x86
		{488753A1-BA67-4882-B774-5CAE631A631D}.Debug|x64.ActiveCfg = Debug|x64
		{488753A1-BA67-4882-B774-5CAE631A631D}.Debug|x64.Build.0 = Debug|x64
		{488753A1-BA67-4882-B774-5CAE631A631D}.Debug|x64.Deploy.0 = Debug|x64
		{488753A1-BA67-4882-B774-5CAE631A631D}.Debug|x86.ActiveCfg = Debug|x86
		{488753A1-BA67-4882-B774-5CAE631A631D}.Debug|x86.Build.0 = Debug|x86
		{488753A1-BA67-4882-B774-5CAE631A631D}.Debug|x86.Deploy.0 = Debug|x86
		{488753A1-BA67-4882-B774-5CAE631A631D}.Release|Any CPU.ActiveCfg = Release|x86
		{488753A1-BA67-4882-B774-5CAE631A631D}.Release|ARM.ActiveCfg = Release|ARM
		{488753A1-BA67-4882-B774-5CAE631A631D}.Release|ARM.Build.0 = Release|ARM
		{488753A1-BA67-4882-B774-5CAE631A631D}.Release|ARM.Deploy.0 = Release|ARM
		{488753A1-BA67-4882-B774-5CAE631A631D}.Release|iPhone.ActiveCfg = Release|x86
		{488753A1-BA67-4882-B774-5CAE631A631D}.Release|iPhoneSimulator.ActiveCfg = Release|x86
		{488753A1-BA67-4882-B774-5CAE631A631D}.Release|x64.ActiveCfg = Release|x64
		{488753A1-BA67-4882-B774-5CAE631A631D}.Release|x64.Build.0 = Release|x64
		{488753A1-BA67-4882-B774-5CAE631A631D}.Release|x64.Deploy.0 = Release|x64
		{488753A1-BA67-4882-B774-5CAE631A631D}.Release|x86.ActiveCfg = Release|x86
		{488753A1-BA67-4882-B774-5CAE631A631D}.Release|x86.Build.0 = Release|x86
		{488753A1-BA67-4882-B774-5CAE631A631D}.Release|x86.Deploy.0 = Release|x86
	EndGlobalSection
	GlobalSection(SolutionProperties) = preSolution
		HideSolutionNode = FALSE
	EndGlobalSection
	GlobalSection(ExtensibilityGlobals) = postSolution
		SolutionGuid = {4EF1E606-BEC7-4817-8427-1A112C1C4813}
	EndGlobalSection
EndGlobal
