
Microsoft Visual Studio Solution File, Format Version 12.00
# Visual Studio Version 16
VisualStudioVersion = 16.0.28803.202
MinimumVisualStudioVersion = 10.0.40219.1
Project("{FAE04EC0-301F-11D3-BF4B-00C04F79EFBC}") = "XF2017.UWP", "XF2017\XF2017.UWP\XF2017.UWP.csproj", "{08219286-8CCA-47AE-9E18-2335255D509A}"
EndProject
Project("{FAE04EC0-301F-11D3-BF4B-00C04F79EFBC}") = "XF2017.Android", "XF2017\XF2017.Android\XF2017.Android.csproj", "{CFE0C447-0421-4177-B7B5-F56373B39693}"
EndProject
Project("{FAE04EC0-301F-11D3-BF4B-00C04F79EFBC}") = "XF2017.iOS", "XF2017\XF2017.iOS\XF2017.iOS.csproj", "{36825E53-527A-4F7F-8383-16008C2C1061}"
EndProject
Project("{FAE04EC0-301F-11D3-BF4B-00C04F79EFBC}") = "XF2017", "XF2017\XF2017\XF2017.csproj", "{BC8C2D18-B270-47C0-9949-AC25E4B86180}"
EndProject
Global
	GlobalSection(SolutionConfigurationPlatforms) = preSolution
		Debug|Any CPU = Debug|Any CPU
		Debug|ARM = Debug|ARM
		Debug|iPhone = Debug|iPhone
		Debug|iPhoneSimulator = Debug|iPhoneSimulator
		Debug|x64 = Debug|x64
		Debug|x86 = Debug|x86
		Release|Any CPU = Release|Any CPU
		Release|ARM = Release|ARM
		Release|iPhone = Release|iPhone
		Release|iPhoneSimulator = Release|iPhoneSimulator
		Release|x64 = Release|x64
		Release|x86 = Release|x86
	EndGlobalSection
	GlobalSection(ProjectConfigurationPlatforms) = postSolution
		{08219286-8CCA-47AE-9E18-2335255D509A}.Debug|Any CPU.ActiveCfg = Debug|x86
		{08219286-8CCA-47AE-9E18-2335255D509A}.Debug|Any CPU.Build.0 = Debug|x86
		{08219286-8CCA-47AE-9E18-2335255D509A}.Debug|Any CPU.Deploy.0 = Debug|x86
		{08219286-8CCA-47AE-9E18-2335255D509A}.Debug|ARM.ActiveCfg = Debug|ARM
		{08219286-8CCA-47AE-9E18-2335255D509A}.Debug|ARM.Build.0 = Debug|ARM
		{08219286-8CCA-47AE-9E18-2335255D509A}.Debug|ARM.Deploy.0 = Debug|ARM
		{08219286-8CCA-47AE-9E18-2335255D509A}.Debug|iPhone.ActiveCfg = Debug|x86
		{08219286-8CCA-47AE-9E18-2335255D509A}.Debug|iPhone.Build.0 = Debug|x86
		{08219286-8CCA-47AE-9E18-2335255D509A}.Debug|iPhone.Deploy.0 = Debug|x86
		{08219286-8CCA-47AE-9E18-2335255D509A}.Debug|iPhoneSimulator.ActiveCfg = Debug|x86
		{08219286-8CCA-47AE-9E18-2335255D509A}.Debug|iPhoneSimulator.Build.0 = Debug|x86
		{08219286-8CCA-47AE-9E18-2335255D509A}.Debug|iPhoneSimulator.Deploy.0 = Debug|x86
		{08219286-8CCA-47AE-9E18-2335255D509A}.Debug|x64.ActiveCfg = Debug|x64
		{08219286-8CCA-47AE-9E18-2335255D509A}.Debug|x64.Build.0 = Debug|x64
		{08219286-8CCA-47AE-9E18-2335255D509A}.Debug|x64.Deploy.0 = Debug|x64
		{08219286-8CCA-47AE-9E18-2335255D509A}.Debug|x86.ActiveCfg = Debug|x86
		{08219286-8CCA-47AE-9E18-2335255D509A}.Debug|x86.Build.0 = Debug|x86
		{08219286-8CCA-47AE-9E18-2335255D509A}.Debug|x86.Deploy.0 = Debug|x86
		{08219286-8CCA-47AE-9E18-2335255D509A}.Release|Any CPU.ActiveCfg = Release|x86
		{08219286-8CCA-47AE-9E18-2335255D509A}.Release|Any CPU.Build.0 = Release|x86
		{08219286-8CCA-47AE-9E18-2335255D509A}.Release|Any CPU.Deploy.0 = Release|x86
		{08219286-8CCA-47AE-9E18-2335255D509A}.Release|ARM.ActiveCfg = Release|ARM
		{08219286-8CCA-47AE-9E18-2335255D509A}.Release|ARM.Build.0 = Release|ARM
		{08219286-8CCA-47AE-9E18-2335255D509A}.Release|ARM.Deploy.0 = Release|ARM
		{08219286-8CCA-47AE-9E18-2335255D509A}.Release|iPhone.ActiveCfg = Release|x86
		{08219286-8CCA-47AE-9E18-2335255D509A}.Release|iPhone.Build.0 = Release|x86
		{08219286-8CCA-47AE-9E18-2335255D509A}.Release|iPhone.Deploy.0 = Release|x86
		{08219286-8CCA-47AE-9E18-2335255D509A}.Release|iPhoneSimulator.ActiveCfg = Release|x86
		{08219286-8CCA-47AE-9E18-2335255D509A}.Release|iPhoneSimulator.Build.0 = Release|x86
		{08219286-8CCA-47AE-9E18-2335255D509A}.Release|iPhoneSimulator.Deploy.0 = Release|x86
		{08219286-8CCA-47AE-9E18-2335255D509A}.Release|x64.ActiveCfg = Release|x64
		{08219286-8CCA-47AE-9E18-2335255D509A}.Release|x64.Build.0 = Release|x64
		{08219286-8CCA-47AE-9E18-2335255D509A}.Release|x64.Deploy.0 = Release|x64
		{08219286-8CCA-47AE-9E18-2335255D509A}.Release|x86.ActiveCfg = Release|x86
		{08219286-8CCA-47AE-9E18-2335255D509A}.Release|x86.Build.0 = Release|x86
		{08219286-8CCA-47AE-9E18-2335255D509A}.Release|x86.Deploy.0 = Release|x86
		{CFE0C447-0421-4177-B7B5-F56373B39693}.Debug|Any CPU.ActiveCfg = Debug|Any CPU
		{CFE0C447-0421-4177-B7B5-F56373B39693}.Debug|Any CPU.Build.0 = Debug|Any CPU
		{CFE0C447-0421-4177-B7B5-F56373B39693}.Debug|Any CPU.Deploy.0 = Debug|Any CPU
		{CFE0C447-0421-4177-B7B5-F56373B39693}.Debug|ARM.ActiveCfg = Debug|Any CPU
		{CFE0C447-0421-4177-B7B5-F56373B39693}.Debug|ARM.Build.0 = Debug|Any CPU
		{CFE0C447-0421-4177-B7B5-F56373B39693}.Debug|ARM.Deploy.0 = Debug|Any CPU
		{CFE0C447-0421-4177-B7B5-F56373B39693}.Debug|iPhone.ActiveCfg = Debug|Any CPU
		{CFE0C447-0421-4177-B7B5-F56373B39693}.Debug|iPhone.Build.0 = Debug|Any CPU
		{CFE0C447-0421-4177-B7B5-F56373B39693}.Debug|iPhone.Deploy.0 = Debug|Any CPU
		{CFE0C447-0421-4177-B7B5-F56373B39693}.Debug|iPhoneSimulator.ActiveCfg = Debug|Any CPU
		{CFE0C447-0421-4177-B7B5-F56373B39693}.Debug|iPhoneSimulator.Build.0 = Debug|Any CPU
		{CFE0C447-0421-4177-B7B5-F56373B39693}.Debug|iPhoneSimulator.Deploy.0 = Debug|Any CPU
		{CFE0C447-0421-4177-B7B5-F56373B39693}.Debug|x64.ActiveCfg = Debug|Any CPU
		{CFE0C447-0421-4177-B7B5-F56373B39693}.Debug|x64.Build.0 = Debug|Any CPU
		{CFE0C447-0421-4177-B7B5-F56373B39693}.Debug|x64.Deploy.0 = Debug|Any CPU
		{CFE0C447-0421-4177-B7B5-F56373B39693}.Debug|x86.ActiveCfg = Debug|Any CPU
		{CFE0C447-0421-4177-B7B5-F56373B39693}.Debug|x86.Build.0 = Debug|Any CPU
		{CFE0C447-0421-4177-B7B5-F56373B39693}.Debug|x86.Deploy.0 = Debug|Any CPU
		{CFE0C447-0421-4177-B7B5-F56373B39693}.Release|Any CPU.ActiveCfg = Release|Any CPU
		{CFE0C447-0421-4177-B7B5-F56373B39693}.Release|Any CPU.Build.0 = Release|Any CPU
		{CFE0C447-0421-4177-B7B5-F56373B39693}.Release|Any CPU.Deploy.0 = Release|Any CPU
		{CFE0C447-0421-4177-B7B5-F56373B39693}.Release|ARM.ActiveCfg = Release|Any CPU
		{CFE0C447-0421-4177-B7B5-F56373B39693}.Release|ARM.Build.0 = Release|Any CPU
		{CFE0C447-0421-4177-B7B5-F56373B39693}.Release|ARM.Deploy.0 = Release|Any CPU
		{CFE0C447-0421-4177-B7B5-F56373B39693}.Release|iPhone.ActiveCfg = Release|Any CPU
		{CFE0C447-0421-4177-B7B5-F56373B39693}.Release|iPhone.Build.0 = Release|Any CPU
		{CFE0C447-0421-4177-B7B5-F56373B39693}.Release|iPhone.Deploy.0 = Release|Any CPU
		{CFE0C447-0421-4177-B7B5-F56373B39693}.Release|iPhoneSimulator.ActiveCfg = Release|Any CPU
		{CFE0C447-0421-4177-B7B5-F56373B39693}.Release|iPhoneSimulator.Build.0 = Release|Any CPU
		{CFE0C447-0421-4177-B7B5-F56373B39693}.Release|iPhoneSimulator.Deploy.0 = Release|Any CPU
		{CFE0C447-0421-4177-B7B5-F56373B39693}.Release|x64.ActiveCfg = Release|Any CPU
		{CFE0C447-0421-4177-B7B5-F56373B39693}.Release|x64.Build.0 = Release|Any CPU
		{CFE0C447-0421-4177-B7B5-F56373B39693}.Release|x64.Deploy.0 = Release|Any CPU
		{CFE0C447-0421-4177-B7B5-F56373B39693}.Release|x86.ActiveCfg = Release|Any CPU
		{CFE0C447-0421-4177-B7B5-F56373B39693}.Release|x86.Build.0 = Release|Any CPU
		{CFE0C447-0421-4177-B7B5-F56373B39693}.Release|x86.Deploy.0 = Release|Any CPU
		{36825E53-527A-4F7F-8383-16008C2C1061}.Debug|Any CPU.ActiveCfg = Debug|iPhone
		{36825E53-527A-4F7F-8383-16008C2C1061}.Debug|Any CPU.Build.0 = Debug|iPhone
		{36825E53-527A-4F7F-8383-16008C2C1061}.Debug|Any CPU.Deploy.0 = Debug|iPhone
		{36825E53-527A-4F7F-8383-16008C2C1061}.Debug|ARM.ActiveCfg = Debug|iPhoneSimulator
		{36825E53-527A-4F7F-8383-16008C2C1061}.Debug|ARM.Build.0 = Debug|iPhoneSimulator
		{36825E53-527A-4F7F-8383-16008C2C1061}.Debug|ARM.Deploy.0 = Debug|iPhoneSimulator
		{36825E53-527A-4F7F-8383-16008C2C1061}.Debug|iPhone.ActiveCfg = Debug|iPhone
		{36825E53-527A-4F7F-8383-16008C2C1061}.Debug|iPhone.Build.0 = Debug|iPhone
		{36825E53-527A-4F7F-8383-16008C2C1061}.Debug|iPhone.Deploy.0 = Debug|iPhone
		{36825E53-527A-4F7F-8383-16008C2C1061}.Debug|iPhoneSimulator.ActiveCfg = Debug|iPhoneSimulator
		{36825E53-527A-4F7F-8383-16008C2C1061}.Debug|iPhoneSimulator.Build.0 = Debug|iPhoneSimulator
		{36825E53-527A-4F7F-8383-16008C2C1061}.Debug|iPhoneSimulator.Deploy.0 = Debug|iPhoneSimulator
		{36825E53-527A-4F7F-8383-16008C2C1061}.Debug|x64.ActiveCfg = Debug|iPhone
		{36825E53-527A-4F7F-8383-16008C2C1061}.Debug|x64.Build.0 = Debug|iPhone
		{36825E53-527A-4F7F-8383-16008C2C1061}.Debug|x64.Deploy.0 = Debug|iPhone
		{36825E53-527A-4F7F-8383-16008C2C1061}.Debug|x86.ActiveCfg = Debug|iPhone
		{36825E53-527A-4F7F-8383-16008C2C1061}.Debug|x86.Build.0 = Debug|iPhone
		{36825E53-527A-4F7F-8383-16008C2C1061}.Debug|x86.Deploy.0 = Debug|iPhone
		{36825E53-527A-4F7F-8383-16008C2C1061}.Release|Any CPU.ActiveCfg = Release|iPhone
		{36825E53-527A-4F7F-8383-16008C2C1061}.Release|Any CPU.Build.0 = Release|iPhone
		{36825E53-527A-4F7F-8383-16008C2C1061}.Release|Any CPU.Deploy.0 = Release|iPhone
		{36825E53-527A-4F7F-8383-16008C2C1061}.Release|ARM.ActiveCfg = Release|iPhone
		{36825E53-527A-4F7F-8383-16008C2C1061}.Release|ARM.Build.0 = Release|iPhone
		{36825E53-527A-4F7F-8383-16008C2C1061}.Release|ARM.Deploy.0 = Release|iPhone
		{36825E53-527A-4F7F-8383-16008C2C1061}.Release|iPhone.ActiveCfg = Release|iPhone
		{36825E53-527A-4F7F-8383-16008C2C1061}.Release|iPhone.Build.0 = Release|iPhone
		{36825E53-527A-4F7F-8383-16008C2C1061}.Release|iPhone.Deploy.0 = Release|iPhone
		{36825E53-527A-4F7F-8383-16008C2C1061}.Release|iPhoneSimulator.ActiveCfg = Release|iPhoneSimulator
		{36825E53-527A-4F7F-8383-16008C2C1061}.Release|iPhoneSimulator.Build.0 = Release|iPhoneSimulator
		{36825E53-527A-4F7F-8383-16008C2C1061}.Release|iPhoneSimulator.Deploy.0 = Release|iPhoneSimulator
		{36825E53-527A-4F7F-8383-16008C2C1061}.Release|x64.ActiveCfg = Release|iPhone
		{36825E53-527A-4F7F-8383-16008C2C1061}.Release|x64.Build.0 = Release|iPhone
		{36825E53-527A-4F7F-8383-16008C2C1061}.Release|x64.Deploy.0 = Release|iPhone
		{36825E53-527A-4F7F-8383-16008C2C1061}.Release|x86.ActiveCfg = Release|iPhone
		{36825E53-527A-4F7F-8383-16008C2C1061}.Release|x86.Build.0 = Release|iPhone
		{36825E53-527A-4F7F-8383-16008C2C1061}.Release|x86.Deploy.0 = Release|iPhone
		{BC8C2D18-B270-47C0-9949-AC25E4B86180}.Debug|Any CPU.ActiveCfg = Debug|Any CPU
		{BC8C2D18-B270-47C0-9949-AC25E4B86180}.Debug|Any CPU.Build.0 = Debug|Any CPU
		{BC8C2D18-B270-47C0-9949-AC25E4B86180}.Debug|Any CPU.Deploy.0 = Debug|Any CPU
		{BC8C2D18-B270-47C0-9949-AC25E4B86180}.Debug|ARM.ActiveCfg = Debug|Any CPU
		{BC8C2D18-B270-47C0-9949-AC25E4B86180}.Debug|ARM.Build.0 = Debug|Any CPU
		{BC8C2D18-B270-47C0-9949-AC25E4B86180}.Debug|ARM.Deploy.0 = Debug|Any CPU
		{BC8C2D18-B270-47C0-9949-AC25E4B86180}.Debug|iPhone.ActiveCfg = Debug|Any CPU
		{BC8C2D18-B270-47C0-9949-AC25E4B86180}.Debug|iPhone.Build.0 = Debug|Any CPU
		{BC8C2D18-B270-47C0-9949-AC25E4B86180}.Debug|iPhone.Deploy.0 = Debug|Any CPU
		{BC8C2D18-B270-47C0-9949-AC25E4B86180}.Debug|iPhoneSimulator.ActiveCfg = Debug|Any CPU
		{BC8C2D18-B270-47C0-9949-AC25E4B86180}.Debug|iPhoneSimulator.Build.0 = Debug|Any CPU
		{BC8C2D18-B270-47C0-9949-AC25E4B86180}.Debug|iPhoneSimulator.Deploy.0 = Debug|Any CPU
		{BC8C2D18-B270-47C0-9949-AC25E4B86180}.Debug|x64.ActiveCfg = Debug|Any CPU
		{BC8C2D18-B270-47C0-9949-AC25E4B86180}.Debug|x64.Build.0 = Debug|Any CPU
		{BC8C2D18-B270-47C0-9949-AC25E4B86180}.Debug|x64.Deploy.0 = Debug|Any CPU
		{BC8C2D18-B270-47C0-9949-AC25E4B86180}.Debug|x86.ActiveCfg = Debug|Any CPU
		{BC8C2D18-B270-47C0-9949-AC25E4B86180}.Debug|x86.Build.0 = Debug|Any CPU
		{BC8C2D18-B270-47C0-9949-AC25E4B86180}.Debug|x86.Deploy.0 = Debug|Any CPU
		{BC8C2D18-B270-47C0-9949-AC25E4B86180}.Release|Any CPU.ActiveCfg = Release|Any CPU
		{BC8C2D18-B270-47C0-9949-AC25E4B86180}.Release|Any CPU.Build.0 = Release|Any CPU
		{BC8C2D18-B270-47C0-9949-AC25E4B86180}.Release|Any CPU.Deploy.0 = Release|Any CPU
		{BC8C2D18-B270-47C0-9949-AC25E4B86180}.Release|ARM.ActiveCfg = Release|Any CPU
		{BC8C2D18-B270-47C0-9949-AC25E4B86180}.Release|ARM.Build.0 = Release|Any CPU
		{BC8C2D18-B270-47C0-9949-AC25E4B86180}.Release|ARM.Deploy.0 = Release|Any CPU
		{BC8C2D18-B270-47C0-9949-AC25E4B86180}.Release|iPhone.ActiveCfg = Release|Any CPU
		{BC8C2D18-B270-47C0-9949-AC25E4B86180}.Release|iPhone.Build.0 = Release|Any CPU
		{BC8C2D18-B270-47C0-9949-AC25E4B86180}.Release|iPhone.Deploy.0 = Release|Any CPU
		{BC8C2D18-B270-47C0-9949-AC25E4B86180}.Release|iPhoneSimulator.ActiveCfg = Release|Any CPU
		{BC8C2D18-B270-47C0-9949-AC25E4B86180}.Release|iPhoneSimulator.Build.0 = Release|Any CPU
		{BC8C2D18-B270-47C0-9949-AC25E4B86180}.Release|iPhoneSimulator.Deploy.0 = Release|Any CPU
		{BC8C2D18-B270-47C0-9949-AC25E4B86180}.Release|x64.ActiveCfg = Release|Any CPU
		{BC8C2D18-B270-47C0-9949-AC25E4B86180}.Release|x64.Build.0 = Release|Any CPU
		{BC8C2D18-B270-47C0-9949-AC25E4B86180}.Release|x64.Deploy.0 = Release|Any CPU
		{BC8C2D18-B270-47C0-9949-AC25E4B86180}.Release|x86.ActiveCfg = Release|Any CPU
		{BC8C2D18-B270-47C0-9949-AC25E4B86180}.Release|x86.Build.0 = Release|Any CPU
		{BC8C2D18-B270-47C0-9949-AC25E4B86180}.Release|x86.Deploy.0 = Release|Any CPU
	EndGlobalSection
	GlobalSection(SolutionProperties) = preSolution
		HideSolutionNode = FALSE
	EndGlobalSection
	GlobalSection(ExtensibilityGlobals) = postSolution
		SolutionGuid = {B80CE45A-9DAD-40B2-9F23-3217769C4D07}
	EndGlobalSection
EndGlobal
